
Microsoft Visual Studio Solution File, Format Version 12.00
# Visual Studio Version 17
VisualStudioVersion = 17.5.33530.505
MinimumVisualStudioVersion = 10.0.40219.1
Project("{8BC9CEB8-8B4A-11D0-8D11-00A0C91BC942}") = "TASK01", "TASK01\TASK01.vcxproj", "{FF716CC4-928D-47EB-A7EF-241F0CC13D55}"
EndProject
Project("{8BC9CEB8-8B4A-11D0-8D11-00A0C91BC942}") = "TASK02", "TASK02\TASK02.vcxproj", "{A381E819-B765-42A2-93EC-DA3E78D25D10}"
EndProject
Project("{8BC9CEB8-8B4A-11D0-8D11-00A0C91BC942}") = "TASK03", "TASK03\TASK03.vcxproj", "{FACB9A9C-835D-435B-BFD7-D843B0C733A0}"
EndProject
Project("{8BC9CEB8-8B4A-11D0-8D11-00A0C91BC942}") = "TASK04", "TASK04\TASK04.vcxproj", "{B7C1E53E-5F69-4628-9766-D64F1B09ABF8}"
EndProject
Project("{8BC9CEB8-8B4A-11D0-8D11-00A0C91BC942}") = "TASK05", "TASK05\TASK05.vcxproj", "{85873334-F8CE-4F5F-B671-A46756BFE7EF}"
EndProject
Project("{8BC9CEB8-8B4A-11D0-8D11-00A0C91BC942}") = "TASK06", "TASK06\TASK06.vcxproj", "{EBBD2CA2-01D4-47CB-8D44-E2C5ADAA624D}"
EndProject
Project("{8BC9CEB8-8B4A-11D0-8D11-00A0C91BC942}") = "TASK07", "TASK07\TASK07.vcxproj", "{95D8B034-DCD6-43CD-9DD3-5332418E51E4}"
EndProject
Project("{8BC9CEB8-8B4A-11D0-8D11-00A0C91BC942}") = "TASK08", "TASK08\TASK08.vcxproj", "{87F7834C-4056-4B04-9BAD-E5BF06BD3B98}"
EndProject
Project("{8BC9CEB8-8B4A-11D0-8D11-00A0C91BC942}") = "TASK09", "TASK09\TASK09.vcxproj", "{1DFC5AFF-E508-4077-AFC2-73F1299129CA}"
EndProject
Project("{8BC9CEB8-8B4A-11D0-8D11-00A0C91BC942}") = "TASK10", "TASK10\TASK10.vcxproj", "{6D57016B-13A4-4124-811F-6F933C1F57CF}"
EndProject
Project("{8BC9CEB8-8B4A-11D0-8D11-00A0C91BC942}") = "TASK11", "TASK11\TASK11.vcxproj", "{88F327E9-5201-42D5-9D1B-D9B53D755A8F}"
EndProject
Project("{8BC9CEB8-8B4A-11D0-8D11-00A0C91BC942}") = "TASK12", "TASK12\TASK12.vcxproj", "{BE934408-A2A9-43E1-92F8-110A65879C70}"
EndProject
Project("{8BC9CEB8-8B4A-11D0-8D11-00A0C91BC942}") = "TASK13", "TASK13\TASK13.vcxproj", "{00AAB2BF-D238-4102-B469-50EE11098D88}"
EndProject
Project("{8BC9CEB8-8B4A-11D0-8D11-00A0C91BC942}") = "TASK14", "TASK14\TASK14.vcxproj", "{9A92D9A3-5F67-4C77-8B31-992FC6B67B86}"
EndProject
Project("{8BC9CEB8-8B4A-11D0-8D11-00A0C91BC942}") = "TASK15", "TASK15\TASK15.vcxproj", "{222A68BE-FC8B-4F30-813C-21D4FBD015C0}"
EndProject
Project("{8BC9CEB8-8B4A-11D0-8D11-00A0C91BC942}") = "TASK16", "TASK16\TASK16.vcxproj", "{BAE90480-1B5B-48E3-BBA9-C45379E3F5F1}"
EndProject
Project("{8BC9CEB8-8B4A-11D0-8D11-00A0C91BC942}") = "TASK17", "TASK17\TASK17.vcxproj", "{214B394A-8A87-4B8E-8700-4F362C9F8CB2}"
EndProject
Project("{8BC9CEB8-8B4A-11D0-8D11-00A0C91BC942}") = "TASK18", "TASK18\TASK18.vcxproj", "{F97BCF42-7728-43E1-AB23-EFEABE2DA733}"
EndProject
Project("{8BC9CEB8-8B4A-11D0-8D11-00A0C91BC942}") = "TASK19", "TASK19\TASK19.vcxproj", "{D892592B-3FF3-4334-AC9A-01CA4C6F0BC8}"
EndProject
Project("{8BC9CEB8-8B4A-11D0-8D11-00A0C91BC942}") = "TASK20", "TASK20\TASK20.vcxproj", "{12E4E167-3329-4D23-8E35-17B387F2207C}"
EndProject
Global
	GlobalSection(SolutionConfigurationPlatforms) = preSolution
		Debug|x64 = Debug|x64
		Debug|x86 = Debug|x86
		Release|x64 = Release|x64
		Release|x86 = Release|x86
	EndGlobalSection
	GlobalSection(ProjectConfigurationPlatforms) = postSolution
		{FF716CC4-928D-47EB-A7EF-241F0CC13D55}.Debug|x64.ActiveCfg = Debug|x64
		{FF716CC4-928D-47EB-A7EF-241F0CC13D55}.Debug|x64.Build.0 = Debug|x64
		{FF716CC4-928D-47EB-A7EF-241F0CC13D55}.Debug|x86.ActiveCfg = Debug|Win32
		{FF716CC4-928D-47EB-A7EF-241F0CC13D55}.Debug|x86.Build.0 = Debug|Win32
		{FF716CC4-928D-47EB-A7EF-241F0CC13D55}.Release|x64.ActiveCfg = Release|x64
		{FF716CC4-928D-47EB-A7EF-241F0CC13D55}.Release|x64.Build.0 = Release|x64
		{FF716CC4-928D-47EB-A7EF-241F0CC13D55}.Release|x86.ActiveCfg = Release|Win32
		{FF716CC4-928D-47EB-A7EF-241F0CC13D55}.Release|x86.Build.0 = Release|Win32
		{A381E819-B765-42A2-93EC-DA3E78D25D10}.Debug|x64.ActiveCfg = Debug|x64
		{A381E819-B765-42A2-93EC-DA3E78D25D10}.Debug|x64.Build.0 = Debug|x64
		{A381E819-B765-42A2-93EC-DA3E78D25D10}.Debug|x86.ActiveCfg = Debug|Win32
		{A381E819-B765-42A2-93EC-DA3E78D25D10}.Debug|x86.Build.0 = Debug|Win32
		{A381E819-B765-42A2-93EC-DA3E78D25D10}.Release|x64.ActiveCfg = Release|x64
		{A381E819-B765-42A2-93EC-DA3E78D25D10}.Release|x64.Build.0 = Release|x64
		{A381E819-B765-42A2-93EC-DA3E78D25D10}.Release|x86.ActiveCfg = Release|Win32
		{A381E819-B765-42A2-93EC-DA3E78D25D10}.Release|x86.Build.0 = Release|Win32
		{FACB9A9C-835D-435B-BFD7-D843B0C733A0}.Debug|x64.ActiveCfg = Debug|x64
		{FACB9A9C-835D-435B-BFD7-D843B0C733A0}.Debug|x64.Build.0 = Debug|x64
		{FACB9A9C-835D-435B-BFD7-D843B0C733A0}.Debug|x86.ActiveCfg = Debug|Win32
		{FACB9A9C-835D-435B-BFD7-D843B0C733A0}.Debug|x86.Build.0 = Debug|Win32
		{FACB9A9C-835D-435B-BFD7-D843B0C733A0}.Release|x64.ActiveCfg = Release|x64
		{FACB9A9C-835D-435B-BFD7-D843B0C733A0}.Release|x64.Build.0 = Release|x64
		{FACB9A9C-835D-435B-BFD7-D843B0C733A0}.Release|x86.ActiveCfg = Release|Win32
		{FACB9A9C-835D-435B-BFD7-D843B0C733A0}.Release|x86.Build.0 = Release|Win32
		{B7C1E53E-5F69-4628-9766-D64F1B09ABF8}.Debug|x64.ActiveCfg = Debug|x64
		{B7C1E53E-5F69-4628-9766-D64F1B09ABF8}.Debug|x64.Build.0 = Debug|x64
		{B7C1E53E-5F69-4628-9766-D64F1B09ABF8}.Debug|x86.ActiveCfg = Debug|Win32
		{B7C1E53E-5F69-4628-9766-D64F1B09ABF8}.Debug|x86.Build.0 = Debug|Win32
		{B7C1E53E-5F69-4628-9766-D64F1B09ABF8}.Release|x64.ActiveCfg = Release|x64
		{B7C1E53E-5F69-4628-9766-D64F1B09ABF8}.Release|x64.Build.0 = Release|x64
		{B7C1E53E-5F69-4628-9766-D64F1B09ABF8}.Release|x86.ActiveCfg = Release|Win32
		{B7C1E53E-5F69-4628-9766-D64F1B09ABF8}.Release|x86.Build.0 = Release|Win32
		{85873334-F8CE-4F5F-B671-A46756BFE7EF}.Debug|x64.ActiveCfg = Debug|x64
		{85873334-F8CE-4F5F-B671-A46756BFE7EF}.Debug|x64.Build.0 = Debug|x64
		{85873334-F8CE-4F5F-B671-A46756BFE7EF}.Debug|x86.ActiveCfg = Debug|Win32
		{85873334-F8CE-4F5F-B671-A46756BFE7EF}.Debug|x86.Build.0 = Debug|Win32
		{85873334-F8CE-4F5F-B671-A46756BFE7EF}.Release|x64.ActiveCfg = Release|x64
		{85873334-F8CE-4F5F-B671-A46756BFE7EF}.Release|x64.Build.0 = Release|x64
		{85873334-F8CE-4F5F-B671-A46756BFE7EF}.Release|x86.ActiveCfg = Release|Win32
		{85873334-F8CE-4F5F-B671-A46756BFE7EF}.Release|x86.Build.0 = Release|Win32
		{EBBD2CA2-01D4-47CB-8D44-E2C5ADAA624D}.Debug|x64.ActiveCfg = Debug|x64
		{EBBD2CA2-01D4-47CB-8D44-E2C5ADAA624D}.Debug|x64.Build.0 = Debug|x64
		{EBBD2CA2-01D4-47CB-8D44-E2C5ADAA624D}.Debug|x86.ActiveCfg = Debug|Win32
		{EBBD2CA2-01D4-47CB-8D44-E2C5ADAA624D}.Debug|x86.Build.0 = Debug|Win32
		{EBBD2CA2-01D4-47CB-8D44-E2C5ADAA624D}.Release|x64.ActiveCfg = Release|x64
		{EBBD2CA2-01D4-47CB-8D44-E2C5ADAA624D}.Release|x64.Build.0 = Release|x64
		{EBBD2CA2-01D4-47CB-8D44-E2C5ADAA624D}.Release|x86.ActiveCfg = Release|Win32
		{EBBD2CA2-01D4-47CB-8D44-E2C5ADAA624D}.Release|x86.Build.0 = Release|Win32
		{95D8B034-DCD6-43CD-9DD3-5332418E51E4}.Debug|x64.ActiveCfg = Debug|x64
		{95D8B034-DCD6-43CD-9DD3-5332418E51E4}.Debug|x64.Build.0 = Debug|x64
		{95D8B034-DCD6-43CD-9DD3-5332418E51E4}.Debug|x86.ActiveCfg = Debug|Win32
		{95D8B034-DCD6-43CD-9DD3-5332418E51E4}.Debug|x86.Build.0 = Debug|Win32
		{95D8B034-DCD6-43CD-9DD3-5332418E51E4}.Release|x64.ActiveCfg = Release|x64
		{95D8B034-DCD6-43CD-9DD3-5332418E51E4}.Release|x64.Build.0 = Release|x64
		{95D8B034-DCD6-43CD-9DD3-5332418E51E4}.Release|x86.ActiveCfg = Release|Win32
		{95D8B034-DCD6-43CD-9DD3-5332418E51E4}.Release|x86.Build.0 = Release|Win32
		{87F7834C-4056-4B04-9BAD-E5BF06BD3B98}.Debug|x64.ActiveCfg = Debug|x64
		{87F7834C-4056-4B04-9BAD-E5BF06BD3B98}.Debug|x64.Build.0 = Debug|x64
		{87F7834C-4056-4B04-9BAD-E5BF06BD3B98}.Debug|x86.ActiveCfg = Debug|Win32
		{87F7834C-4056-4B04-9BAD-E5BF06BD3B98}.Debug|x86.Build.0 = Debug|Win32
		{87F7834C-4056-4B04-9BAD-E5BF06BD3B98}.Release|x64.ActiveCfg = Release|x64
		{87F7834C-4056-4B04-9BAD-E5BF06BD3B98}.Release|x64.Build.0 = Release|x64
		{87F7834C-4056-4B04-9BAD-E5BF06BD3B98}.Release|x86.ActiveCfg = Release|Win32
		{87F7834C-4056-4B04-9BAD-E5BF06BD3B98}.Release|x86.Build.0 = Release|Win32
		{1DFC5AFF-E508-4077-AFC2-73F1299129CA}.Debug|x64.ActiveCfg = Debug|x64
		{1DFC5AFF-E508-4077-AFC2-73F1299129CA}.Debug|x64.Build.0 = Debug|x64
		{1DFC5AFF-E508-4077-AFC2-73F1299129CA}.Debug|x86.ActiveCfg = Debug|Win32
		{1DFC5AFF-E508-4077-AFC2-73F1299129CA}.Debug|x86.Build.0 = Debug|Win32
		{1DFC5AFF-E508-4077-AFC2-73F1299129CA}.Release|x64.ActiveCfg = Release|x64
		{1DFC5AFF-E508-4077-AFC2-73F1299129CA}.Release|x64.Build.0 = Release|x64
		{1DFC5AFF-E508-4077-AFC2-73F1299129CA}.Release|x86.ActiveCfg = Release|Win32
		{1DFC5AFF-E508-4077-AFC2-73F1299129CA}.Release|x86.Build.0 = Release|Win32
		{6D57016B-13A4-4124-811F-6F933C1F57CF}.Debug|x64.ActiveCfg = Debug|x64
		{6D57016B-13A4-4124-811F-6F933C1F57CF}.Debug|x64.Build.0 = Debug|x64
		{6D57016B-13A4-4124-811F-6F933C1F57CF}.Debug|x86.ActiveCfg = Debug|Win32
		{6D57016B-13A4-4124-811F-6F933C1F57CF}.Debug|x86.Build.0 = Debug|Win32
		{6D57016B-13A4-4124-811F-6F933C1F57CF}.Release|x64.ActiveCfg = Release|x64
		{6D57016B-13A4-4124-811F-6F933C1F57CF}.Release|x64.Build.0 = Release|x64
		{6D57016B-13A4-4124-811F-6F933C1F57CF}.Release|x86.ActiveCfg = Release|Win32
		{6D57016B-13A4-4124-811F-6F933C1F57CF}.Release|x86.Build.0 = Release|Win32
		{88F327E9-5201-42D5-9D1B-D9B53D755A8F}.Debug|x64.ActiveCfg = Debug|x64
		{88F327E9-5201-42D5-9D1B-D9B53D755A8F}.Debug|x64.Build.0 = Debug|x64
		{88F327E9-5201-42D5-9D1B-D9B53D755A8F}.Debug|x86.ActiveCfg = Debug|Win32
		{88F327E9-5201-42D5-9D1B-D9B53D755A8F}.Debug|x86.Build.0 = Debug|Win32
		{88F327E9-5201-42D5-9D1B-D9B53D755A8F}.Release|x64.ActiveCfg = Release|x64
		{88F327E9-5201-42D5-9D1B-D9B53D755A8F}.Release|x64.Build.0 = Release|x64
		{88F327E9-5201-42D5-9D1B-D9B53D755A8F}.Release|x86.ActiveCfg = Release|Win32
		{88F327E9-5201-42D5-9D1B-D9B53D755A8F}.Release|x86.Build.0 = Release|Win32
		{BE934408-A2A9-43E1-92F8-110A65879C70}.Debug|x64.ActiveCfg = Debug|x64
		{BE934408-A2A9-43E1-92F8-110A65879C70}.Debug|x64.Build.0 = Debug|x64
		{BE934408-A2A9-43E1-92F8-110A65879C70}.Debug|x86.ActiveCfg = Debug|Win32
		{BE934408-A2A9-43E1-92F8-110A65879C70}.Debug|x86.Build.0 = Debug|Win32
		{BE934408-A2A9-43E1-92F8-110A65879C70}.Release|x64.ActiveCfg = Release|x64
		{BE934408-A2A9-43E1-92F8-110A65879C70}.Release|x64.Build.0 = Release|x64
		{BE934408-A2A9-43E1-92F8-110A65879C70}.Release|x86.ActiveCfg = Release|Win32
		{BE934408-A2A9-43E1-92F8-110A65879C70}.Release|x86.Build.0 = Release|Win32
		{00AAB2BF-D238-4102-B469-50EE11098D88}.Debug|x64.ActiveCfg = Debug|x64
		{00AAB2BF-D238-4102-B469-50EE11098D88}.Debug|x64.Build.0 = Debug|x64
		{00AAB2BF-D238-4102-B469-50EE11098D88}.Debug|x86.ActiveCfg = Debug|Win32
		{00AAB2BF-D238-4102-B469-50EE11098D88}.Debug|x86.Build.0 = Debug|Win32
		{00AAB2BF-D238-4102-B469-50EE11098D88}.Release|x64.ActiveCfg = Release|x64
		{00AAB2BF-D238-4102-B469-50EE11098D88}.Release|x64.Build.0 = Release|x64
		{00AAB2BF-D238-4102-B469-50EE11098D88}.Release|x86.ActiveCfg = Release|Win32
		{00AAB2BF-D238-4102-B469-50EE11098D88}.Release|x86.Build.0 = Release|Win32
		{9A92D9A3-5F67-4C77-8B31-992FC6B67B86}.Debug|x64.ActiveCfg = Debug|x64
		{9A92D9A3-5F67-4C77-8B31-992FC6B67B86}.Debug|x64.Build.0 = Debug|x64
		{9A92D9A3-5F67-4C77-8B31-992FC6B67B86}.Debug|x86.ActiveCfg = Debug|Win32
		{9A92D9A3-5F67-4C77-8B31-992FC6B67B86}.Debug|x86.Build.0 = Debug|Win32
		{9A92D9A3-5F67-4C77-8B31-992FC6B67B86}.Release|x64.ActiveCfg = Release|x64
		{9A92D9A3-5F67-4C77-8B31-992FC6B67B86}.Release|x64.Build.0 = Release|x64
		{9A92D9A3-5F67-4C77-8B31-992FC6B67B86}.Release|x86.ActiveCfg = Release|Win32
		{9A92D9A3-5F67-4C77-8B31-992FC6B67B86}.Release|x86.Build.0 = Release|Win32
		{222A68BE-FC8B-4F30-813C-21D4FBD015C0}.Debug|x64.ActiveCfg = Debug|x64
		{222A68BE-FC8B-4F30-813C-21D4FBD015C0}.Debug|x64.Build.0 = Debug|x64
		{222A68BE-FC8B-4F30-813C-21D4FBD015C0}.Debug|x86.ActiveCfg = Debug|Win32
		{222A68BE-FC8B-4F30-813C-21D4FBD015C0}.Debug|x86.Build.0 = Debug|Win32
		{222A68BE-FC8B-4F30-813C-21D4FBD015C0}.Release|x64.ActiveCfg = Release|x64
		{222A68BE-FC8B-4F30-813C-21D4FBD015C0}.Release|x64.Build.0 = Release|x64
		{222A68BE-FC8B-4F30-813C-21D4FBD015C0}.Release|x86.ActiveCfg = Release|Win32
		{222A68BE-FC8B-4F30-813C-21D4FBD015C0}.Release|x86.Build.0 = Release|Win32
		{BAE90480-1B5B-48E3-BBA9-C45379E3F5F1}.Debug|x64.ActiveCfg = Debug|x64
		{BAE90480-1B5B-48E3-BBA9-C45379E3F5F1}.Debug|x64.Build.0 = Debug|x64
		{BAE90480-1B5B-48E3-BBA9-C45379E3F5F1}.Debug|x86.ActiveCfg = Debug|Win32
		{BAE90480-1B5B-48E3-BBA9-C45379E3F5F1}.Debug|x86.Build.0 = Debug|Win32
		{BAE90480-1B5B-48E3-BBA9-C45379E3F5F1}.Release|x64.ActiveCfg = Release|x64
		{BAE90480-1B5B-48E3-BBA9-C45379E3F5F1}.Release|x64.Build.0 = Release|x64
		{BAE90480-1B5B-48E3-BBA9-C45379E3F5F1}.Release|x86.ActiveCfg = Release|Win32
		{BAE90480-1B5B-48E3-BBA9-C45379E3F5F1}.Release|x86.Build.0 = Release|Win32
		{214B394A-8A87-4B8E-8700-4F362C9F8CB2}.Debug|x64.ActiveCfg = Debug|x64
		{214B394A-8A87-4B8E-8700-4F362C9F8CB2}.Debug|x64.Build.0 = Debug|x64
		{214B394A-8A87-4B8E-8700-4F362C9F8CB2}.Debug|x86.ActiveCfg = Debug|Win32
		{214B394A-8A87-4B8E-8700-4F362C9F8CB2}.Debug|x86.Build.0 = Debug|Win32
		{214B394A-8A87-4B8E-8700-4F362C9F8CB2}.Release|x64.ActiveCfg = Release|x64
		{214B394A-8A87-4B8E-8700-4F362C9F8CB2}.Release|x64.Build.0 = Release|x64
		{214B394A-8A87-4B8E-8700-4F362C9F8CB2}.Release|x86.ActiveCfg = Release|Win32
		{214B394A-8A87-4B8E-8700-4F362C9F8CB2}.Release|x86.Build.0 = Release|Win32
		{F97BCF42-7728-43E1-AB23-EFEABE2DA733}.Debug|x64.ActiveCfg = Debug|x64
		{F97BCF42-7728-43E1-AB23-EFEABE2DA733}.Debug|x64.Build.0 = Debug|x64
		{F97BCF42-7728-43E1-AB23-EFEABE2DA733}.Debug|x86.ActiveCfg = Debug|Win32
		{F97BCF42-7728-43E1-AB23-EFEABE2DA733}.Debug|x86.Build.0 = Debug|Win32
		{F97BCF42-7728-43E1-AB23-EFEABE2DA733}.Release|x64.ActiveCfg = Release|x64
		{F97BCF42-7728-43E1-AB23-EFEABE2DA733}.Release|x64.Build.0 = Release|x64
		{F97BCF42-7728-43E1-AB23-EFEABE2DA733}.Release|x86.ActiveCfg = Release|Win32
		{F97BCF42-7728-43E1-AB23-EFEABE2DA733}.Release|x86.Build.0 = Release|Win32
		{D892592B-3FF3-4334-AC9A-01CA4C6F0BC8}.Debug|x64.ActiveCfg = Debug|x64
		{D892592B-3FF3-4334-AC9A-01CA4C6F0BC8}.Debug|x64.Build.0 = Debug|x64
		{D892592B-3FF3-4334-AC9A-01CA4C6F0BC8}.Debug|x86.ActiveCfg = Debug|Win32
		{D892592B-3FF3-4334-AC9A-01CA4C6F0BC8}.Debug|x86.Build.0 = Debug|Win32
		{D892592B-3FF3-4334-AC9A-01CA4C6F0BC8}.Release|x64.ActiveCfg = Release|x64
		{D892592B-3FF3-4334-AC9A-01CA4C6F0BC8}.Release|x64.Build.0 = Release|x64
		{D892592B-3FF3-4334-AC9A-01CA4C6F0BC8}.Release|x86.ActiveCfg = Release|Win32
		{D892592B-3FF3-4334-AC9A-01CA4C6F0BC8}.Release|x86.Build.0 = Release|Win32
		{12E4E167-3329-4D23-8E35-17B387F2207C}.Debug|x64.ActiveCfg = Debug|x64
		{12E4E167-3329-4D23-8E35-17B387F2207C}.Debug|x64.Build.0 = Debug|x64
		{12E4E167-3329-4D23-8E35-17B387F2207C}.Debug|x86.ActiveCfg = Debug|Win32
		{12E4E167-3329-4D23-8E35-17B387F2207C}.Debug|x86.Build.0 = Debug|Win32
		{12E4E167-3329-4D23-8E35-17B387F2207C}.Release|x64.ActiveCfg = Release|x64
		{12E4E167-3329-4D23-8E35-17B387F2207C}.Release|x64.Build.0 = Release|x64
		{12E4E167-3329-4D23-8E35-17B387F2207C}.Release|x86.ActiveCfg = Release|Win32
		{12E4E167-3329-4D23-8E35-17B387F2207C}.Release|x86.Build.0 = Release|Win32
	EndGlobalSection
	GlobalSection(SolutionProperties) = preSolution
		HideSolutionNode = FALSE
	EndGlobalSection
	GlobalSection(ExtensibilityGlobals) = postSolution
		SolutionGuid = {D5FFDA78-D5C4-447A-A724-517613D34699}
	EndGlobalSection
EndGlobal
