
Microsoft Visual Studio Solution File, Format Version 12.00
# Visual Studio Version 17
VisualStudioVersion = 17.5.33530.505
MinimumVisualStudioVersion = 10.0.40219.1
Project("{8BC9CEB8-8B4A-11D0-8D11-00A0C91BC942}") = "TASK01", "TASK01\TASK01.vcxproj", "{68390C47-9B56-4CE2-8100-166FBDF3BD52}"
EndProject
Project("{8BC9CEB8-8B4A-11D0-8D11-00A0C91BC942}") = "TASK02", "TASK02\TASK02.vcxproj", "{914548A2-1370-4EE0-B3F0-07BCC554A4E8}"
EndProject
Project("{8BC9CEB8-8B4A-11D0-8D11-00A0C91BC942}") = "TASK03", "TASK03\TASK03.vcxproj", "{C63EE5DE-2D05-429C-8D9E-569DF441D92F}"
EndProject
Project("{8BC9CEB8-8B4A-11D0-8D11-00A0C91BC942}") = "TASK04", "TASK04\TASK04.vcxproj", "{B201A9F7-CC99-4859-9533-384FCBD1E434}"
EndProject
Project("{8BC9CEB8-8B4A-11D0-8D11-00A0C91BC942}") = "TASK05", "TASK05\TASK05.vcxproj", "{2E4AB8C7-AD88-45CC-8CBD-402D6EC66949}"
EndProject
Project("{8BC9CEB8-8B4A-11D0-8D11-00A0C91BC942}") = "TASK06", "TASK06\TASK06.vcxproj", "{74B75C3C-89FD-44E7-B2FA-F9A8D8FBF81A}"
EndProject
Global
	GlobalSection(SolutionConfigurationPlatforms) = preSolution
		Debug|x64 = Debug|x64
		Debug|x86 = Debug|x86
		Release|x64 = Release|x64
		Release|x86 = Release|x86
	EndGlobalSection
	GlobalSection(ProjectConfigurationPlatforms) = postSolution
		{68390C47-9B56-4CE2-8100-166FBDF3BD52}.Debug|x64.ActiveCfg = Debug|x64
		{68390C47-9B56-4CE2-8100-166FBDF3BD52}.Debug|x64.Build.0 = Debug|x64
		{68390C47-9B56-4CE2-8100-166FBDF3BD52}.Debug|x86.ActiveCfg = Debug|Win32
		{68390C47-9B56-4CE2-8100-166FBDF3BD52}.Debug|x86.Build.0 = Debug|Win32
		{68390C47-9B56-4CE2-8100-166FBDF3BD52}.Release|x64.ActiveCfg = Release|x64
		{68390C47-9B56-4CE2-8100-166FBDF3BD52}.Release|x64.Build.0 = Release|x64
		{68390C47-9B56-4CE2-8100-166FBDF3BD52}.Release|x86.ActiveCfg = Release|Win32
		{68390C47-9B56-4CE2-8100-166FBDF3BD52}.Release|x86.Build.0 = Release|Win32
		{914548A2-1370-4EE0-B3F0-07BCC554A4E8}.Debug|x64.ActiveCfg = Debug|x64
		{914548A2-1370-4EE0-B3F0-07BCC554A4E8}.Debug|x64.Build.0 = Debug|x64
		{914548A2-1370-4EE0-B3F0-07BCC554A4E8}.Debug|x86.ActiveCfg = Debug|Win32
		{914548A2-1370-4EE0-B3F0-07BCC554A4E8}.Debug|x86.Build.0 = Debug|Win32
		{914548A2-1370-4EE0-B3F0-07BCC554A4E8}.Release|x64.ActiveCfg = Release|x64
		{914548A2-1370-4EE0-B3F0-07BCC554A4E8}.Release|x64.Build.0 = Release|x64
		{914548A2-1370-4EE0-B3F0-07BCC554A4E8}.Release|x86.ActiveCfg = Release|Win32
		{914548A2-1370-4EE0-B3F0-07BCC554A4E8}.Release|x86.Build.0 = Release|Win32
		{C63EE5DE-2D05-429C-8D9E-569DF441D92F}.Debug|x64.ActiveCfg = Debug|x64
		{C63EE5DE-2D05-429C-8D9E-569DF441D92F}.Debug|x64.Build.0 = Debug|x64
		{C63EE5DE-2D05-429C-8D9E-569DF441D92F}.Debug|x86.ActiveCfg = Debug|Win32
		{C63EE5DE-2D05-429C-8D9E-569DF441D92F}.Debug|x86.Build.0 = Debug|Win32
		{C63EE5DE-2D05-429C-8D9E-569DF441D92F}.Release|x64.ActiveCfg = Release|x64
		{C63EE5DE-2D05-429C-8D9E-569DF441D92F}.Release|x64.Build.0 = Release|x64
		{C63EE5DE-2D05-429C-8D9E-569DF441D92F}.Release|x86.ActiveCfg = Release|Win32
		{C63EE5DE-2D05-429C-8D9E-569DF441D92F}.Release|x86.Build.0 = Release|Win32
		{B201A9F7-CC99-4859-9533-384FCBD1E434}.Debug|x64.ActiveCfg = Debug|x64
		{B201A9F7-CC99-4859-9533-384FCBD1E434}.Debug|x64.Build.0 = Debug|x64
		{B201A9F7-CC99-4859-9533-384FCBD1E434}.Debug|x86.ActiveCfg = Debug|Win32
		{B201A9F7-CC99-4859-9533-384FCBD1E434}.Debug|x86.Build.0 = Debug|Win32
		{B201A9F7-CC99-4859-9533-384FCBD1E434}.Release|x64.ActiveCfg = Release|x64
		{B201A9F7-CC99-4859-9533-384FCBD1E434}.Release|x64.Build.0 = Release|x64
		{B201A9F7-CC99-4859-9533-384FCBD1E434}.Release|x86.ActiveCfg = Release|Win32
		{B201A9F7-CC99-4859-9533-384FCBD1E434}.Release|x86.Build.0 = Release|Win32
		{2E4AB8C7-AD88-45CC-8CBD-402D6EC66949}.Debug|x64.ActiveCfg = Debug|x64
		{2E4AB8C7-AD88-45CC-8CBD-402D6EC66949}.Debug|x64.Build.0 = Debug|x64
		{2E4AB8C7-AD88-45CC-8CBD-402D6EC66949}.Debug|x86.ActiveCfg = Debug|Win32
		{2E4AB8C7-AD88-45CC-8CBD-402D6EC66949}.Debug|x86.Build.0 = Debug|Win32
		{2E4AB8C7-AD88-45CC-8CBD-402D6EC66949}.Release|x64.ActiveCfg = Release|x64
		{2E4AB8C7-AD88-45CC-8CBD-402D6EC66949}.Release|x64.Build.0 = Release|x64
		{2E4AB8C7-AD88-45CC-8CBD-402D6EC66949}.Release|x86.ActiveCfg = Release|Win32
		{2E4AB8C7-AD88-45CC-8CBD-402D6EC66949}.Release|x86.Build.0 = Release|Win32
		{74B75C3C-89FD-44E7-B2FA-F9A8D8FBF81A}.Debug|x64.ActiveCfg = Debug|x64
		{74B75C3C-89FD-44E7-B2FA-F9A8D8FBF81A}.Debug|x64.Build.0 = Debug|x64
		{74B75C3C-89FD-44E7-B2FA-F9A8D8FBF81A}.Debug|x86.ActiveCfg = Debug|Win32
		{74B75C3C-89FD-44E7-B2FA-F9A8D8FBF81A}.Debug|x86.Build.0 = Debug|Win32
		{74B75C3C-89FD-44E7-B2FA-F9A8D8FBF81A}.Release|x64.ActiveCfg = Release|x64
		{74B75C3C-89FD-44E7-B2FA-F9A8D8FBF81A}.Release|x64.Build.0 = Release|x64
		{74B75C3C-89FD-44E7-B2FA-F9A8D8FBF81A}.Release|x86.ActiveCfg = Release|Win32
		{74B75C3C-89FD-44E7-B2FA-F9A8D8FBF81A}.Release|x86.Build.0 = Release|Win32
	EndGlobalSection
	GlobalSection(SolutionProperties) = preSolution
		HideSolutionNode = FALSE
	EndGlobalSection
	GlobalSection(ExtensibilityGlobals) = postSolution
		SolutionGuid = {C0A61E4C-F342-44B2-8AFE-C3FA6BBC54E0}
	EndGlobalSection
EndGlobal
