
Microsoft Visual Studio Solution File, Format Version 12.00
# Visual Studio Version 17
VisualStudioVersion = 17.5.33530.505
MinimumVisualStudioVersion = 10.0.40219.1
Project("{8BC9CEB8-8B4A-11D0-8D11-00A0C91BC942}") = "TASK01", "TASK01\TASK01.vcxproj", "{A5B188D5-E9E5-4027-B0CB-3E0399919B8B}"
EndProject
Project("{8BC9CEB8-8B4A-11D0-8D11-00A0C91BC942}") = "TASK02", "TASK02\TASK02.vcxproj", "{38A06472-408D-4B4F-8D58-1BC0E2898DD9}"
EndProject
Project("{8BC9CEB8-8B4A-11D0-8D11-00A0C91BC942}") = "TASK03", "TASK03\TASK03.vcxproj", "{01373932-C9B2-4D98-BDAF-9A3177B73910}"
EndProject
Project("{8BC9CEB8-8B4A-11D0-8D11-00A0C91BC942}") = "TASK04", "TASK04\TASK04.vcxproj", "{876D0161-CBEA-4080-8BCE-B95AE6BF487E}"
EndProject
Project("{8BC9CEB8-8B4A-11D0-8D11-00A0C91BC942}") = "TASK05", "TASK05\TASK05.vcxproj", "{C7A4D148-BE97-4117-8677-8EFBB5A16FE4}"
EndProject
Project("{8BC9CEB8-8B4A-11D0-8D11-00A0C91BC942}") = "TASK06", "TASK06\TASK06.vcxproj", "{F9B3B64F-BA18-4D6E-AEC1-98F62C3473ED}"
EndProject
Project("{8BC9CEB8-8B4A-11D0-8D11-00A0C91BC942}") = "TASK07", "TASK07\TASK07.vcxproj", "{1C125E71-5DE4-4387-80BC-F71F0D05E62A}"
EndProject
Project("{8BC9CEB8-8B4A-11D0-8D11-00A0C91BC942}") = "TASK08", "TASK08\TASK08.vcxproj", "{E0631152-11A2-405F-8C44-A51622C23342}"
EndProject
Project("{8BC9CEB8-8B4A-11D0-8D11-00A0C91BC942}") = "TASK09", "TASK09\TASK09.vcxproj", "{5007B4B4-FA54-4A80-9F47-A046C4F3F760}"
EndProject
Project("{8BC9CEB8-8B4A-11D0-8D11-00A0C91BC942}") = "TASK10", "TASK10\TASK10.vcxproj", "{21829E94-8C65-4F24-9D96-847D48302F63}"
EndProject
Project("{8BC9CEB8-8B4A-11D0-8D11-00A0C91BC942}") = "TASK11", "TASK11\TASK11.vcxproj", "{C93C9872-B20D-42ED-B049-5CBD4525DB12}"
EndProject
Project("{8BC9CEB8-8B4A-11D0-8D11-00A0C91BC942}") = "TASK12", "TASK12\TASK12.vcxproj", "{F58E4F02-8D8C-4F6B-8D5D-457BD2D08D4A}"
EndProject
Project("{8BC9CEB8-8B4A-11D0-8D11-00A0C91BC942}") = "TASK13", "TASK13\TASK13.vcxproj", "{9F87317F-D68C-400D-AF2A-D777195BBADC}"
EndProject
Project("{8BC9CEB8-8B4A-11D0-8D11-00A0C91BC942}") = "TASK14", "TASK14\TASK14.vcxproj", "{0EE69A90-E290-4D8F-9BFA-F5FCA8A3976A}"
EndProject
Project("{8BC9CEB8-8B4A-11D0-8D11-00A0C91BC942}") = "TASK15", "TASK15\TASK15.vcxproj", "{3E538C4B-3E63-4E2F-AAEE-177159932005}"
EndProject
Project("{8BC9CEB8-8B4A-11D0-8D11-00A0C91BC942}") = "TASK16", "TASK16\TASK16.vcxproj", "{4D22E976-C3ED-40AA-8AF3-63E5C564E17E}"
EndProject
Project("{8BC9CEB8-8B4A-11D0-8D11-00A0C91BC942}") = "TASK17", "TASK17\TASK17.vcxproj", "{C57DBECE-199B-400D-9BF8-12ECD1C1E8B5}"
EndProject
Global
	GlobalSection(SolutionConfigurationPlatforms) = preSolution
		Debug|x64 = Debug|x64
		Debug|x86 = Debug|x86
		Release|x64 = Release|x64
		Release|x86 = Release|x86
	EndGlobalSection
	GlobalSection(ProjectConfigurationPlatforms) = postSolution
		{A5B188D5-E9E5-4027-B0CB-3E0399919B8B}.Debug|x64.ActiveCfg = Debug|x64
		{A5B188D5-E9E5-4027-B0CB-3E0399919B8B}.Debug|x64.Build.0 = Debug|x64
		{A5B188D5-E9E5-4027-B0CB-3E0399919B8B}.Debug|x86.ActiveCfg = Debug|Win32
		{A5B188D5-E9E5-4027-B0CB-3E0399919B8B}.Debug|x86.Build.0 = Debug|Win32
		{A5B188D5-E9E5-4027-B0CB-3E0399919B8B}.Release|x64.ActiveCfg = Release|x64
		{A5B188D5-E9E5-4027-B0CB-3E0399919B8B}.Release|x64.Build.0 = Release|x64
		{A5B188D5-E9E5-4027-B0CB-3E0399919B8B}.Release|x86.ActiveCfg = Release|Win32
		{A5B188D5-E9E5-4027-B0CB-3E0399919B8B}.Release|x86.Build.0 = Release|Win32
		{38A06472-408D-4B4F-8D58-1BC0E2898DD9}.Debug|x64.ActiveCfg = Debug|x64
		{38A06472-408D-4B4F-8D58-1BC0E2898DD9}.Debug|x64.Build.0 = Debug|x64
		{38A06472-408D-4B4F-8D58-1BC0E2898DD9}.Debug|x86.ActiveCfg = Debug|Win32
		{38A06472-408D-4B4F-8D58-1BC0E2898DD9}.Debug|x86.Build.0 = Debug|Win32
		{38A06472-408D-4B4F-8D58-1BC0E2898DD9}.Release|x64.ActiveCfg = Release|x64
		{38A06472-408D-4B4F-8D58-1BC0E2898DD9}.Release|x64.Build.0 = Release|x64
		{38A06472-408D-4B4F-8D58-1BC0E2898DD9}.Release|x86.ActiveCfg = Release|Win32
		{38A06472-408D-4B4F-8D58-1BC0E2898DD9}.Release|x86.Build.0 = Release|Win32
		{01373932-C9B2-4D98-BDAF-9A3177B73910}.Debug|x64.ActiveCfg = Debug|x64
		{01373932-C9B2-4D98-BDAF-9A3177B73910}.Debug|x64.Build.0 = Debug|x64
		{01373932-C9B2-4D98-BDAF-9A3177B73910}.Debug|x86.ActiveCfg = Debug|Win32
		{01373932-C9B2-4D98-BDAF-9A3177B73910}.Debug|x86.Build.0 = Debug|Win32
		{01373932-C9B2-4D98-BDAF-9A3177B73910}.Release|x64.ActiveCfg = Release|x64
		{01373932-C9B2-4D98-BDAF-9A3177B73910}.Release|x64.Build.0 = Release|x64
		{01373932-C9B2-4D98-BDAF-9A3177B73910}.Release|x86.ActiveCfg = Release|Win32
		{01373932-C9B2-4D98-BDAF-9A3177B73910}.Release|x86.Build.0 = Release|Win32
		{876D0161-CBEA-4080-8BCE-B95AE6BF487E}.Debug|x64.ActiveCfg = Debug|x64
		{876D0161-CBEA-4080-8BCE-B95AE6BF487E}.Debug|x64.Build.0 = Debug|x64
		{876D0161-CBEA-4080-8BCE-B95AE6BF487E}.Debug|x86.ActiveCfg = Debug|Win32
		{876D0161-CBEA-4080-8BCE-B95AE6BF487E}.Debug|x86.Build.0 = Debug|Win32
		{876D0161-CBEA-4080-8BCE-B95AE6BF487E}.Release|x64.ActiveCfg = Release|x64
		{876D0161-CBEA-4080-8BCE-B95AE6BF487E}.Release|x64.Build.0 = Release|x64
		{876D0161-CBEA-4080-8BCE-B95AE6BF487E}.Release|x86.ActiveCfg = Release|Win32
		{876D0161-CBEA-4080-8BCE-B95AE6BF487E}.Release|x86.Build.0 = Release|Win32
		{C7A4D148-BE97-4117-8677-8EFBB5A16FE4}.Debug|x64.ActiveCfg = Debug|x64
		{C7A4D148-BE97-4117-8677-8EFBB5A16FE4}.Debug|x64.Build.0 = Debug|x64
		{C7A4D148-BE97-4117-8677-8EFBB5A16FE4}.Debug|x86.ActiveCfg = Debug|Win32
		{C7A4D148-BE97-4117-8677-8EFBB5A16FE4}.Debug|x86.Build.0 = Debug|Win32
		{C7A4D148-BE97-4117-8677-8EFBB5A16FE4}.Release|x64.ActiveCfg = Release|x64
		{C7A4D148-BE97-4117-8677-8EFBB5A16FE4}.Release|x64.Build.0 = Release|x64
		{C7A4D148-BE97-4117-8677-8EFBB5A16FE4}.Release|x86.ActiveCfg = Release|Win32
		{C7A4D148-BE97-4117-8677-8EFBB5A16FE4}.Release|x86.Build.0 = Release|Win32
		{F9B3B64F-BA18-4D6E-AEC1-98F62C3473ED}.Debug|x64.ActiveCfg = Debug|x64
		{F9B3B64F-BA18-4D6E-AEC1-98F62C3473ED}.Debug|x64.Build.0 = Debug|x64
		{F9B3B64F-BA18-4D6E-AEC1-98F62C3473ED}.Debug|x86.ActiveCfg = Debug|Win32
		{F9B3B64F-BA18-4D6E-AEC1-98F62C3473ED}.Debug|x86.Build.0 = Debug|Win32
		{F9B3B64F-BA18-4D6E-AEC1-98F62C3473ED}.Release|x64.ActiveCfg = Release|x64
		{F9B3B64F-BA18-4D6E-AEC1-98F62C3473ED}.Release|x64.Build.0 = Release|x64
		{F9B3B64F-BA18-4D6E-AEC1-98F62C3473ED}.Release|x86.ActiveCfg = Release|Win32
		{F9B3B64F-BA18-4D6E-AEC1-98F62C3473ED}.Release|x86.Build.0 = Release|Win32
		{1C125E71-5DE4-4387-80BC-F71F0D05E62A}.Debug|x64.ActiveCfg = Debug|x64
		{1C125E71-5DE4-4387-80BC-F71F0D05E62A}.Debug|x64.Build.0 = Debug|x64
		{1C125E71-5DE4-4387-80BC-F71F0D05E62A}.Debug|x86.ActiveCfg = Debug|Win32
		{1C125E71-5DE4-4387-80BC-F71F0D05E62A}.Debug|x86.Build.0 = Debug|Win32
		{1C125E71-5DE4-4387-80BC-F71F0D05E62A}.Release|x64.ActiveCfg = Release|x64
		{1C125E71-5DE4-4387-80BC-F71F0D05E62A}.Release|x64.Build.0 = Release|x64
		{1C125E71-5DE4-4387-80BC-F71F0D05E62A}.Release|x86.ActiveCfg = Release|Win32
		{1C125E71-5DE4-4387-80BC-F71F0D05E62A}.Release|x86.Build.0 = Release|Win32
		{E0631152-11A2-405F-8C44-A51622C23342}.Debug|x64.ActiveCfg = Debug|x64
		{E0631152-11A2-405F-8C44-A51622C23342}.Debug|x64.Build.0 = Debug|x64
		{E0631152-11A2-405F-8C44-A51622C23342}.Debug|x86.ActiveCfg = Debug|Win32
		{E0631152-11A2-405F-8C44-A51622C23342}.Debug|x86.Build.0 = Debug|Win32
		{E0631152-11A2-405F-8C44-A51622C23342}.Release|x64.ActiveCfg = Release|x64
		{E0631152-11A2-405F-8C44-A51622C23342}.Release|x64.Build.0 = Release|x64
		{E0631152-11A2-405F-8C44-A51622C23342}.Release|x86.ActiveCfg = Release|Win32
		{E0631152-11A2-405F-8C44-A51622C23342}.Release|x86.Build.0 = Release|Win32
		{5007B4B4-FA54-4A80-9F47-A046C4F3F760}.Debug|x64.ActiveCfg = Debug|x64
		{5007B4B4-FA54-4A80-9F47-A046C4F3F760}.Debug|x64.Build.0 = Debug|x64
		{5007B4B4-FA54-4A80-9F47-A046C4F3F760}.Debug|x86.ActiveCfg = Debug|Win32
		{5007B4B4-FA54-4A80-9F47-A046C4F3F760}.Debug|x86.Build.0 = Debug|Win32
		{5007B4B4-FA54-4A80-9F47-A046C4F3F760}.Release|x64.ActiveCfg = Release|x64
		{5007B4B4-FA54-4A80-9F47-A046C4F3F760}.Release|x64.Build.0 = Release|x64
		{5007B4B4-FA54-4A80-9F47-A046C4F3F760}.Release|x86.ActiveCfg = Release|Win32
		{5007B4B4-FA54-4A80-9F47-A046C4F3F760}.Release|x86.Build.0 = Release|Win32
		{21829E94-8C65-4F24-9D96-847D48302F63}.Debug|x64.ActiveCfg = Debug|x64
		{21829E94-8C65-4F24-9D96-847D48302F63}.Debug|x64.Build.0 = Debug|x64
		{21829E94-8C65-4F24-9D96-847D48302F63}.Debug|x86.ActiveCfg = Debug|Win32
		{21829E94-8C65-4F24-9D96-847D48302F63}.Debug|x86.Build.0 = Debug|Win32
		{21829E94-8C65-4F24-9D96-847D48302F63}.Release|x64.ActiveCfg = Release|x64
		{21829E94-8C65-4F24-9D96-847D48302F63}.Release|x64.Build.0 = Release|x64
		{21829E94-8C65-4F24-9D96-847D48302F63}.Release|x86.ActiveCfg = Release|Win32
		{21829E94-8C65-4F24-9D96-847D48302F63}.Release|x86.Build.0 = Release|Win32
		{C93C9872-B20D-42ED-B049-5CBD4525DB12}.Debug|x64.ActiveCfg = Debug|x64
		{C93C9872-B20D-42ED-B049-5CBD4525DB12}.Debug|x64.Build.0 = Debug|x64
		{C93C9872-B20D-42ED-B049-5CBD4525DB12}.Debug|x86.ActiveCfg = Debug|Win32
		{C93C9872-B20D-42ED-B049-5CBD4525DB12}.Debug|x86.Build.0 = Debug|Win32
		{C93C9872-B20D-42ED-B049-5CBD4525DB12}.Release|x64.ActiveCfg = Release|x64
		{C93C9872-B20D-42ED-B049-5CBD4525DB12}.Release|x64.Build.0 = Release|x64
		{C93C9872-B20D-42ED-B049-5CBD4525DB12}.Release|x86.ActiveCfg = Release|Win32
		{C93C9872-B20D-42ED-B049-5CBD4525DB12}.Release|x86.Build.0 = Release|Win32
		{F58E4F02-8D8C-4F6B-8D5D-457BD2D08D4A}.Debug|x64.ActiveCfg = Debug|x64
		{F58E4F02-8D8C-4F6B-8D5D-457BD2D08D4A}.Debug|x64.Build.0 = Debug|x64
		{F58E4F02-8D8C-4F6B-8D5D-457BD2D08D4A}.Debug|x86.ActiveCfg = Debug|Win32
		{F58E4F02-8D8C-4F6B-8D5D-457BD2D08D4A}.Debug|x86.Build.0 = Debug|Win32
		{F58E4F02-8D8C-4F6B-8D5D-457BD2D08D4A}.Release|x64.ActiveCfg = Release|x64
		{F58E4F02-8D8C-4F6B-8D5D-457BD2D08D4A}.Release|x64.Build.0 = Release|x64
		{F58E4F02-8D8C-4F6B-8D5D-457BD2D08D4A}.Release|x86.ActiveCfg = Release|Win32
		{F58E4F02-8D8C-4F6B-8D5D-457BD2D08D4A}.Release|x86.Build.0 = Release|Win32
		{9F87317F-D68C-400D-AF2A-D777195BBADC}.Debug|x64.ActiveCfg = Debug|x64
		{9F87317F-D68C-400D-AF2A-D777195BBADC}.Debug|x64.Build.0 = Debug|x64
		{9F87317F-D68C-400D-AF2A-D777195BBADC}.Debug|x86.ActiveCfg = Debug|Win32
		{9F87317F-D68C-400D-AF2A-D777195BBADC}.Debug|x86.Build.0 = Debug|Win32
		{9F87317F-D68C-400D-AF2A-D777195BBADC}.Release|x64.ActiveCfg = Release|x64
		{9F87317F-D68C-400D-AF2A-D777195BBADC}.Release|x64.Build.0 = Release|x64
		{9F87317F-D68C-400D-AF2A-D777195BBADC}.Release|x86.ActiveCfg = Release|Win32
		{9F87317F-D68C-400D-AF2A-D777195BBADC}.Release|x86.Build.0 = Release|Win32
		{0EE69A90-E290-4D8F-9BFA-F5FCA8A3976A}.Debug|x64.ActiveCfg = Debug|x64
		{0EE69A90-E290-4D8F-9BFA-F5FCA8A3976A}.Debug|x64.Build.0 = Debug|x64
		{0EE69A90-E290-4D8F-9BFA-F5FCA8A3976A}.Debug|x86.ActiveCfg = Debug|Win32
		{0EE69A90-E290-4D8F-9BFA-F5FCA8A3976A}.Debug|x86.Build.0 = Debug|Win32
		{0EE69A90-E290-4D8F-9BFA-F5FCA8A3976A}.Release|x64.ActiveCfg = Release|x64
		{0EE69A90-E290-4D8F-9BFA-F5FCA8A3976A}.Release|x64.Build.0 = Release|x64
		{0EE69A90-E290-4D8F-9BFA-F5FCA8A3976A}.Release|x86.ActiveCfg = Release|Win32
		{0EE69A90-E290-4D8F-9BFA-F5FCA8A3976A}.Release|x86.Build.0 = Release|Win32
		{3E538C4B-3E63-4E2F-AAEE-177159932005}.Debug|x64.ActiveCfg = Debug|x64
		{3E538C4B-3E63-4E2F-AAEE-177159932005}.Debug|x64.Build.0 = Debug|x64
		{3E538C4B-3E63-4E2F-AAEE-177159932005}.Debug|x86.ActiveCfg = Debug|Win32
		{3E538C4B-3E63-4E2F-AAEE-177159932005}.Debug|x86.Build.0 = Debug|Win32
		{3E538C4B-3E63-4E2F-AAEE-177159932005}.Release|x64.ActiveCfg = Release|x64
		{3E538C4B-3E63-4E2F-AAEE-177159932005}.Release|x64.Build.0 = Release|x64
		{3E538C4B-3E63-4E2F-AAEE-177159932005}.Release|x86.ActiveCfg = Release|Win32
		{3E538C4B-3E63-4E2F-AAEE-177159932005}.Release|x86.Build.0 = Release|Win32
		{4D22E976-C3ED-40AA-8AF3-63E5C564E17E}.Debug|x64.ActiveCfg = Debug|x64
		{4D22E976-C3ED-40AA-8AF3-63E5C564E17E}.Debug|x64.Build.0 = Debug|x64
		{4D22E976-C3ED-40AA-8AF3-63E5C564E17E}.Debug|x86.ActiveCfg = Debug|Win32
		{4D22E976-C3ED-40AA-8AF3-63E5C564E17E}.Debug|x86.Build.0 = Debug|Win32
		{4D22E976-C3ED-40AA-8AF3-63E5C564E17E}.Release|x64.ActiveCfg = Release|x64
		{4D22E976-C3ED-40AA-8AF3-63E5C564E17E}.Release|x64.Build.0 = Release|x64
		{4D22E976-C3ED-40AA-8AF3-63E5C564E17E}.Release|x86.ActiveCfg = Release|Win32
		{4D22E976-C3ED-40AA-8AF3-63E5C564E17E}.Release|x86.Build.0 = Release|Win32
		{C57DBECE-199B-400D-9BF8-12ECD1C1E8B5}.Debug|x64.ActiveCfg = Debug|x64
		{C57DBECE-199B-400D-9BF8-12ECD1C1E8B5}.Debug|x64.Build.0 = Debug|x64
		{C57DBECE-199B-400D-9BF8-12ECD1C1E8B5}.Debug|x86.ActiveCfg = Debug|Win32
		{C57DBECE-199B-400D-9BF8-12ECD1C1E8B5}.Debug|x86.Build.0 = Debug|Win32
		{C57DBECE-199B-400D-9BF8-12ECD1C1E8B5}.Release|x64.ActiveCfg = Release|x64
		{C57DBECE-199B-400D-9BF8-12ECD1C1E8B5}.Release|x64.Build.0 = Release|x64
		{C57DBECE-199B-400D-9BF8-12ECD1C1E8B5}.Release|x86.ActiveCfg = Release|Win32
		{C57DBECE-199B-400D-9BF8-12ECD1C1E8B5}.Release|x86.Build.0 = Release|Win32
	EndGlobalSection
	GlobalSection(SolutionProperties) = preSolution
		HideSolutionNode = FALSE
	EndGlobalSection
	GlobalSection(ExtensibilityGlobals) = postSolution
		SolutionGuid = {D33ADBAD-1CFA-42F1-90EB-0F1F87E0B946}
	EndGlobalSection
EndGlobal
