
Microsoft Visual Studio Solution File, Format Version 12.00
# Visual Studio Version 17
VisualStudioVersion = 17.5.33530.505
MinimumVisualStudioVersion = 10.0.40219.1
Project("{8BC9CEB8-8B4A-11D0-8D11-00A0C91BC942}") = "TASK01", "TASK01\TASK01.vcxproj", "{0C567BD8-E51B-4D66-8601-6E467F9594DB}"
EndProject
Project("{8BC9CEB8-8B4A-11D0-8D11-00A0C91BC942}") = "TASK02", "TASK02\TASK02.vcxproj", "{C63A6D48-E628-4DE2-BEA0-782B4748C0A0}"
EndProject
Project("{8BC9CEB8-8B4A-11D0-8D11-00A0C91BC942}") = "TASK03", "TASK03\TASK03.vcxproj", "{45437F49-86A5-49FD-BB87-186A99E18FF4}"
EndProject
Project("{8BC9CEB8-8B4A-11D0-8D11-00A0C91BC942}") = "TASK04", "TASK04\TASK04.vcxproj", "{536EB735-EFFA-401D-AB24-3F0E6074E6CF}"
EndProject
Project("{8BC9CEB8-8B4A-11D0-8D11-00A0C91BC942}") = "TASK05", "TASK05\TASK05.vcxproj", "{9FCD25B0-F917-446C-8E9E-53C578A2D28D}"
EndProject
Project("{8BC9CEB8-8B4A-11D0-8D11-00A0C91BC942}") = "TASK06", "TASK06\TASK06.vcxproj", "{5F6D3F43-43AC-4B2F-B2B0-13A40549AD62}"
EndProject
Project("{8BC9CEB8-8B4A-11D0-8D11-00A0C91BC942}") = "TASK07", "TASK07\TASK07.vcxproj", "{E457840F-FBC8-4A49-962C-69416F8FF862}"
EndProject
Project("{8BC9CEB8-8B4A-11D0-8D11-00A0C91BC942}") = "TASK08", "TASK08\TASK08.vcxproj", "{42573BBC-53B6-4F36-96E0-C788364D03BC}"
EndProject
Project("{8BC9CEB8-8B4A-11D0-8D11-00A0C91BC942}") = "TASK09", "TASK09\TASK09.vcxproj", "{7A352D5E-EE00-4B03-A411-3D3D9B4DE2CA}"
EndProject
Project("{8BC9CEB8-8B4A-11D0-8D11-00A0C91BC942}") = "TASK10", "TASK10\TASK10.vcxproj", "{BB4C5C37-41B9-45C6-8B0D-357EC9B136A2}"
EndProject
Project("{8BC9CEB8-8B4A-11D0-8D11-00A0C91BC942}") = "TASK11", "TASK11\TASK11.vcxproj", "{2922B06D-8612-4814-8710-5D61AF198C7D}"
EndProject
Project("{8BC9CEB8-8B4A-11D0-8D11-00A0C91BC942}") = "TASK12", "TASK12\TASK12.vcxproj", "{C321E200-E0EE-4594-BD53-BC809C591759}"
EndProject
Project("{8BC9CEB8-8B4A-11D0-8D11-00A0C91BC942}") = "TASK13", "TASK13\TASK13.vcxproj", "{6BC1B0CA-0B1F-496E-8889-EC9296D739B8}"
EndProject
Project("{8BC9CEB8-8B4A-11D0-8D11-00A0C91BC942}") = "TASK14", "TASK14\TASK14.vcxproj", "{BA5BD67B-2CBA-4BD1-B575-8A75B0C5F2A2}"
EndProject
Project("{8BC9CEB8-8B4A-11D0-8D11-00A0C91BC942}") = "TASK15", "TASK15\TASK15.vcxproj", "{3411BEBC-97EF-40B1-9C47-C26398BCF2F2}"
EndProject
Global
	GlobalSection(SolutionConfigurationPlatforms) = preSolution
		Debug|x64 = Debug|x64
		Debug|x86 = Debug|x86
		Release|x64 = Release|x64
		Release|x86 = Release|x86
	EndGlobalSection
	GlobalSection(ProjectConfigurationPlatforms) = postSolution
		{0C567BD8-E51B-4D66-8601-6E467F9594DB}.Debug|x64.ActiveCfg = Debug|x64
		{0C567BD8-E51B-4D66-8601-6E467F9594DB}.Debug|x64.Build.0 = Debug|x64
		{0C567BD8-E51B-4D66-8601-6E467F9594DB}.Debug|x86.ActiveCfg = Debug|Win32
		{0C567BD8-E51B-4D66-8601-6E467F9594DB}.Debug|x86.Build.0 = Debug|Win32
		{0C567BD8-E51B-4D66-8601-6E467F9594DB}.Release|x64.ActiveCfg = Release|x64
		{0C567BD8-E51B-4D66-8601-6E467F9594DB}.Release|x64.Build.0 = Release|x64
		{0C567BD8-E51B-4D66-8601-6E467F9594DB}.Release|x86.ActiveCfg = Release|Win32
		{0C567BD8-E51B-4D66-8601-6E467F9594DB}.Release|x86.Build.0 = Release|Win32
		{C63A6D48-E628-4DE2-BEA0-782B4748C0A0}.Debug|x64.ActiveCfg = Debug|x64
		{C63A6D48-E628-4DE2-BEA0-782B4748C0A0}.Debug|x64.Build.0 = Debug|x64
		{C63A6D48-E628-4DE2-BEA0-782B4748C0A0}.Debug|x86.ActiveCfg = Debug|Win32
		{C63A6D48-E628-4DE2-BEA0-782B4748C0A0}.Debug|x86.Build.0 = Debug|Win32
		{C63A6D48-E628-4DE2-BEA0-782B4748C0A0}.Release|x64.ActiveCfg = Release|x64
		{C63A6D48-E628-4DE2-BEA0-782B4748C0A0}.Release|x64.Build.0 = Release|x64
		{C63A6D48-E628-4DE2-BEA0-782B4748C0A0}.Release|x86.ActiveCfg = Release|Win32
		{C63A6D48-E628-4DE2-BEA0-782B4748C0A0}.Release|x86.Build.0 = Release|Win32
		{45437F49-86A5-49FD-BB87-186A99E18FF4}.Debug|x64.ActiveCfg = Debug|x64
		{45437F49-86A5-49FD-BB87-186A99E18FF4}.Debug|x64.Build.0 = Debug|x64
		{45437F49-86A5-49FD-BB87-186A99E18FF4}.Debug|x86.ActiveCfg = Debug|Win32
		{45437F49-86A5-49FD-BB87-186A99E18FF4}.Debug|x86.Build.0 = Debug|Win32
		{45437F49-86A5-49FD-BB87-186A99E18FF4}.Release|x64.ActiveCfg = Release|x64
		{45437F49-86A5-49FD-BB87-186A99E18FF4}.Release|x64.Build.0 = Release|x64
		{45437F49-86A5-49FD-BB87-186A99E18FF4}.Release|x86.ActiveCfg = Release|Win32
		{45437F49-86A5-49FD-BB87-186A99E18FF4}.Release|x86.Build.0 = Release|Win32
		{536EB735-EFFA-401D-AB24-3F0E6074E6CF}.Debug|x64.ActiveCfg = Debug|x64
		{536EB735-EFFA-401D-AB24-3F0E6074E6CF}.Debug|x64.Build.0 = Debug|x64
		{536EB735-EFFA-401D-AB24-3F0E6074E6CF}.Debug|x86.ActiveCfg = Debug|Win32
		{536EB735-EFFA-401D-AB24-3F0E6074E6CF}.Debug|x86.Build.0 = Debug|Win32
		{536EB735-EFFA-401D-AB24-3F0E6074E6CF}.Release|x64.ActiveCfg = Release|x64
		{536EB735-EFFA-401D-AB24-3F0E6074E6CF}.Release|x64.Build.0 = Release|x64
		{536EB735-EFFA-401D-AB24-3F0E6074E6CF}.Release|x86.ActiveCfg = Release|Win32
		{536EB735-EFFA-401D-AB24-3F0E6074E6CF}.Release|x86.Build.0 = Release|Win32
		{9FCD25B0-F917-446C-8E9E-53C578A2D28D}.Debug|x64.ActiveCfg = Debug|x64
		{9FCD25B0-F917-446C-8E9E-53C578A2D28D}.Debug|x64.Build.0 = Debug|x64
		{9FCD25B0-F917-446C-8E9E-53C578A2D28D}.Debug|x86.ActiveCfg = Debug|Win32
		{9FCD25B0-F917-446C-8E9E-53C578A2D28D}.Debug|x86.Build.0 = Debug|Win32
		{9FCD25B0-F917-446C-8E9E-53C578A2D28D}.Release|x64.ActiveCfg = Release|x64
		{9FCD25B0-F917-446C-8E9E-53C578A2D28D}.Release|x64.Build.0 = Release|x64
		{9FCD25B0-F917-446C-8E9E-53C578A2D28D}.Release|x86.ActiveCfg = Release|Win32
		{9FCD25B0-F917-446C-8E9E-53C578A2D28D}.Release|x86.Build.0 = Release|Win32
		{5F6D3F43-43AC-4B2F-B2B0-13A40549AD62}.Debug|x64.ActiveCfg = Debug|x64
		{5F6D3F43-43AC-4B2F-B2B0-13A40549AD62}.Debug|x64.Build.0 = Debug|x64
		{5F6D3F43-43AC-4B2F-B2B0-13A40549AD62}.Debug|x86.ActiveCfg = Debug|Win32
		{5F6D3F43-43AC-4B2F-B2B0-13A40549AD62}.Debug|x86.Build.0 = Debug|Win32
		{5F6D3F43-43AC-4B2F-B2B0-13A40549AD62}.Release|x64.ActiveCfg = Release|x64
		{5F6D3F43-43AC-4B2F-B2B0-13A40549AD62}.Release|x64.Build.0 = Release|x64
		{5F6D3F43-43AC-4B2F-B2B0-13A40549AD62}.Release|x86.ActiveCfg = Release|Win32
		{5F6D3F43-43AC-4B2F-B2B0-13A40549AD62}.Release|x86.Build.0 = Release|Win32
		{E457840F-FBC8-4A49-962C-69416F8FF862}.Debug|x64.ActiveCfg = Debug|x64
		{E457840F-FBC8-4A49-962C-69416F8FF862}.Debug|x64.Build.0 = Debug|x64
		{E457840F-FBC8-4A49-962C-69416F8FF862}.Debug|x86.ActiveCfg = Debug|Win32
		{E457840F-FBC8-4A49-962C-69416F8FF862}.Debug|x86.Build.0 = Debug|Win32
		{E457840F-FBC8-4A49-962C-69416F8FF862}.Release|x64.ActiveCfg = Release|x64
		{E457840F-FBC8-4A49-962C-69416F8FF862}.Release|x64.Build.0 = Release|x64
		{E457840F-FBC8-4A49-962C-69416F8FF862}.Release|x86.ActiveCfg = Release|Win32
		{E457840F-FBC8-4A49-962C-69416F8FF862}.Release|x86.Build.0 = Release|Win32
		{42573BBC-53B6-4F36-96E0-C788364D03BC}.Debug|x64.ActiveCfg = Debug|x64
		{42573BBC-53B6-4F36-96E0-C788364D03BC}.Debug|x64.Build.0 = Debug|x64
		{42573BBC-53B6-4F36-96E0-C788364D03BC}.Debug|x86.ActiveCfg = Debug|Win32
		{42573BBC-53B6-4F36-96E0-C788364D03BC}.Debug|x86.Build.0 = Debug|Win32
		{42573BBC-53B6-4F36-96E0-C788364D03BC}.Release|x64.ActiveCfg = Release|x64
		{42573BBC-53B6-4F36-96E0-C788364D03BC}.Release|x64.Build.0 = Release|x64
		{42573BBC-53B6-4F36-96E0-C788364D03BC}.Release|x86.ActiveCfg = Release|Win32
		{42573BBC-53B6-4F36-96E0-C788364D03BC}.Release|x86.Build.0 = Release|Win32
		{7A352D5E-EE00-4B03-A411-3D3D9B4DE2CA}.Debug|x64.ActiveCfg = Debug|x64
		{7A352D5E-EE00-4B03-A411-3D3D9B4DE2CA}.Debug|x64.Build.0 = Debug|x64
		{7A352D5E-EE00-4B03-A411-3D3D9B4DE2CA}.Debug|x86.ActiveCfg = Debug|Win32
		{7A352D5E-EE00-4B03-A411-3D3D9B4DE2CA}.Debug|x86.Build.0 = Debug|Win32
		{7A352D5E-EE00-4B03-A411-3D3D9B4DE2CA}.Release|x64.ActiveCfg = Release|x64
		{7A352D5E-EE00-4B03-A411-3D3D9B4DE2CA}.Release|x64.Build.0 = Release|x64
		{7A352D5E-EE00-4B03-A411-3D3D9B4DE2CA}.Release|x86.ActiveCfg = Release|Win32
		{7A352D5E-EE00-4B03-A411-3D3D9B4DE2CA}.Release|x86.Build.0 = Release|Win32
		{BB4C5C37-41B9-45C6-8B0D-357EC9B136A2}.Debug|x64.ActiveCfg = Debug|x64
		{BB4C5C37-41B9-45C6-8B0D-357EC9B136A2}.Debug|x64.Build.0 = Debug|x64
		{BB4C5C37-41B9-45C6-8B0D-357EC9B136A2}.Debug|x86.ActiveCfg = Debug|Win32
		{BB4C5C37-41B9-45C6-8B0D-357EC9B136A2}.Debug|x86.Build.0 = Debug|Win32
		{BB4C5C37-41B9-45C6-8B0D-357EC9B136A2}.Release|x64.ActiveCfg = Release|x64
		{BB4C5C37-41B9-45C6-8B0D-357EC9B136A2}.Release|x64.Build.0 = Release|x64
		{BB4C5C37-41B9-45C6-8B0D-357EC9B136A2}.Release|x86.ActiveCfg = Release|Win32
		{BB4C5C37-41B9-45C6-8B0D-357EC9B136A2}.Release|x86.Build.0 = Release|Win32
		{2922B06D-8612-4814-8710-5D61AF198C7D}.Debug|x64.ActiveCfg = Debug|x64
		{2922B06D-8612-4814-8710-5D61AF198C7D}.Debug|x64.Build.0 = Debug|x64
		{2922B06D-8612-4814-8710-5D61AF198C7D}.Debug|x86.ActiveCfg = Debug|Win32
		{2922B06D-8612-4814-8710-5D61AF198C7D}.Debug|x86.Build.0 = Debug|Win32
		{2922B06D-8612-4814-8710-5D61AF198C7D}.Release|x64.ActiveCfg = Release|x64
		{2922B06D-8612-4814-8710-5D61AF198C7D}.Release|x64.Build.0 = Release|x64
		{2922B06D-8612-4814-8710-5D61AF198C7D}.Release|x86.ActiveCfg = Release|Win32
		{2922B06D-8612-4814-8710-5D61AF198C7D}.Release|x86.Build.0 = Release|Win32
		{C321E200-E0EE-4594-BD53-BC809C591759}.Debug|x64.ActiveCfg = Debug|x64
		{C321E200-E0EE-4594-BD53-BC809C591759}.Debug|x64.Build.0 = Debug|x64
		{C321E200-E0EE-4594-BD53-BC809C591759}.Debug|x86.ActiveCfg = Debug|Win32
		{C321E200-E0EE-4594-BD53-BC809C591759}.Debug|x86.Build.0 = Debug|Win32
		{C321E200-E0EE-4594-BD53-BC809C591759}.Release|x64.ActiveCfg = Release|x64
		{C321E200-E0EE-4594-BD53-BC809C591759}.Release|x64.Build.0 = Release|x64
		{C321E200-E0EE-4594-BD53-BC809C591759}.Release|x86.ActiveCfg = Release|Win32
		{C321E200-E0EE-4594-BD53-BC809C591759}.Release|x86.Build.0 = Release|Win32
		{6BC1B0CA-0B1F-496E-8889-EC9296D739B8}.Debug|x64.ActiveCfg = Debug|x64
		{6BC1B0CA-0B1F-496E-8889-EC9296D739B8}.Debug|x64.Build.0 = Debug|x64
		{6BC1B0CA-0B1F-496E-8889-EC9296D739B8}.Debug|x86.ActiveCfg = Debug|Win32
		{6BC1B0CA-0B1F-496E-8889-EC9296D739B8}.Debug|x86.Build.0 = Debug|Win32
		{6BC1B0CA-0B1F-496E-8889-EC9296D739B8}.Release|x64.ActiveCfg = Release|x64
		{6BC1B0CA-0B1F-496E-8889-EC9296D739B8}.Release|x64.Build.0 = Release|x64
		{6BC1B0CA-0B1F-496E-8889-EC9296D739B8}.Release|x86.ActiveCfg = Release|Win32
		{6BC1B0CA-0B1F-496E-8889-EC9296D739B8}.Release|x86.Build.0 = Release|Win32
		{BA5BD67B-2CBA-4BD1-B575-8A75B0C5F2A2}.Debug|x64.ActiveCfg = Debug|x64
		{BA5BD67B-2CBA-4BD1-B575-8A75B0C5F2A2}.Debug|x64.Build.0 = Debug|x64
		{BA5BD67B-2CBA-4BD1-B575-8A75B0C5F2A2}.Debug|x86.ActiveCfg = Debug|Win32
		{BA5BD67B-2CBA-4BD1-B575-8A75B0C5F2A2}.Debug|x86.Build.0 = Debug|Win32
		{BA5BD67B-2CBA-4BD1-B575-8A75B0C5F2A2}.Release|x64.ActiveCfg = Release|x64
		{BA5BD67B-2CBA-4BD1-B575-8A75B0C5F2A2}.Release|x64.Build.0 = Release|x64
		{BA5BD67B-2CBA-4BD1-B575-8A75B0C5F2A2}.Release|x86.ActiveCfg = Release|Win32
		{BA5BD67B-2CBA-4BD1-B575-8A75B0C5F2A2}.Release|x86.Build.0 = Release|Win32
		{3411BEBC-97EF-40B1-9C47-C26398BCF2F2}.Debug|x64.ActiveCfg = Debug|x64
		{3411BEBC-97EF-40B1-9C47-C26398BCF2F2}.Debug|x64.Build.0 = Debug|x64
		{3411BEBC-97EF-40B1-9C47-C26398BCF2F2}.Debug|x86.ActiveCfg = Debug|Win32
		{3411BEBC-97EF-40B1-9C47-C26398BCF2F2}.Debug|x86.Build.0 = Debug|Win32
		{3411BEBC-97EF-40B1-9C47-C26398BCF2F2}.Release|x64.ActiveCfg = Release|x64
		{3411BEBC-97EF-40B1-9C47-C26398BCF2F2}.Release|x64.Build.0 = Release|x64
		{3411BEBC-97EF-40B1-9C47-C26398BCF2F2}.Release|x86.ActiveCfg = Release|Win32
		{3411BEBC-97EF-40B1-9C47-C26398BCF2F2}.Release|x86.Build.0 = Release|Win32
	EndGlobalSection
	GlobalSection(SolutionProperties) = preSolution
		HideSolutionNode = FALSE
	EndGlobalSection
	GlobalSection(ExtensibilityGlobals) = postSolution
		SolutionGuid = {24833A4B-8F9C-42B9-8673-698FFA970D56}
	EndGlobalSection
EndGlobal
