
Microsoft Visual Studio Solution File, Format Version 12.00
# Visual Studio Version 17
VisualStudioVersion = 17.5.33530.505
MinimumVisualStudioVersion = 10.0.40219.1
Project("{8BC9CEB8-8B4A-11D0-8D11-00A0C91BC942}") = "TASK01", "TASK01\TASK01.vcxproj", "{D30517C4-D754-42E3-99BA-4BAEDC001FA1}"
EndProject
Project("{8BC9CEB8-8B4A-11D0-8D11-00A0C91BC942}") = "TASK02", "TASK02\TASK02.vcxproj", "{4F5FFB61-4CFF-45A6-A6BD-2F4E08F0DEF2}"
EndProject
Project("{8BC9CEB8-8B4A-11D0-8D11-00A0C91BC942}") = "TASK03", "TASK03\TASK03.vcxproj", "{9D4B69E3-B437-40AB-8E38-904D1AFEE308}"
EndProject
Project("{8BC9CEB8-8B4A-11D0-8D11-00A0C91BC942}") = "TASK04", "TASK04\TASK04.vcxproj", "{82D45A93-E5B6-4DAC-B685-55E2C541280E}"
EndProject
Project("{8BC9CEB8-8B4A-11D0-8D11-00A0C91BC942}") = "TASK06", "TASK06\TASK06.vcxproj", "{EC06478A-36CE-4ED1-94C3-DFB3E8C45616}"
EndProject
Project("{8BC9CEB8-8B4A-11D0-8D11-00A0C91BC942}") = "TASK07", "TASK07\TASK07.vcxproj", "{2540B381-5A48-4A2F-BF13-EF18AA79FEAD}"
EndProject
Project("{8BC9CEB8-8B4A-11D0-8D11-00A0C91BC942}") = "TASK08", "TASK08\TASK08.vcxproj", "{5FCAC4D8-B2D2-49BD-8588-21FF4210C89D}"
EndProject
Global
	GlobalSection(SolutionConfigurationPlatforms) = preSolution
		Debug|x64 = Debug|x64
		Debug|x86 = Debug|x86
		Release|x64 = Release|x64
		Release|x86 = Release|x86
	EndGlobalSection
	GlobalSection(ProjectConfigurationPlatforms) = postSolution
		{D30517C4-D754-42E3-99BA-4BAEDC001FA1}.Debug|x64.ActiveCfg = Debug|x64
		{D30517C4-D754-42E3-99BA-4BAEDC001FA1}.Debug|x64.Build.0 = Debug|x64
		{D30517C4-D754-42E3-99BA-4BAEDC001FA1}.Debug|x86.ActiveCfg = Debug|Win32
		{D30517C4-D754-42E3-99BA-4BAEDC001FA1}.Debug|x86.Build.0 = Debug|Win32
		{D30517C4-D754-42E3-99BA-4BAEDC001FA1}.Release|x64.ActiveCfg = Release|x64
		{D30517C4-D754-42E3-99BA-4BAEDC001FA1}.Release|x64.Build.0 = Release|x64
		{D30517C4-D754-42E3-99BA-4BAEDC001FA1}.Release|x86.ActiveCfg = Release|Win32
		{D30517C4-D754-42E3-99BA-4BAEDC001FA1}.Release|x86.Build.0 = Release|Win32
		{4F5FFB61-4CFF-45A6-A6BD-2F4E08F0DEF2}.Debug|x64.ActiveCfg = Debug|x64
		{4F5FFB61-4CFF-45A6-A6BD-2F4E08F0DEF2}.Debug|x64.Build.0 = Debug|x64
		{4F5FFB61-4CFF-45A6-A6BD-2F4E08F0DEF2}.Debug|x86.ActiveCfg = Debug|Win32
		{4F5FFB61-4CFF-45A6-A6BD-2F4E08F0DEF2}.Debug|x86.Build.0 = Debug|Win32
		{4F5FFB61-4CFF-45A6-A6BD-2F4E08F0DEF2}.Release|x64.ActiveCfg = Release|x64
		{4F5FFB61-4CFF-45A6-A6BD-2F4E08F0DEF2}.Release|x64.Build.0 = Release|x64
		{4F5FFB61-4CFF-45A6-A6BD-2F4E08F0DEF2}.Release|x86.ActiveCfg = Release|Win32
		{4F5FFB61-4CFF-45A6-A6BD-2F4E08F0DEF2}.Release|x86.Build.0 = Release|Win32
		{9D4B69E3-B437-40AB-8E38-904D1AFEE308}.Debug|x64.ActiveCfg = Debug|x64
		{9D4B69E3-B437-40AB-8E38-904D1AFEE308}.Debug|x64.Build.0 = Debug|x64
		{9D4B69E3-B437-40AB-8E38-904D1AFEE308}.Debug|x86.ActiveCfg = Debug|Win32
		{9D4B69E3-B437-40AB-8E38-904D1AFEE308}.Debug|x86.Build.0 = Debug|Win32
		{9D4B69E3-B437-40AB-8E38-904D1AFEE308}.Release|x64.ActiveCfg = Release|x64
		{9D4B69E3-B437-40AB-8E38-904D1AFEE308}.Release|x64.Build.0 = Release|x64
		{9D4B69E3-B437-40AB-8E38-904D1AFEE308}.Release|x86.ActiveCfg = Release|Win32
		{9D4B69E3-B437-40AB-8E38-904D1AFEE308}.Release|x86.Build.0 = Release|Win32
		{82D45A93-E5B6-4DAC-B685-55E2C541280E}.Debug|x64.ActiveCfg = Debug|x64
		{82D45A93-E5B6-4DAC-B685-55E2C541280E}.Debug|x64.Build.0 = Debug|x64
		{82D45A93-E5B6-4DAC-B685-55E2C541280E}.Debug|x86.ActiveCfg = Debug|Win32
		{82D45A93-E5B6-4DAC-B685-55E2C541280E}.Debug|x86.Build.0 = Debug|Win32
		{82D45A93-E5B6-4DAC-B685-55E2C541280E}.Release|x64.ActiveCfg = Release|x64
		{82D45A93-E5B6-4DAC-B685-55E2C541280E}.Release|x64.Build.0 = Release|x64
		{82D45A93-E5B6-4DAC-B685-55E2C541280E}.Release|x86.ActiveCfg = Release|Win32
		{82D45A93-E5B6-4DAC-B685-55E2C541280E}.Release|x86.Build.0 = Release|Win32
		{EC06478A-36CE-4ED1-94C3-DFB3E8C45616}.Debug|x64.ActiveCfg = Debug|x64
		{EC06478A-36CE-4ED1-94C3-DFB3E8C45616}.Debug|x64.Build.0 = Debug|x64
		{EC06478A-36CE-4ED1-94C3-DFB3E8C45616}.Debug|x86.ActiveCfg = Debug|Win32
		{EC06478A-36CE-4ED1-94C3-DFB3E8C45616}.Debug|x86.Build.0 = Debug|Win32
		{EC06478A-36CE-4ED1-94C3-DFB3E8C45616}.Release|x64.ActiveCfg = Release|x64
		{EC06478A-36CE-4ED1-94C3-DFB3E8C45616}.Release|x64.Build.0 = Release|x64
		{EC06478A-36CE-4ED1-94C3-DFB3E8C45616}.Release|x86.ActiveCfg = Release|Win32
		{EC06478A-36CE-4ED1-94C3-DFB3E8C45616}.Release|x86.Build.0 = Release|Win32
		{2540B381-5A48-4A2F-BF13-EF18AA79FEAD}.Debug|x64.ActiveCfg = Debug|x64
		{2540B381-5A48-4A2F-BF13-EF18AA79FEAD}.Debug|x64.Build.0 = Debug|x64
		{2540B381-5A48-4A2F-BF13-EF18AA79FEAD}.Debug|x86.ActiveCfg = Debug|Win32
		{2540B381-5A48-4A2F-BF13-EF18AA79FEAD}.Debug|x86.Build.0 = Debug|Win32
		{2540B381-5A48-4A2F-BF13-EF18AA79FEAD}.Release|x64.ActiveCfg = Release|x64
		{2540B381-5A48-4A2F-BF13-EF18AA79FEAD}.Release|x64.Build.0 = Release|x64
		{2540B381-5A48-4A2F-BF13-EF18AA79FEAD}.Release|x86.ActiveCfg = Release|Win32
		{2540B381-5A48-4A2F-BF13-EF18AA79FEAD}.Release|x86.Build.0 = Release|Win32
		{5FCAC4D8-B2D2-49BD-8588-21FF4210C89D}.Debug|x64.ActiveCfg = Debug|x64
		{5FCAC4D8-B2D2-49BD-8588-21FF4210C89D}.Debug|x64.Build.0 = Debug|x64
		{5FCAC4D8-B2D2-49BD-8588-21FF4210C89D}.Debug|x86.ActiveCfg = Debug|Win32
		{5FCAC4D8-B2D2-49BD-8588-21FF4210C89D}.Debug|x86.Build.0 = Debug|Win32
		{5FCAC4D8-B2D2-49BD-8588-21FF4210C89D}.Release|x64.ActiveCfg = Release|x64
		{5FCAC4D8-B2D2-49BD-8588-21FF4210C89D}.Release|x64.Build.0 = Release|x64
		{5FCAC4D8-B2D2-49BD-8588-21FF4210C89D}.Release|x86.ActiveCfg = Release|Win32
		{5FCAC4D8-B2D2-49BD-8588-21FF4210C89D}.Release|x86.Build.0 = Release|Win32
	EndGlobalSection
	GlobalSection(SolutionProperties) = preSolution
		HideSolutionNode = FALSE
	EndGlobalSection
	GlobalSection(ExtensibilityGlobals) = postSolution
		SolutionGuid = {ADF9B2DC-4714-4C24-9BC9-80CD0A977457}
	EndGlobalSection
EndGlobal
