
Microsoft Visual Studio Solution File, Format Version 12.00
# Visual Studio Version 17
VisualStudioVersion = 17.5.33530.505
MinimumVisualStudioVersion = 10.0.40219.1
Project("{8BC9CEB8-8B4A-11D0-8D11-00A0C91BC942}") = "TASK01", "TASK01\TASK01.vcxproj", "{144B2F65-C5A1-493B-9441-AEB690AF57E5}"
EndProject
Project("{8BC9CEB8-8B4A-11D0-8D11-00A0C91BC942}") = "TASK02", "TASK02\TASK02.vcxproj", "{8F729587-0CD3-4686-B394-6E9002A7F4B8}"
EndProject
Project("{8BC9CEB8-8B4A-11D0-8D11-00A0C91BC942}") = "TASK03", "TASK03\TASK03.vcxproj", "{77A4099A-C5B5-4588-8CEB-E85745FE6516}"
EndProject
Project("{8BC9CEB8-8B4A-11D0-8D11-00A0C91BC942}") = "TASK04", "TASK04\TASK04.vcxproj", "{8E2468F6-BD3D-4F02-9742-A9493030427D}"
EndProject
Project("{8BC9CEB8-8B4A-11D0-8D11-00A0C91BC942}") = "TASK05", "TASK05\TASK05.vcxproj", "{DD924136-1F79-4E9C-8F44-F8A031AD1CA3}"
EndProject
Project("{8BC9CEB8-8B4A-11D0-8D11-00A0C91BC942}") = "TASK06", "TASK06\TASK06.vcxproj", "{1F578BE7-081D-40FD-9404-0477FE7C1CE8}"
EndProject
Project("{8BC9CEB8-8B4A-11D0-8D11-00A0C91BC942}") = "TASK07", "TASK07\TASK07.vcxproj", "{977B6C0B-DCFA-4B26-892D-38337BC37EF3}"
EndProject
Global
	GlobalSection(SolutionConfigurationPlatforms) = preSolution
		Debug|x64 = Debug|x64
		Debug|x86 = Debug|x86
		Release|x64 = Release|x64
		Release|x86 = Release|x86
	EndGlobalSection
	GlobalSection(ProjectConfigurationPlatforms) = postSolution
		{144B2F65-C5A1-493B-9441-AEB690AF57E5}.Debug|x64.ActiveCfg = Debug|x64
		{144B2F65-C5A1-493B-9441-AEB690AF57E5}.Debug|x64.Build.0 = Debug|x64
		{144B2F65-C5A1-493B-9441-AEB690AF57E5}.Debug|x86.ActiveCfg = Debug|Win32
		{144B2F65-C5A1-493B-9441-AEB690AF57E5}.Debug|x86.Build.0 = Debug|Win32
		{144B2F65-C5A1-493B-9441-AEB690AF57E5}.Release|x64.ActiveCfg = Release|x64
		{144B2F65-C5A1-493B-9441-AEB690AF57E5}.Release|x64.Build.0 = Release|x64
		{144B2F65-C5A1-493B-9441-AEB690AF57E5}.Release|x86.ActiveCfg = Release|Win32
		{144B2F65-C5A1-493B-9441-AEB690AF57E5}.Release|x86.Build.0 = Release|Win32
		{8F729587-0CD3-4686-B394-6E9002A7F4B8}.Debug|x64.ActiveCfg = Debug|x64
		{8F729587-0CD3-4686-B394-6E9002A7F4B8}.Debug|x64.Build.0 = Debug|x64
		{8F729587-0CD3-4686-B394-6E9002A7F4B8}.Debug|x86.ActiveCfg = Debug|Win32
		{8F729587-0CD3-4686-B394-6E9002A7F4B8}.Debug|x86.Build.0 = Debug|Win32
		{8F729587-0CD3-4686-B394-6E9002A7F4B8}.Release|x64.ActiveCfg = Release|x64
		{8F729587-0CD3-4686-B394-6E9002A7F4B8}.Release|x64.Build.0 = Release|x64
		{8F729587-0CD3-4686-B394-6E9002A7F4B8}.Release|x86.ActiveCfg = Release|Win32
		{8F729587-0CD3-4686-B394-6E9002A7F4B8}.Release|x86.Build.0 = Release|Win32
		{77A4099A-C5B5-4588-8CEB-E85745FE6516}.Debug|x64.ActiveCfg = Debug|x64
		{77A4099A-C5B5-4588-8CEB-E85745FE6516}.Debug|x64.Build.0 = Debug|x64
		{77A4099A-C5B5-4588-8CEB-E85745FE6516}.Debug|x86.ActiveCfg = Debug|Win32
		{77A4099A-C5B5-4588-8CEB-E85745FE6516}.Debug|x86.Build.0 = Debug|Win32
		{77A4099A-C5B5-4588-8CEB-E85745FE6516}.Release|x64.ActiveCfg = Release|x64
		{77A4099A-C5B5-4588-8CEB-E85745FE6516}.Release|x64.Build.0 = Release|x64
		{77A4099A-C5B5-4588-8CEB-E85745FE6516}.Release|x86.ActiveCfg = Release|Win32
		{77A4099A-C5B5-4588-8CEB-E85745FE6516}.Release|x86.Build.0 = Release|Win32
		{8E2468F6-BD3D-4F02-9742-A9493030427D}.Debug|x64.ActiveCfg = Debug|x64
		{8E2468F6-BD3D-4F02-9742-A9493030427D}.Debug|x64.Build.0 = Debug|x64
		{8E2468F6-BD3D-4F02-9742-A9493030427D}.Debug|x86.ActiveCfg = Debug|Win32
		{8E2468F6-BD3D-4F02-9742-A9493030427D}.Debug|x86.Build.0 = Debug|Win32
		{8E2468F6-BD3D-4F02-9742-A9493030427D}.Release|x64.ActiveCfg = Release|x64
		{8E2468F6-BD3D-4F02-9742-A9493030427D}.Release|x64.Build.0 = Release|x64
		{8E2468F6-BD3D-4F02-9742-A9493030427D}.Release|x86.ActiveCfg = Release|Win32
		{8E2468F6-BD3D-4F02-9742-A9493030427D}.Release|x86.Build.0 = Release|Win32
		{DD924136-1F79-4E9C-8F44-F8A031AD1CA3}.Debug|x64.ActiveCfg = Debug|x64
		{DD924136-1F79-4E9C-8F44-F8A031AD1CA3}.Debug|x64.Build.0 = Debug|x64
		{DD924136-1F79-4E9C-8F44-F8A031AD1CA3}.Debug|x86.ActiveCfg = Debug|Win32
		{DD924136-1F79-4E9C-8F44-F8A031AD1CA3}.Debug|x86.Build.0 = Debug|Win32
		{DD924136-1F79-4E9C-8F44-F8A031AD1CA3}.Release|x64.ActiveCfg = Release|x64
		{DD924136-1F79-4E9C-8F44-F8A031AD1CA3}.Release|x64.Build.0 = Release|x64
		{DD924136-1F79-4E9C-8F44-F8A031AD1CA3}.Release|x86.ActiveCfg = Release|Win32
		{DD924136-1F79-4E9C-8F44-F8A031AD1CA3}.Release|x86.Build.0 = Release|Win32
		{1F578BE7-081D-40FD-9404-0477FE7C1CE8}.Debug|x64.ActiveCfg = Debug|x64
		{1F578BE7-081D-40FD-9404-0477FE7C1CE8}.Debug|x64.Build.0 = Debug|x64
		{1F578BE7-081D-40FD-9404-0477FE7C1CE8}.Debug|x86.ActiveCfg = Debug|Win32
		{1F578BE7-081D-40FD-9404-0477FE7C1CE8}.Debug|x86.Build.0 = Debug|Win32
		{1F578BE7-081D-40FD-9404-0477FE7C1CE8}.Release|x64.ActiveCfg = Release|x64
		{1F578BE7-081D-40FD-9404-0477FE7C1CE8}.Release|x64.Build.0 = Release|x64
		{1F578BE7-081D-40FD-9404-0477FE7C1CE8}.Release|x86.ActiveCfg = Release|Win32
		{1F578BE7-081D-40FD-9404-0477FE7C1CE8}.Release|x86.Build.0 = Release|Win32
		{977B6C0B-DCFA-4B26-892D-38337BC37EF3}.Debug|x64.ActiveCfg = Debug|x64
		{977B6C0B-DCFA-4B26-892D-38337BC37EF3}.Debug|x64.Build.0 = Debug|x64
		{977B6C0B-DCFA-4B26-892D-38337BC37EF3}.Debug|x86.ActiveCfg = Debug|Win32
		{977B6C0B-DCFA-4B26-892D-38337BC37EF3}.Debug|x86.Build.0 = Debug|Win32
		{977B6C0B-DCFA-4B26-892D-38337BC37EF3}.Release|x64.ActiveCfg = Release|x64
		{977B6C0B-DCFA-4B26-892D-38337BC37EF3}.Release|x64.Build.0 = Release|x64
		{977B6C0B-DCFA-4B26-892D-38337BC37EF3}.Release|x86.ActiveCfg = Release|Win32
		{977B6C0B-DCFA-4B26-892D-38337BC37EF3}.Release|x86.Build.0 = Release|Win32
	EndGlobalSection
	GlobalSection(SolutionProperties) = preSolution
		HideSolutionNode = FALSE
	EndGlobalSection
	GlobalSection(ExtensibilityGlobals) = postSolution
		SolutionGuid = {19A10CD1-57FA-4A30-B291-2EDA580A5CE0}
	EndGlobalSection
EndGlobal
