
Microsoft Visual Studio Solution File, Format Version 12.00
# Visual Studio Version 17
VisualStudioVersion = 17.5.33530.505
MinimumVisualStudioVersion = 10.0.40219.1
Project("{8BC9CEB8-8B4A-11D0-8D11-00A0C91BC942}") = "TASK01", "TASK01\TASK01.vcxproj", "{AA7B51B6-6A66-4644-9A5D-121371D82D3F}"
EndProject
Project("{8BC9CEB8-8B4A-11D0-8D11-00A0C91BC942}") = "TASK02", "TASK02\TASK02.vcxproj", "{AA8B2F68-14AB-43FE-9A5C-886F30B985AE}"
EndProject
Project("{8BC9CEB8-8B4A-11D0-8D11-00A0C91BC942}") = "TASK03", "TASK03\TASK03.vcxproj", "{7E3AC96F-7131-4D94-A146-2DCC73951528}"
EndProject
Project("{8BC9CEB8-8B4A-11D0-8D11-00A0C91BC942}") = "TASK04", "TASK04\TASK04.vcxproj", "{9B117D64-7354-43E2-8AC6-2F1A3FBF5CEE}"
EndProject
Project("{8BC9CEB8-8B4A-11D0-8D11-00A0C91BC942}") = "TASK05", "TASK05\TASK05.vcxproj", "{EB935AA6-F253-4436-A58B-D60699EC7444}"
EndProject
Project("{8BC9CEB8-8B4A-11D0-8D11-00A0C91BC942}") = "TASK06", "TASK06\TASK06.vcxproj", "{A6A5ECC3-B90E-4A2A-9552-F22D247C6A6C}"
EndProject
Project("{8BC9CEB8-8B4A-11D0-8D11-00A0C91BC942}") = "TASK07", "TASK07\TASK07.vcxproj", "{C2F7D9A9-C932-42C0-A748-D969457D02E7}"
EndProject
Project("{8BC9CEB8-8B4A-11D0-8D11-00A0C91BC942}") = "TASK08", "TASK08\TASK08.vcxproj", "{218DAFA7-A609-4A8C-AD89-DE3128674E27}"
EndProject
Global
	GlobalSection(SolutionConfigurationPlatforms) = preSolution
		Debug|x64 = Debug|x64
		Debug|x86 = Debug|x86
		Release|x64 = Release|x64
		Release|x86 = Release|x86
	EndGlobalSection
	GlobalSection(ProjectConfigurationPlatforms) = postSolution
		{AA7B51B6-6A66-4644-9A5D-121371D82D3F}.Debug|x64.ActiveCfg = Debug|x64
		{AA7B51B6-6A66-4644-9A5D-121371D82D3F}.Debug|x64.Build.0 = Debug|x64
		{AA7B51B6-6A66-4644-9A5D-121371D82D3F}.Debug|x86.ActiveCfg = Debug|Win32
		{AA7B51B6-6A66-4644-9A5D-121371D82D3F}.Debug|x86.Build.0 = Debug|Win32
		{AA7B51B6-6A66-4644-9A5D-121371D82D3F}.Release|x64.ActiveCfg = Release|x64
		{AA7B51B6-6A66-4644-9A5D-121371D82D3F}.Release|x64.Build.0 = Release|x64
		{AA7B51B6-6A66-4644-9A5D-121371D82D3F}.Release|x86.ActiveCfg = Release|Win32
		{AA7B51B6-6A66-4644-9A5D-121371D82D3F}.Release|x86.Build.0 = Release|Win32
		{AA8B2F68-14AB-43FE-9A5C-886F30B985AE}.Debug|x64.ActiveCfg = Debug|x64
		{AA8B2F68-14AB-43FE-9A5C-886F30B985AE}.Debug|x64.Build.0 = Debug|x64
		{AA8B2F68-14AB-43FE-9A5C-886F30B985AE}.Debug|x86.ActiveCfg = Debug|Win32
		{AA8B2F68-14AB-43FE-9A5C-886F30B985AE}.Debug|x86.Build.0 = Debug|Win32
		{AA8B2F68-14AB-43FE-9A5C-886F30B985AE}.Release|x64.ActiveCfg = Release|x64
		{AA8B2F68-14AB-43FE-9A5C-886F30B985AE}.Release|x64.Build.0 = Release|x64
		{AA8B2F68-14AB-43FE-9A5C-886F30B985AE}.Release|x86.ActiveCfg = Release|Win32
		{AA8B2F68-14AB-43FE-9A5C-886F30B985AE}.Release|x86.Build.0 = Release|Win32
		{7E3AC96F-7131-4D94-A146-2DCC73951528}.Debug|x64.ActiveCfg = Debug|x64
		{7E3AC96F-7131-4D94-A146-2DCC73951528}.Debug|x64.Build.0 = Debug|x64
		{7E3AC96F-7131-4D94-A146-2DCC73951528}.Debug|x86.ActiveCfg = Debug|Win32
		{7E3AC96F-7131-4D94-A146-2DCC73951528}.Debug|x86.Build.0 = Debug|Win32
		{7E3AC96F-7131-4D94-A146-2DCC73951528}.Release|x64.ActiveCfg = Release|x64
		{7E3AC96F-7131-4D94-A146-2DCC73951528}.Release|x64.Build.0 = Release|x64
		{7E3AC96F-7131-4D94-A146-2DCC73951528}.Release|x86.ActiveCfg = Release|Win32
		{7E3AC96F-7131-4D94-A146-2DCC73951528}.Release|x86.Build.0 = Release|Win32
		{9B117D64-7354-43E2-8AC6-2F1A3FBF5CEE}.Debug|x64.ActiveCfg = Debug|x64
		{9B117D64-7354-43E2-8AC6-2F1A3FBF5CEE}.Debug|x64.Build.0 = Debug|x64
		{9B117D64-7354-43E2-8AC6-2F1A3FBF5CEE}.Debug|x86.ActiveCfg = Debug|Win32
		{9B117D64-7354-43E2-8AC6-2F1A3FBF5CEE}.Debug|x86.Build.0 = Debug|Win32
		{9B117D64-7354-43E2-8AC6-2F1A3FBF5CEE}.Release|x64.ActiveCfg = Release|x64
		{9B117D64-7354-43E2-8AC6-2F1A3FBF5CEE}.Release|x64.Build.0 = Release|x64
		{9B117D64-7354-43E2-8AC6-2F1A3FBF5CEE}.Release|x86.ActiveCfg = Release|Win32
		{9B117D64-7354-43E2-8AC6-2F1A3FBF5CEE}.Release|x86.Build.0 = Release|Win32
		{EB935AA6-F253-4436-A58B-D60699EC7444}.Debug|x64.ActiveCfg = Debug|x64
		{EB935AA6-F253-4436-A58B-D60699EC7444}.Debug|x64.Build.0 = Debug|x64
		{EB935AA6-F253-4436-A58B-D60699EC7444}.Debug|x86.ActiveCfg = Debug|Win32
		{EB935AA6-F253-4436-A58B-D60699EC7444}.Debug|x86.Build.0 = Debug|Win32
		{EB935AA6-F253-4436-A58B-D60699EC7444}.Release|x64.ActiveCfg = Release|x64
		{EB935AA6-F253-4436-A58B-D60699EC7444}.Release|x64.Build.0 = Release|x64
		{EB935AA6-F253-4436-A58B-D60699EC7444}.Release|x86.ActiveCfg = Release|Win32
		{EB935AA6-F253-4436-A58B-D60699EC7444}.Release|x86.Build.0 = Release|Win32
		{A6A5ECC3-B90E-4A2A-9552-F22D247C6A6C}.Debug|x64.ActiveCfg = Debug|x64
		{A6A5ECC3-B90E-4A2A-9552-F22D247C6A6C}.Debug|x64.Build.0 = Debug|x64
		{A6A5ECC3-B90E-4A2A-9552-F22D247C6A6C}.Debug|x86.ActiveCfg = Debug|Win32
		{A6A5ECC3-B90E-4A2A-9552-F22D247C6A6C}.Debug|x86.Build.0 = Debug|Win32
		{A6A5ECC3-B90E-4A2A-9552-F22D247C6A6C}.Release|x64.ActiveCfg = Release|x64
		{A6A5ECC3-B90E-4A2A-9552-F22D247C6A6C}.Release|x64.Build.0 = Release|x64
		{A6A5ECC3-B90E-4A2A-9552-F22D247C6A6C}.Release|x86.ActiveCfg = Release|Win32
		{A6A5ECC3-B90E-4A2A-9552-F22D247C6A6C}.Release|x86.Build.0 = Release|Win32
		{C2F7D9A9-C932-42C0-A748-D969457D02E7}.Debug|x64.ActiveCfg = Debug|x64
		{C2F7D9A9-C932-42C0-A748-D969457D02E7}.Debug|x64.Build.0 = Debug|x64
		{C2F7D9A9-C932-42C0-A748-D969457D02E7}.Debug|x86.ActiveCfg = Debug|Win32
		{C2F7D9A9-C932-42C0-A748-D969457D02E7}.Debug|x86.Build.0 = Debug|Win32
		{C2F7D9A9-C932-42C0-A748-D969457D02E7}.Release|x64.ActiveCfg = Release|x64
		{C2F7D9A9-C932-42C0-A748-D969457D02E7}.Release|x64.Build.0 = Release|x64
		{C2F7D9A9-C932-42C0-A748-D969457D02E7}.Release|x86.ActiveCfg = Release|Win32
		{C2F7D9A9-C932-42C0-A748-D969457D02E7}.Release|x86.Build.0 = Release|Win32
		{218DAFA7-A609-4A8C-AD89-DE3128674E27}.Debug|x64.ActiveCfg = Debug|x64
		{218DAFA7-A609-4A8C-AD89-DE3128674E27}.Debug|x64.Build.0 = Debug|x64
		{218DAFA7-A609-4A8C-AD89-DE3128674E27}.Debug|x86.ActiveCfg = Debug|Win32
		{218DAFA7-A609-4A8C-AD89-DE3128674E27}.Debug|x86.Build.0 = Debug|Win32
		{218DAFA7-A609-4A8C-AD89-DE3128674E27}.Release|x64.ActiveCfg = Release|x64
		{218DAFA7-A609-4A8C-AD89-DE3128674E27}.Release|x64.Build.0 = Release|x64
		{218DAFA7-A609-4A8C-AD89-DE3128674E27}.Release|x86.ActiveCfg = Release|Win32
		{218DAFA7-A609-4A8C-AD89-DE3128674E27}.Release|x86.Build.0 = Release|Win32
	EndGlobalSection
	GlobalSection(SolutionProperties) = preSolution
		HideSolutionNode = FALSE
	EndGlobalSection
	GlobalSection(ExtensibilityGlobals) = postSolution
		SolutionGuid = {7590C79F-1A58-4A0D-B93C-CFA7551EE731}
	EndGlobalSection
EndGlobal
