
Microsoft Visual Studio Solution File, Format Version 12.00
# Visual Studio Version 17
VisualStudioVersion = 17.5.33530.505
MinimumVisualStudioVersion = 10.0.40219.1
Project("{8BC9CEB8-8B4A-11D0-8D11-00A0C91BC942}") = "TASK01", "TASK01\TASK01.vcxproj", "{AF8EF297-72F6-4C17-8EBB-C7349EF711E1}"
EndProject
Project("{8BC9CEB8-8B4A-11D0-8D11-00A0C91BC942}") = "TASK02", "TASK02\TASK02.vcxproj", "{D4AFE225-B713-4218-A14C-258F65FD559C}"
EndProject
Project("{8BC9CEB8-8B4A-11D0-8D11-00A0C91BC942}") = "TASK03", "TASK03\TASK03.vcxproj", "{E3927368-B9D8-4E63-9A6F-EC95096F0AAA}"
EndProject
Project("{8BC9CEB8-8B4A-11D0-8D11-00A0C91BC942}") = "TASK04", "TASK04\TASK04.vcxproj", "{C928241F-B4EC-43B0-8D46-1BB95C1E9545}"
EndProject
Project("{8BC9CEB8-8B4A-11D0-8D11-00A0C91BC942}") = "TASK05", "TASK05\TASK05.vcxproj", "{BA2D13A6-FC2F-4148-9B25-1984BCC624D5}"
EndProject
Project("{8BC9CEB8-8B4A-11D0-8D11-00A0C91BC942}") = "TASK06", "TASK06\TASK06.vcxproj", "{A571D888-9993-4E5A-AB5C-E73FF150F824}"
EndProject
Project("{8BC9CEB8-8B4A-11D0-8D11-00A0C91BC942}") = "TASK07", "TASK07\TASK07.vcxproj", "{3656A4D6-C8AD-4699-9CF2-9EFFCD2C5F83}"
EndProject
Project("{8BC9CEB8-8B4A-11D0-8D11-00A0C91BC942}") = "TASK08", "TASK08\TASK08.vcxproj", "{2E7E8A65-2B02-4360-ADEE-BA75BCF8165E}"
EndProject
Project("{8BC9CEB8-8B4A-11D0-8D11-00A0C91BC942}") = "TASK09", "TASK09\TASK09.vcxproj", "{CD2E8403-DBD8-4881-90C4-E9A2A4D72684}"
EndProject
Project("{8BC9CEB8-8B4A-11D0-8D11-00A0C91BC942}") = "TASK10", "TASK10\TASK10.vcxproj", "{B443408F-F13C-4490-94E3-F83C7E3E1E47}"
EndProject
Project("{8BC9CEB8-8B4A-11D0-8D11-00A0C91BC942}") = "TASK11", "TASK11\TASK11.vcxproj", "{631E0E1F-61F9-4129-9EB3-DCF39B9B4191}"
EndProject
Project("{8BC9CEB8-8B4A-11D0-8D11-00A0C91BC942}") = "TASK12", "TASK12\TASK12.vcxproj", "{E94DBBDD-A3D9-4024-B706-4D78105D1FC5}"
EndProject
Project("{8BC9CEB8-8B4A-11D0-8D11-00A0C91BC942}") = "TASK13", "TASK13\TASK13.vcxproj", "{ECB5DCDA-DCC0-4154-83F6-008CDD214F61}"
EndProject
Project("{8BC9CEB8-8B4A-11D0-8D11-00A0C91BC942}") = "TASK14", "TASK14\TASK14.vcxproj", "{653041F6-490E-4304-A462-2825CBC37F19}"
EndProject
Project("{8BC9CEB8-8B4A-11D0-8D11-00A0C91BC942}") = "TASK15", "TASK15\TASK15.vcxproj", "{C9925E0F-D891-481A-A7B7-72CEF0B68DEB}"
EndProject
Project("{8BC9CEB8-8B4A-11D0-8D11-00A0C91BC942}") = "TASK16", "TASK16\TASK16.vcxproj", "{8E5CF1E3-A2D0-4079-B91A-9AB31B402707}"
EndProject
Project("{8BC9CEB8-8B4A-11D0-8D11-00A0C91BC942}") = "TASK17", "TASK17\TASK17.vcxproj", "{87C2A25E-4978-4686-9888-D13511EFFE53}"
EndProject
Project("{8BC9CEB8-8B4A-11D0-8D11-00A0C91BC942}") = "TASK18", "TASK18\TASK18.vcxproj", "{39270AE1-62C8-4861-96FB-81C990314046}"
EndProject
Project("{8BC9CEB8-8B4A-11D0-8D11-00A0C91BC942}") = "TASK19", "TASK19\TASK19.vcxproj", "{43CC8A0E-66BF-4579-9BAF-877C4B05485F}"
EndProject
Project("{8BC9CEB8-8B4A-11D0-8D11-00A0C91BC942}") = "TASK20", "TASK20\TASK20.vcxproj", "{2FBD28F1-C02D-45A9-9FEA-55E367043B2C}"
EndProject
Project("{8BC9CEB8-8B4A-11D0-8D11-00A0C91BC942}") = "TASK21", "TASK21\TASK21.vcxproj", "{5E2B79FE-7AE1-41E8-9655-53917E135758}"
EndProject
Project("{8BC9CEB8-8B4A-11D0-8D11-00A0C91BC942}") = "TASK22", "TASK22\TASK22.vcxproj", "{74298862-1F9C-428C-8337-5091575D06EC}"
EndProject
Project("{8BC9CEB8-8B4A-11D0-8D11-00A0C91BC942}") = "TASK23", "TASK23\TASK23.vcxproj", "{A9F39840-E587-43F3-A60F-284E2EC6003A}"
EndProject
Project("{8BC9CEB8-8B4A-11D0-8D11-00A0C91BC942}") = "TASK24", "TASK24\TASK24.vcxproj", "{5851F14D-D687-4882-A61D-4DD9A4614F56}"
EndProject
Global
	GlobalSection(SolutionConfigurationPlatforms) = preSolution
		Debug|x64 = Debug|x64
		Debug|x86 = Debug|x86
		Release|x64 = Release|x64
		Release|x86 = Release|x86
	EndGlobalSection
	GlobalSection(ProjectConfigurationPlatforms) = postSolution
		{AF8EF297-72F6-4C17-8EBB-C7349EF711E1}.Debug|x64.ActiveCfg = Debug|x64
		{AF8EF297-72F6-4C17-8EBB-C7349EF711E1}.Debug|x64.Build.0 = Debug|x64
		{AF8EF297-72F6-4C17-8EBB-C7349EF711E1}.Debug|x86.ActiveCfg = Debug|Win32
		{AF8EF297-72F6-4C17-8EBB-C7349EF711E1}.Debug|x86.Build.0 = Debug|Win32
		{AF8EF297-72F6-4C17-8EBB-C7349EF711E1}.Release|x64.ActiveCfg = Release|x64
		{AF8EF297-72F6-4C17-8EBB-C7349EF711E1}.Release|x64.Build.0 = Release|x64
		{AF8EF297-72F6-4C17-8EBB-C7349EF711E1}.Release|x86.ActiveCfg = Release|Win32
		{AF8EF297-72F6-4C17-8EBB-C7349EF711E1}.Release|x86.Build.0 = Release|Win32
		{D4AFE225-B713-4218-A14C-258F65FD559C}.Debug|x64.ActiveCfg = Debug|x64
		{D4AFE225-B713-4218-A14C-258F65FD559C}.Debug|x64.Build.0 = Debug|x64
		{D4AFE225-B713-4218-A14C-258F65FD559C}.Debug|x86.ActiveCfg = Debug|Win32
		{D4AFE225-B713-4218-A14C-258F65FD559C}.Debug|x86.Build.0 = Debug|Win32
		{D4AFE225-B713-4218-A14C-258F65FD559C}.Release|x64.ActiveCfg = Release|x64
		{D4AFE225-B713-4218-A14C-258F65FD559C}.Release|x64.Build.0 = Release|x64
		{D4AFE225-B713-4218-A14C-258F65FD559C}.Release|x86.ActiveCfg = Release|Win32
		{D4AFE225-B713-4218-A14C-258F65FD559C}.Release|x86.Build.0 = Release|Win32
		{E3927368-B9D8-4E63-9A6F-EC95096F0AAA}.Debug|x64.ActiveCfg = Debug|x64
		{E3927368-B9D8-4E63-9A6F-EC95096F0AAA}.Debug|x64.Build.0 = Debug|x64
		{E3927368-B9D8-4E63-9A6F-EC95096F0AAA}.Debug|x86.ActiveCfg = Debug|Win32
		{E3927368-B9D8-4E63-9A6F-EC95096F0AAA}.Debug|x86.Build.0 = Debug|Win32
		{E3927368-B9D8-4E63-9A6F-EC95096F0AAA}.Release|x64.ActiveCfg = Release|x64
		{E3927368-B9D8-4E63-9A6F-EC95096F0AAA}.Release|x64.Build.0 = Release|x64
		{E3927368-B9D8-4E63-9A6F-EC95096F0AAA}.Release|x86.ActiveCfg = Release|Win32
		{E3927368-B9D8-4E63-9A6F-EC95096F0AAA}.Release|x86.Build.0 = Release|Win32
		{C928241F-B4EC-43B0-8D46-1BB95C1E9545}.Debug|x64.ActiveCfg = Debug|x64
		{C928241F-B4EC-43B0-8D46-1BB95C1E9545}.Debug|x64.Build.0 = Debug|x64
		{C928241F-B4EC-43B0-8D46-1BB95C1E9545}.Debug|x86.ActiveCfg = Debug|Win32
		{C928241F-B4EC-43B0-8D46-1BB95C1E9545}.Debug|x86.Build.0 = Debug|Win32
		{C928241F-B4EC-43B0-8D46-1BB95C1E9545}.Release|x64.ActiveCfg = Release|x64
		{C928241F-B4EC-43B0-8D46-1BB95C1E9545}.Release|x64.Build.0 = Release|x64
		{C928241F-B4EC-43B0-8D46-1BB95C1E9545}.Release|x86.ActiveCfg = Release|Win32
		{C928241F-B4EC-43B0-8D46-1BB95C1E9545}.Release|x86.Build.0 = Release|Win32
		{BA2D13A6-FC2F-4148-9B25-1984BCC624D5}.Debug|x64.ActiveCfg = Debug|x64
		{BA2D13A6-FC2F-4148-9B25-1984BCC624D5}.Debug|x64.Build.0 = Debug|x64
		{BA2D13A6-FC2F-4148-9B25-1984BCC624D5}.Debug|x86.ActiveCfg = Debug|Win32
		{BA2D13A6-FC2F-4148-9B25-1984BCC624D5}.Debug|x86.Build.0 = Debug|Win32
		{BA2D13A6-FC2F-4148-9B25-1984BCC624D5}.Release|x64.ActiveCfg = Release|x64
		{BA2D13A6-FC2F-4148-9B25-1984BCC624D5}.Release|x64.Build.0 = Release|x64
		{BA2D13A6-FC2F-4148-9B25-1984BCC624D5}.Release|x86.ActiveCfg = Release|Win32
		{BA2D13A6-FC2F-4148-9B25-1984BCC624D5}.Release|x86.Build.0 = Release|Win32
		{A571D888-9993-4E5A-AB5C-E73FF150F824}.Debug|x64.ActiveCfg = Debug|x64
		{A571D888-9993-4E5A-AB5C-E73FF150F824}.Debug|x64.Build.0 = Debug|x64
		{A571D888-9993-4E5A-AB5C-E73FF150F824}.Debug|x86.ActiveCfg = Debug|Win32
		{A571D888-9993-4E5A-AB5C-E73FF150F824}.Debug|x86.Build.0 = Debug|Win32
		{A571D888-9993-4E5A-AB5C-E73FF150F824}.Release|x64.ActiveCfg = Release|x64
		{A571D888-9993-4E5A-AB5C-E73FF150F824}.Release|x64.Build.0 = Release|x64
		{A571D888-9993-4E5A-AB5C-E73FF150F824}.Release|x86.ActiveCfg = Release|Win32
		{A571D888-9993-4E5A-AB5C-E73FF150F824}.Release|x86.Build.0 = Release|Win32
		{3656A4D6-C8AD-4699-9CF2-9EFFCD2C5F83}.Debug|x64.ActiveCfg = Debug|x64
		{3656A4D6-C8AD-4699-9CF2-9EFFCD2C5F83}.Debug|x64.Build.0 = Debug|x64
		{3656A4D6-C8AD-4699-9CF2-9EFFCD2C5F83}.Debug|x86.ActiveCfg = Debug|Win32
		{3656A4D6-C8AD-4699-9CF2-9EFFCD2C5F83}.Debug|x86.Build.0 = Debug|Win32
		{3656A4D6-C8AD-4699-9CF2-9EFFCD2C5F83}.Release|x64.ActiveCfg = Release|x64
		{3656A4D6-C8AD-4699-9CF2-9EFFCD2C5F83}.Release|x64.Build.0 = Release|x64
		{3656A4D6-C8AD-4699-9CF2-9EFFCD2C5F83}.Release|x86.ActiveCfg = Release|Win32
		{3656A4D6-C8AD-4699-9CF2-9EFFCD2C5F83}.Release|x86.Build.0 = Release|Win32
		{2E7E8A65-2B02-4360-ADEE-BA75BCF8165E}.Debug|x64.ActiveCfg = Debug|x64
		{2E7E8A65-2B02-4360-ADEE-BA75BCF8165E}.Debug|x64.Build.0 = Debug|x64
		{2E7E8A65-2B02-4360-ADEE-BA75BCF8165E}.Debug|x86.ActiveCfg = Debug|Win32
		{2E7E8A65-2B02-4360-ADEE-BA75BCF8165E}.Debug|x86.Build.0 = Debug|Win32
		{2E7E8A65-2B02-4360-ADEE-BA75BCF8165E}.Release|x64.ActiveCfg = Release|x64
		{2E7E8A65-2B02-4360-ADEE-BA75BCF8165E}.Release|x64.Build.0 = Release|x64
		{2E7E8A65-2B02-4360-ADEE-BA75BCF8165E}.Release|x86.ActiveCfg = Release|Win32
		{2E7E8A65-2B02-4360-ADEE-BA75BCF8165E}.Release|x86.Build.0 = Release|Win32
		{CD2E8403-DBD8-4881-90C4-E9A2A4D72684}.Debug|x64.ActiveCfg = Debug|x64
		{CD2E8403-DBD8-4881-90C4-E9A2A4D72684}.Debug|x64.Build.0 = Debug|x64
		{CD2E8403-DBD8-4881-90C4-E9A2A4D72684}.Debug|x86.ActiveCfg = Debug|Win32
		{CD2E8403-DBD8-4881-90C4-E9A2A4D72684}.Debug|x86.Build.0 = Debug|Win32
		{CD2E8403-DBD8-4881-90C4-E9A2A4D72684}.Release|x64.ActiveCfg = Release|x64
		{CD2E8403-DBD8-4881-90C4-E9A2A4D72684}.Release|x64.Build.0 = Release|x64
		{CD2E8403-DBD8-4881-90C4-E9A2A4D72684}.Release|x86.ActiveCfg = Release|Win32
		{CD2E8403-DBD8-4881-90C4-E9A2A4D72684}.Release|x86.Build.0 = Release|Win32
		{B443408F-F13C-4490-94E3-F83C7E3E1E47}.Debug|x64.ActiveCfg = Debug|x64
		{B443408F-F13C-4490-94E3-F83C7E3E1E47}.Debug|x64.Build.0 = Debug|x64
		{B443408F-F13C-4490-94E3-F83C7E3E1E47}.Debug|x86.ActiveCfg = Debug|Win32
		{B443408F-F13C-4490-94E3-F83C7E3E1E47}.Debug|x86.Build.0 = Debug|Win32
		{B443408F-F13C-4490-94E3-F83C7E3E1E47}.Release|x64.ActiveCfg = Release|x64
		{B443408F-F13C-4490-94E3-F83C7E3E1E47}.Release|x64.Build.0 = Release|x64
		{B443408F-F13C-4490-94E3-F83C7E3E1E47}.Release|x86.ActiveCfg = Release|Win32
		{B443408F-F13C-4490-94E3-F83C7E3E1E47}.Release|x86.Build.0 = Release|Win32
		{631E0E1F-61F9-4129-9EB3-DCF39B9B4191}.Debug|x64.ActiveCfg = Debug|x64
		{631E0E1F-61F9-4129-9EB3-DCF39B9B4191}.Debug|x64.Build.0 = Debug|x64
		{631E0E1F-61F9-4129-9EB3-DCF39B9B4191}.Debug|x86.ActiveCfg = Debug|Win32
		{631E0E1F-61F9-4129-9EB3-DCF39B9B4191}.Debug|x86.Build.0 = Debug|Win32
		{631E0E1F-61F9-4129-9EB3-DCF39B9B4191}.Release|x64.ActiveCfg = Release|x64
		{631E0E1F-61F9-4129-9EB3-DCF39B9B4191}.Release|x64.Build.0 = Release|x64
		{631E0E1F-61F9-4129-9EB3-DCF39B9B4191}.Release|x86.ActiveCfg = Release|Win32
		{631E0E1F-61F9-4129-9EB3-DCF39B9B4191}.Release|x86.Build.0 = Release|Win32
		{E94DBBDD-A3D9-4024-B706-4D78105D1FC5}.Debug|x64.ActiveCfg = Debug|x64
		{E94DBBDD-A3D9-4024-B706-4D78105D1FC5}.Debug|x64.Build.0 = Debug|x64
		{E94DBBDD-A3D9-4024-B706-4D78105D1FC5}.Debug|x86.ActiveCfg = Debug|Win32
		{E94DBBDD-A3D9-4024-B706-4D78105D1FC5}.Debug|x86.Build.0 = Debug|Win32
		{E94DBBDD-A3D9-4024-B706-4D78105D1FC5}.Release|x64.ActiveCfg = Release|x64
		{E94DBBDD-A3D9-4024-B706-4D78105D1FC5}.Release|x64.Build.0 = Release|x64
		{E94DBBDD-A3D9-4024-B706-4D78105D1FC5}.Release|x86.ActiveCfg = Release|Win32
		{E94DBBDD-A3D9-4024-B706-4D78105D1FC5}.Release|x86.Build.0 = Release|Win32
		{ECB5DCDA-DCC0-4154-83F6-008CDD214F61}.Debug|x64.ActiveCfg = Debug|x64
		{ECB5DCDA-DCC0-4154-83F6-008CDD214F61}.Debug|x64.Build.0 = Debug|x64
		{ECB5DCDA-DCC0-4154-83F6-008CDD214F61}.Debug|x86.ActiveCfg = Debug|Win32
		{ECB5DCDA-DCC0-4154-83F6-008CDD214F61}.Debug|x86.Build.0 = Debug|Win32
		{ECB5DCDA-DCC0-4154-83F6-008CDD214F61}.Release|x64.ActiveCfg = Release|x64
		{ECB5DCDA-DCC0-4154-83F6-008CDD214F61}.Release|x64.Build.0 = Release|x64
		{ECB5DCDA-DCC0-4154-83F6-008CDD214F61}.Release|x86.ActiveCfg = Release|Win32
		{ECB5DCDA-DCC0-4154-83F6-008CDD214F61}.Release|x86.Build.0 = Release|Win32
		{653041F6-490E-4304-A462-2825CBC37F19}.Debug|x64.ActiveCfg = Debug|x64
		{653041F6-490E-4304-A462-2825CBC37F19}.Debug|x64.Build.0 = Debug|x64
		{653041F6-490E-4304-A462-2825CBC37F19}.Debug|x86.ActiveCfg = Debug|Win32
		{653041F6-490E-4304-A462-2825CBC37F19}.Debug|x86.Build.0 = Debug|Win32
		{653041F6-490E-4304-A462-2825CBC37F19}.Release|x64.ActiveCfg = Release|x64
		{653041F6-490E-4304-A462-2825CBC37F19}.Release|x64.Build.0 = Release|x64
		{653041F6-490E-4304-A462-2825CBC37F19}.Release|x86.ActiveCfg = Release|Win32
		{653041F6-490E-4304-A462-2825CBC37F19}.Release|x86.Build.0 = Release|Win32
		{C9925E0F-D891-481A-A7B7-72CEF0B68DEB}.Debug|x64.ActiveCfg = Debug|x64
		{C9925E0F-D891-481A-A7B7-72CEF0B68DEB}.Debug|x64.Build.0 = Debug|x64
		{C9925E0F-D891-481A-A7B7-72CEF0B68DEB}.Debug|x86.ActiveCfg = Debug|Win32
		{C9925E0F-D891-481A-A7B7-72CEF0B68DEB}.Debug|x86.Build.0 = Debug|Win32
		{C9925E0F-D891-481A-A7B7-72CEF0B68DEB}.Release|x64.ActiveCfg = Release|x64
		{C9925E0F-D891-481A-A7B7-72CEF0B68DEB}.Release|x64.Build.0 = Release|x64
		{C9925E0F-D891-481A-A7B7-72CEF0B68DEB}.Release|x86.ActiveCfg = Release|Win32
		{C9925E0F-D891-481A-A7B7-72CEF0B68DEB}.Release|x86.Build.0 = Release|Win32
		{8E5CF1E3-A2D0-4079-B91A-9AB31B402707}.Debug|x64.ActiveCfg = Debug|x64
		{8E5CF1E3-A2D0-4079-B91A-9AB31B402707}.Debug|x64.Build.0 = Debug|x64
		{8E5CF1E3-A2D0-4079-B91A-9AB31B402707}.Debug|x86.ActiveCfg = Debug|Win32
		{8E5CF1E3-A2D0-4079-B91A-9AB31B402707}.Debug|x86.Build.0 = Debug|Win32
		{8E5CF1E3-A2D0-4079-B91A-9AB31B402707}.Release|x64.ActiveCfg = Release|x64
		{8E5CF1E3-A2D0-4079-B91A-9AB31B402707}.Release|x64.Build.0 = Release|x64
		{8E5CF1E3-A2D0-4079-B91A-9AB31B402707}.Release|x86.ActiveCfg = Release|Win32
		{8E5CF1E3-A2D0-4079-B91A-9AB31B402707}.Release|x86.Build.0 = Release|Win32
		{87C2A25E-4978-4686-9888-D13511EFFE53}.Debug|x64.ActiveCfg = Debug|x64
		{87C2A25E-4978-4686-9888-D13511EFFE53}.Debug|x64.Build.0 = Debug|x64
		{87C2A25E-4978-4686-9888-D13511EFFE53}.Debug|x86.ActiveCfg = Debug|Win32
		{87C2A25E-4978-4686-9888-D13511EFFE53}.Debug|x86.Build.0 = Debug|Win32
		{87C2A25E-4978-4686-9888-D13511EFFE53}.Release|x64.ActiveCfg = Release|x64
		{87C2A25E-4978-4686-9888-D13511EFFE53}.Release|x64.Build.0 = Release|x64
		{87C2A25E-4978-4686-9888-D13511EFFE53}.Release|x86.ActiveCfg = Release|Win32
		{87C2A25E-4978-4686-9888-D13511EFFE53}.Release|x86.Build.0 = Release|Win32
		{39270AE1-62C8-4861-96FB-81C990314046}.Debug|x64.ActiveCfg = Debug|x64
		{39270AE1-62C8-4861-96FB-81C990314046}.Debug|x64.Build.0 = Debug|x64
		{39270AE1-62C8-4861-96FB-81C990314046}.Debug|x86.ActiveCfg = Debug|Win32
		{39270AE1-62C8-4861-96FB-81C990314046}.Debug|x86.Build.0 = Debug|Win32
		{39270AE1-62C8-4861-96FB-81C990314046}.Release|x64.ActiveCfg = Release|x64
		{39270AE1-62C8-4861-96FB-81C990314046}.Release|x64.Build.0 = Release|x64
		{39270AE1-62C8-4861-96FB-81C990314046}.Release|x86.ActiveCfg = Release|Win32
		{39270AE1-62C8-4861-96FB-81C990314046}.Release|x86.Build.0 = Release|Win32
		{43CC8A0E-66BF-4579-9BAF-877C4B05485F}.Debug|x64.ActiveCfg = Debug|x64
		{43CC8A0E-66BF-4579-9BAF-877C4B05485F}.Debug|x64.Build.0 = Debug|x64
		{43CC8A0E-66BF-4579-9BAF-877C4B05485F}.Debug|x86.ActiveCfg = Debug|Win32
		{43CC8A0E-66BF-4579-9BAF-877C4B05485F}.Debug|x86.Build.0 = Debug|Win32
		{43CC8A0E-66BF-4579-9BAF-877C4B05485F}.Release|x64.ActiveCfg = Release|x64
		{43CC8A0E-66BF-4579-9BAF-877C4B05485F}.Release|x64.Build.0 = Release|x64
		{43CC8A0E-66BF-4579-9BAF-877C4B05485F}.Release|x86.ActiveCfg = Release|Win32
		{43CC8A0E-66BF-4579-9BAF-877C4B05485F}.Release|x86.Build.0 = Release|Win32
		{2FBD28F1-C02D-45A9-9FEA-55E367043B2C}.Debug|x64.ActiveCfg = Debug|x64
		{2FBD28F1-C02D-45A9-9FEA-55E367043B2C}.Debug|x64.Build.0 = Debug|x64
		{2FBD28F1-C02D-45A9-9FEA-55E367043B2C}.Debug|x86.ActiveCfg = Debug|Win32
		{2FBD28F1-C02D-45A9-9FEA-55E367043B2C}.Debug|x86.Build.0 = Debug|Win32
		{2FBD28F1-C02D-45A9-9FEA-55E367043B2C}.Release|x64.ActiveCfg = Release|x64
		{2FBD28F1-C02D-45A9-9FEA-55E367043B2C}.Release|x64.Build.0 = Release|x64
		{2FBD28F1-C02D-45A9-9FEA-55E367043B2C}.Release|x86.ActiveCfg = Release|Win32
		{2FBD28F1-C02D-45A9-9FEA-55E367043B2C}.Release|x86.Build.0 = Release|Win32
		{5E2B79FE-7AE1-41E8-9655-53917E135758}.Debug|x64.ActiveCfg = Debug|x64
		{5E2B79FE-7AE1-41E8-9655-53917E135758}.Debug|x64.Build.0 = Debug|x64
		{5E2B79FE-7AE1-41E8-9655-53917E135758}.Debug|x86.ActiveCfg = Debug|Win32
		{5E2B79FE-7AE1-41E8-9655-53917E135758}.Debug|x86.Build.0 = Debug|Win32
		{5E2B79FE-7AE1-41E8-9655-53917E135758}.Release|x64.ActiveCfg = Release|x64
		{5E2B79FE-7AE1-41E8-9655-53917E135758}.Release|x64.Build.0 = Release|x64
		{5E2B79FE-7AE1-41E8-9655-53917E135758}.Release|x86.ActiveCfg = Release|Win32
		{5E2B79FE-7AE1-41E8-9655-53917E135758}.Release|x86.Build.0 = Release|Win32
		{74298862-1F9C-428C-8337-5091575D06EC}.Debug|x64.ActiveCfg = Debug|x64
		{74298862-1F9C-428C-8337-5091575D06EC}.Debug|x64.Build.0 = Debug|x64
		{74298862-1F9C-428C-8337-5091575D06EC}.Debug|x86.ActiveCfg = Debug|Win32
		{74298862-1F9C-428C-8337-5091575D06EC}.Debug|x86.Build.0 = Debug|Win32
		{74298862-1F9C-428C-8337-5091575D06EC}.Release|x64.ActiveCfg = Release|x64
		{74298862-1F9C-428C-8337-5091575D06EC}.Release|x64.Build.0 = Release|x64
		{74298862-1F9C-428C-8337-5091575D06EC}.Release|x86.ActiveCfg = Release|Win32
		{74298862-1F9C-428C-8337-5091575D06EC}.Release|x86.Build.0 = Release|Win32
		{A9F39840-E587-43F3-A60F-284E2EC6003A}.Debug|x64.ActiveCfg = Debug|x64
		{A9F39840-E587-43F3-A60F-284E2EC6003A}.Debug|x64.Build.0 = Debug|x64
		{A9F39840-E587-43F3-A60F-284E2EC6003A}.Debug|x86.ActiveCfg = Debug|Win32
		{A9F39840-E587-43F3-A60F-284E2EC6003A}.Debug|x86.Build.0 = Debug|Win32
		{A9F39840-E587-43F3-A60F-284E2EC6003A}.Release|x64.ActiveCfg = Release|x64
		{A9F39840-E587-43F3-A60F-284E2EC6003A}.Release|x64.Build.0 = Release|x64
		{A9F39840-E587-43F3-A60F-284E2EC6003A}.Release|x86.ActiveCfg = Release|Win32
		{A9F39840-E587-43F3-A60F-284E2EC6003A}.Release|x86.Build.0 = Release|Win32
		{5851F14D-D687-4882-A61D-4DD9A4614F56}.Debug|x64.ActiveCfg = Debug|x64
		{5851F14D-D687-4882-A61D-4DD9A4614F56}.Debug|x64.Build.0 = Debug|x64
		{5851F14D-D687-4882-A61D-4DD9A4614F56}.Debug|x86.ActiveCfg = Debug|Win32
		{5851F14D-D687-4882-A61D-4DD9A4614F56}.Debug|x86.Build.0 = Debug|Win32
		{5851F14D-D687-4882-A61D-4DD9A4614F56}.Release|x64.ActiveCfg = Release|x64
		{5851F14D-D687-4882-A61D-4DD9A4614F56}.Release|x64.Build.0 = Release|x64
		{5851F14D-D687-4882-A61D-4DD9A4614F56}.Release|x86.ActiveCfg = Release|Win32
		{5851F14D-D687-4882-A61D-4DD9A4614F56}.Release|x86.Build.0 = Release|Win32
	EndGlobalSection
	GlobalSection(SolutionProperties) = preSolution
		HideSolutionNode = FALSE
	EndGlobalSection
	GlobalSection(ExtensibilityGlobals) = postSolution
		SolutionGuid = {EB466ED4-5ED0-4F05-9104-CBA795A38E19}
	EndGlobalSection
EndGlobal
