
Microsoft Visual Studio Solution File, Format Version 12.00
# Visual Studio Version 17
VisualStudioVersion = 17.5.33530.505
MinimumVisualStudioVersion = 10.0.40219.1
Project("{8BC9CEB8-8B4A-11D0-8D11-00A0C91BC942}") = "TASK01", "TASK01\TASK01.vcxproj", "{CCCE4D45-35DC-43ED-A596-1502A55EF1A6}"
EndProject
Project("{8BC9CEB8-8B4A-11D0-8D11-00A0C91BC942}") = "TASK02", "TASK02\TASK02.vcxproj", "{C0152169-0680-4092-86B7-C9BA5BFA0607}"
EndProject
Project("{8BC9CEB8-8B4A-11D0-8D11-00A0C91BC942}") = "TASK03", "TASK03\TASK03.vcxproj", "{7C3FD68B-3213-4C47-B945-B4DBAD07F926}"
EndProject
Project("{8BC9CEB8-8B4A-11D0-8D11-00A0C91BC942}") = "TASK04", "TASK04\TASK04.vcxproj", "{0917C667-3D46-43ED-828F-3DB56886593D}"
EndProject
Project("{8BC9CEB8-8B4A-11D0-8D11-00A0C91BC942}") = "TASK05", "TASK05\TASK05.vcxproj", "{C52D9755-E078-4F5E-9B56-BD9C5BB1CA51}"
EndProject
Project("{8BC9CEB8-8B4A-11D0-8D11-00A0C91BC942}") = "TASK06", "TASK06\TASK06.vcxproj", "{91A16C04-E124-49E0-A28E-70DFAA11BFF3}"
EndProject
Project("{8BC9CEB8-8B4A-11D0-8D11-00A0C91BC942}") = "TASK07", "TASK07\TASK07.vcxproj", "{B42289D7-32D9-4A91-8A42-BF7FA471ADAA}"
EndProject
Global
	GlobalSection(SolutionConfigurationPlatforms) = preSolution
		Debug|x64 = Debug|x64
		Debug|x86 = Debug|x86
		Release|x64 = Release|x64
		Release|x86 = Release|x86
	EndGlobalSection
	GlobalSection(ProjectConfigurationPlatforms) = postSolution
		{CCCE4D45-35DC-43ED-A596-1502A55EF1A6}.Debug|x64.ActiveCfg = Debug|x64
		{CCCE4D45-35DC-43ED-A596-1502A55EF1A6}.Debug|x64.Build.0 = Debug|x64
		{CCCE4D45-35DC-43ED-A596-1502A55EF1A6}.Debug|x86.ActiveCfg = Debug|Win32
		{CCCE4D45-35DC-43ED-A596-1502A55EF1A6}.Debug|x86.Build.0 = Debug|Win32
		{CCCE4D45-35DC-43ED-A596-1502A55EF1A6}.Release|x64.ActiveCfg = Release|x64
		{CCCE4D45-35DC-43ED-A596-1502A55EF1A6}.Release|x64.Build.0 = Release|x64
		{CCCE4D45-35DC-43ED-A596-1502A55EF1A6}.Release|x86.ActiveCfg = Release|Win32
		{CCCE4D45-35DC-43ED-A596-1502A55EF1A6}.Release|x86.Build.0 = Release|Win32
		{C0152169-0680-4092-86B7-C9BA5BFA0607}.Debug|x64.ActiveCfg = Debug|x64
		{C0152169-0680-4092-86B7-C9BA5BFA0607}.Debug|x64.Build.0 = Debug|x64
		{C0152169-0680-4092-86B7-C9BA5BFA0607}.Debug|x86.ActiveCfg = Debug|Win32
		{C0152169-0680-4092-86B7-C9BA5BFA0607}.Debug|x86.Build.0 = Debug|Win32
		{C0152169-0680-4092-86B7-C9BA5BFA0607}.Release|x64.ActiveCfg = Release|x64
		{C0152169-0680-4092-86B7-C9BA5BFA0607}.Release|x64.Build.0 = Release|x64
		{C0152169-0680-4092-86B7-C9BA5BFA0607}.Release|x86.ActiveCfg = Release|Win32
		{C0152169-0680-4092-86B7-C9BA5BFA0607}.Release|x86.Build.0 = Release|Win32
		{7C3FD68B-3213-4C47-B945-B4DBAD07F926}.Debug|x64.ActiveCfg = Debug|x64
		{7C3FD68B-3213-4C47-B945-B4DBAD07F926}.Debug|x64.Build.0 = Debug|x64
		{7C3FD68B-3213-4C47-B945-B4DBAD07F926}.Debug|x86.ActiveCfg = Debug|Win32
		{7C3FD68B-3213-4C47-B945-B4DBAD07F926}.Debug|x86.Build.0 = Debug|Win32
		{7C3FD68B-3213-4C47-B945-B4DBAD07F926}.Release|x64.ActiveCfg = Release|x64
		{7C3FD68B-3213-4C47-B945-B4DBAD07F926}.Release|x64.Build.0 = Release|x64
		{7C3FD68B-3213-4C47-B945-B4DBAD07F926}.Release|x86.ActiveCfg = Release|Win32
		{7C3FD68B-3213-4C47-B945-B4DBAD07F926}.Release|x86.Build.0 = Release|Win32
		{0917C667-3D46-43ED-828F-3DB56886593D}.Debug|x64.ActiveCfg = Debug|x64
		{0917C667-3D46-43ED-828F-3DB56886593D}.Debug|x64.Build.0 = Debug|x64
		{0917C667-3D46-43ED-828F-3DB56886593D}.Debug|x86.ActiveCfg = Debug|Win32
		{0917C667-3D46-43ED-828F-3DB56886593D}.Debug|x86.Build.0 = Debug|Win32
		{0917C667-3D46-43ED-828F-3DB56886593D}.Release|x64.ActiveCfg = Release|x64
		{0917C667-3D46-43ED-828F-3DB56886593D}.Release|x64.Build.0 = Release|x64
		{0917C667-3D46-43ED-828F-3DB56886593D}.Release|x86.ActiveCfg = Release|Win32
		{0917C667-3D46-43ED-828F-3DB56886593D}.Release|x86.Build.0 = Release|Win32
		{C52D9755-E078-4F5E-9B56-BD9C5BB1CA51}.Debug|x64.ActiveCfg = Debug|x64
		{C52D9755-E078-4F5E-9B56-BD9C5BB1CA51}.Debug|x64.Build.0 = Debug|x64
		{C52D9755-E078-4F5E-9B56-BD9C5BB1CA51}.Debug|x86.ActiveCfg = Debug|Win32
		{C52D9755-E078-4F5E-9B56-BD9C5BB1CA51}.Debug|x86.Build.0 = Debug|Win32
		{C52D9755-E078-4F5E-9B56-BD9C5BB1CA51}.Release|x64.ActiveCfg = Release|x64
		{C52D9755-E078-4F5E-9B56-BD9C5BB1CA51}.Release|x64.Build.0 = Release|x64
		{C52D9755-E078-4F5E-9B56-BD9C5BB1CA51}.Release|x86.ActiveCfg = Release|Win32
		{C52D9755-E078-4F5E-9B56-BD9C5BB1CA51}.Release|x86.Build.0 = Release|Win32
		{91A16C04-E124-49E0-A28E-70DFAA11BFF3}.Debug|x64.ActiveCfg = Debug|x64
		{91A16C04-E124-49E0-A28E-70DFAA11BFF3}.Debug|x64.Build.0 = Debug|x64
		{91A16C04-E124-49E0-A28E-70DFAA11BFF3}.Debug|x86.ActiveCfg = Debug|Win32
		{91A16C04-E124-49E0-A28E-70DFAA11BFF3}.Debug|x86.Build.0 = Debug|Win32
		{91A16C04-E124-49E0-A28E-70DFAA11BFF3}.Release|x64.ActiveCfg = Release|x64
		{91A16C04-E124-49E0-A28E-70DFAA11BFF3}.Release|x64.Build.0 = Release|x64
		{91A16C04-E124-49E0-A28E-70DFAA11BFF3}.Release|x86.ActiveCfg = Release|Win32
		{91A16C04-E124-49E0-A28E-70DFAA11BFF3}.Release|x86.Build.0 = Release|Win32
		{B42289D7-32D9-4A91-8A42-BF7FA471ADAA}.Debug|x64.ActiveCfg = Debug|x64
		{B42289D7-32D9-4A91-8A42-BF7FA471ADAA}.Debug|x64.Build.0 = Debug|x64
		{B42289D7-32D9-4A91-8A42-BF7FA471ADAA}.Debug|x86.ActiveCfg = Debug|Win32
		{B42289D7-32D9-4A91-8A42-BF7FA471ADAA}.Debug|x86.Build.0 = Debug|Win32
		{B42289D7-32D9-4A91-8A42-BF7FA471ADAA}.Release|x64.ActiveCfg = Release|x64
		{B42289D7-32D9-4A91-8A42-BF7FA471ADAA}.Release|x64.Build.0 = Release|x64
		{B42289D7-32D9-4A91-8A42-BF7FA471ADAA}.Release|x86.ActiveCfg = Release|Win32
		{B42289D7-32D9-4A91-8A42-BF7FA471ADAA}.Release|x86.Build.0 = Release|Win32
	EndGlobalSection
	GlobalSection(SolutionProperties) = preSolution
		HideSolutionNode = FALSE
	EndGlobalSection
	GlobalSection(ExtensibilityGlobals) = postSolution
		SolutionGuid = {219B2747-81EF-4303-A03B-EBDE3D89FA9F}
	EndGlobalSection
EndGlobal
