
Microsoft Visual Studio Solution File, Format Version 12.00
# Visual Studio Version 17
VisualStudioVersion = 17.5.33530.505
MinimumVisualStudioVersion = 10.0.40219.1
Project("{8BC9CEB8-8B4A-11D0-8D11-00A0C91BC942}") = "TASK01", "TASK01\TASK01.vcxproj", "{437B1B7B-26DA-4254-900F-39EB9BA22FA7}"
EndProject
Project("{8BC9CEB8-8B4A-11D0-8D11-00A0C91BC942}") = "TASK02", "TASK02\TASK02.vcxproj", "{197D48B7-C059-419D-A35A-3C23A4DE3270}"
EndProject
Project("{8BC9CEB8-8B4A-11D0-8D11-00A0C91BC942}") = "TASK03", "TASK03\TASK03.vcxproj", "{83211A73-42F5-4D66-841E-350B0024ED10}"
EndProject
Project("{8BC9CEB8-8B4A-11D0-8D11-00A0C91BC942}") = "TASK04", "TASK04\TASK04.vcxproj", "{7320115A-7D13-498A-999D-E574AFF97400}"
EndProject
Project("{8BC9CEB8-8B4A-11D0-8D11-00A0C91BC942}") = "TASK05", "TASK05\TASK05.vcxproj", "{8801BB67-C082-41CE-8983-1D370E92E9D1}"
EndProject
Project("{8BC9CEB8-8B4A-11D0-8D11-00A0C91BC942}") = "TASK06", "TASK06\TASK06.vcxproj", "{4985EAF9-53C0-4FAF-962C-2F351C96D81E}"
EndProject
Project("{8BC9CEB8-8B4A-11D0-8D11-00A0C91BC942}") = "TASK07", "TASK07\TASK07.vcxproj", "{D573E070-FDD6-4B36-B124-8DCAB12A38AC}"
EndProject
Project("{8BC9CEB8-8B4A-11D0-8D11-00A0C91BC942}") = "TASK08", "TASK08\TASK08.vcxproj", "{BA655B89-502A-4AD2-A4F2-F617FBFC4EA8}"
EndProject
Project("{8BC9CEB8-8B4A-11D0-8D11-00A0C91BC942}") = "TASK09", "TASK09\TASK09.vcxproj", "{75C789A2-6E77-421E-8550-FFB187AA76F1}"
EndProject
Project("{8BC9CEB8-8B4A-11D0-8D11-00A0C91BC942}") = "TASK10", "TASK10\TASK10.vcxproj", "{B11965B6-4E80-420B-BC95-6CC0C1FC6A79}"
EndProject
Global
	GlobalSection(SolutionConfigurationPlatforms) = preSolution
		Debug|x64 = Debug|x64
		Debug|x86 = Debug|x86
		Release|x64 = Release|x64
		Release|x86 = Release|x86
	EndGlobalSection
	GlobalSection(ProjectConfigurationPlatforms) = postSolution
		{437B1B7B-26DA-4254-900F-39EB9BA22FA7}.Debug|x64.ActiveCfg = Debug|x64
		{437B1B7B-26DA-4254-900F-39EB9BA22FA7}.Debug|x64.Build.0 = Debug|x64
		{437B1B7B-26DA-4254-900F-39EB9BA22FA7}.Debug|x86.ActiveCfg = Debug|Win32
		{437B1B7B-26DA-4254-900F-39EB9BA22FA7}.Debug|x86.Build.0 = Debug|Win32
		{437B1B7B-26DA-4254-900F-39EB9BA22FA7}.Release|x64.ActiveCfg = Release|x64
		{437B1B7B-26DA-4254-900F-39EB9BA22FA7}.Release|x64.Build.0 = Release|x64
		{437B1B7B-26DA-4254-900F-39EB9BA22FA7}.Release|x86.ActiveCfg = Release|Win32
		{437B1B7B-26DA-4254-900F-39EB9BA22FA7}.Release|x86.Build.0 = Release|Win32
		{197D48B7-C059-419D-A35A-3C23A4DE3270}.Debug|x64.ActiveCfg = Debug|x64
		{197D48B7-C059-419D-A35A-3C23A4DE3270}.Debug|x64.Build.0 = Debug|x64
		{197D48B7-C059-419D-A35A-3C23A4DE3270}.Debug|x86.ActiveCfg = Debug|Win32
		{197D48B7-C059-419D-A35A-3C23A4DE3270}.Debug|x86.Build.0 = Debug|Win32
		{197D48B7-C059-419D-A35A-3C23A4DE3270}.Release|x64.ActiveCfg = Release|x64
		{197D48B7-C059-419D-A35A-3C23A4DE3270}.Release|x64.Build.0 = Release|x64
		{197D48B7-C059-419D-A35A-3C23A4DE3270}.Release|x86.ActiveCfg = Release|Win32
		{197D48B7-C059-419D-A35A-3C23A4DE3270}.Release|x86.Build.0 = Release|Win32
		{83211A73-42F5-4D66-841E-350B0024ED10}.Debug|x64.ActiveCfg = Debug|x64
		{83211A73-42F5-4D66-841E-350B0024ED10}.Debug|x64.Build.0 = Debug|x64
		{83211A73-42F5-4D66-841E-350B0024ED10}.Debug|x86.ActiveCfg = Debug|Win32
		{83211A73-42F5-4D66-841E-350B0024ED10}.Debug|x86.Build.0 = Debug|Win32
		{83211A73-42F5-4D66-841E-350B0024ED10}.Release|x64.ActiveCfg = Release|x64
		{83211A73-42F5-4D66-841E-350B0024ED10}.Release|x64.Build.0 = Release|x64
		{83211A73-42F5-4D66-841E-350B0024ED10}.Release|x86.ActiveCfg = Release|Win32
		{83211A73-42F5-4D66-841E-350B0024ED10}.Release|x86.Build.0 = Release|Win32
		{7320115A-7D13-498A-999D-E574AFF97400}.Debug|x64.ActiveCfg = Debug|x64
		{7320115A-7D13-498A-999D-E574AFF97400}.Debug|x64.Build.0 = Debug|x64
		{7320115A-7D13-498A-999D-E574AFF97400}.Debug|x86.ActiveCfg = Debug|Win32
		{7320115A-7D13-498A-999D-E574AFF97400}.Debug|x86.Build.0 = Debug|Win32
		{7320115A-7D13-498A-999D-E574AFF97400}.Release|x64.ActiveCfg = Release|x64
		{7320115A-7D13-498A-999D-E574AFF97400}.Release|x64.Build.0 = Release|x64
		{7320115A-7D13-498A-999D-E574AFF97400}.Release|x86.ActiveCfg = Release|Win32
		{7320115A-7D13-498A-999D-E574AFF97400}.Release|x86.Build.0 = Release|Win32
		{8801BB67-C082-41CE-8983-1D370E92E9D1}.Debug|x64.ActiveCfg = Debug|x64
		{8801BB67-C082-41CE-8983-1D370E92E9D1}.Debug|x64.Build.0 = Debug|x64
		{8801BB67-C082-41CE-8983-1D370E92E9D1}.Debug|x86.ActiveCfg = Debug|Win32
		{8801BB67-C082-41CE-8983-1D370E92E9D1}.Debug|x86.Build.0 = Debug|Win32
		{8801BB67-C082-41CE-8983-1D370E92E9D1}.Release|x64.ActiveCfg = Release|x64
		{8801BB67-C082-41CE-8983-1D370E92E9D1}.Release|x64.Build.0 = Release|x64
		{8801BB67-C082-41CE-8983-1D370E92E9D1}.Release|x86.ActiveCfg = Release|Win32
		{8801BB67-C082-41CE-8983-1D370E92E9D1}.Release|x86.Build.0 = Release|Win32
		{4985EAF9-53C0-4FAF-962C-2F351C96D81E}.Debug|x64.ActiveCfg = Debug|x64
		{4985EAF9-53C0-4FAF-962C-2F351C96D81E}.Debug|x64.Build.0 = Debug|x64
		{4985EAF9-53C0-4FAF-962C-2F351C96D81E}.Debug|x86.ActiveCfg = Debug|Win32
		{4985EAF9-53C0-4FAF-962C-2F351C96D81E}.Debug|x86.Build.0 = Debug|Win32
		{4985EAF9-53C0-4FAF-962C-2F351C96D81E}.Release|x64.ActiveCfg = Release|x64
		{4985EAF9-53C0-4FAF-962C-2F351C96D81E}.Release|x64.Build.0 = Release|x64
		{4985EAF9-53C0-4FAF-962C-2F351C96D81E}.Release|x86.ActiveCfg = Release|Win32
		{4985EAF9-53C0-4FAF-962C-2F351C96D81E}.Release|x86.Build.0 = Release|Win32
		{D573E070-FDD6-4B36-B124-8DCAB12A38AC}.Debug|x64.ActiveCfg = Debug|x64
		{D573E070-FDD6-4B36-B124-8DCAB12A38AC}.Debug|x64.Build.0 = Debug|x64
		{D573E070-FDD6-4B36-B124-8DCAB12A38AC}.Debug|x86.ActiveCfg = Debug|Win32
		{D573E070-FDD6-4B36-B124-8DCAB12A38AC}.Debug|x86.Build.0 = Debug|Win32
		{D573E070-FDD6-4B36-B124-8DCAB12A38AC}.Release|x64.ActiveCfg = Release|x64
		{D573E070-FDD6-4B36-B124-8DCAB12A38AC}.Release|x64.Build.0 = Release|x64
		{D573E070-FDD6-4B36-B124-8DCAB12A38AC}.Release|x86.ActiveCfg = Release|Win32
		{D573E070-FDD6-4B36-B124-8DCAB12A38AC}.Release|x86.Build.0 = Release|Win32
		{BA655B89-502A-4AD2-A4F2-F617FBFC4EA8}.Debug|x64.ActiveCfg = Debug|x64
		{BA655B89-502A-4AD2-A4F2-F617FBFC4EA8}.Debug|x64.Build.0 = Debug|x64
		{BA655B89-502A-4AD2-A4F2-F617FBFC4EA8}.Debug|x86.ActiveCfg = Debug|Win32
		{BA655B89-502A-4AD2-A4F2-F617FBFC4EA8}.Debug|x86.Build.0 = Debug|Win32
		{BA655B89-502A-4AD2-A4F2-F617FBFC4EA8}.Release|x64.ActiveCfg = Release|x64
		{BA655B89-502A-4AD2-A4F2-F617FBFC4EA8}.Release|x64.Build.0 = Release|x64
		{BA655B89-502A-4AD2-A4F2-F617FBFC4EA8}.Release|x86.ActiveCfg = Release|Win32
		{BA655B89-502A-4AD2-A4F2-F617FBFC4EA8}.Release|x86.Build.0 = Release|Win32
		{75C789A2-6E77-421E-8550-FFB187AA76F1}.Debug|x64.ActiveCfg = Debug|x64
		{75C789A2-6E77-421E-8550-FFB187AA76F1}.Debug|x64.Build.0 = Debug|x64
		{75C789A2-6E77-421E-8550-FFB187AA76F1}.Debug|x86.ActiveCfg = Debug|Win32
		{75C789A2-6E77-421E-8550-FFB187AA76F1}.Debug|x86.Build.0 = Debug|Win32
		{75C789A2-6E77-421E-8550-FFB187AA76F1}.Release|x64.ActiveCfg = Release|x64
		{75C789A2-6E77-421E-8550-FFB187AA76F1}.Release|x64.Build.0 = Release|x64
		{75C789A2-6E77-421E-8550-FFB187AA76F1}.Release|x86.ActiveCfg = Release|Win32
		{75C789A2-6E77-421E-8550-FFB187AA76F1}.Release|x86.Build.0 = Release|Win32
		{B11965B6-4E80-420B-BC95-6CC0C1FC6A79}.Debug|x64.ActiveCfg = Debug|x64
		{B11965B6-4E80-420B-BC95-6CC0C1FC6A79}.Debug|x64.Build.0 = Debug|x64
		{B11965B6-4E80-420B-BC95-6CC0C1FC6A79}.Debug|x86.ActiveCfg = Debug|Win32
		{B11965B6-4E80-420B-BC95-6CC0C1FC6A79}.Debug|x86.Build.0 = Debug|Win32
		{B11965B6-4E80-420B-BC95-6CC0C1FC6A79}.Release|x64.ActiveCfg = Release|x64
		{B11965B6-4E80-420B-BC95-6CC0C1FC6A79}.Release|x64.Build.0 = Release|x64
		{B11965B6-4E80-420B-BC95-6CC0C1FC6A79}.Release|x86.ActiveCfg = Release|Win32
		{B11965B6-4E80-420B-BC95-6CC0C1FC6A79}.Release|x86.Build.0 = Release|Win32
	EndGlobalSection
	GlobalSection(SolutionProperties) = preSolution
		HideSolutionNode = FALSE
	EndGlobalSection
	GlobalSection(ExtensibilityGlobals) = postSolution
		SolutionGuid = {52FDB0DC-2CD5-470B-A052-6396A935DB7B}
	EndGlobalSection
EndGlobal
