
Microsoft Visual Studio Solution File, Format Version 12.00
# Visual Studio Version 17
VisualStudioVersion = 17.5.33530.505
MinimumVisualStudioVersion = 10.0.40219.1
Project("{8BC9CEB8-8B4A-11D0-8D11-00A0C91BC942}") = "TASK01", "TASK01\TASK01.vcxproj", "{D87D6CAD-1572-464A-9E82-85D909DA11A8}"
EndProject
Project("{8BC9CEB8-8B4A-11D0-8D11-00A0C91BC942}") = "TASK02", "TASK02\TASK02.vcxproj", "{5AE2399C-10C8-4F5C-978B-8299A74DDCCE}"
EndProject
Project("{8BC9CEB8-8B4A-11D0-8D11-00A0C91BC942}") = "TASK03", "TASK03\TASK03.vcxproj", "{E9E33DFA-8E9E-4E4A-B260-09CDEAE86F90}"
EndProject
Project("{8BC9CEB8-8B4A-11D0-8D11-00A0C91BC942}") = "TASK04", "TASK04\TASK04.vcxproj", "{0367873D-88B2-4EFB-89E8-567C96941DE6}"
EndProject
Project("{8BC9CEB8-8B4A-11D0-8D11-00A0C91BC942}") = "TASK05", "TASK05\TASK05.vcxproj", "{56F58069-5FAA-4F35-AC99-D992668C6A1C}"
EndProject
Project("{8BC9CEB8-8B4A-11D0-8D11-00A0C91BC942}") = "TASK06", "TASK06\TASK06.vcxproj", "{19F4DC8E-C167-4127-BE44-9CD591685951}"
EndProject
Project("{8BC9CEB8-8B4A-11D0-8D11-00A0C91BC942}") = "TASK07", "TASK07\TASK07.vcxproj", "{6B36BFC8-1D95-405D-9B29-18D174DE6D09}"
EndProject
Project("{8BC9CEB8-8B4A-11D0-8D11-00A0C91BC942}") = "TASK08", "TASK08\TASK08.vcxproj", "{7AF91064-8720-4A2C-B821-1D13DFB17F07}"
EndProject
Project("{8BC9CEB8-8B4A-11D0-8D11-00A0C91BC942}") = "TASK09", "TASK09\TASK09.vcxproj", "{E27EE407-D90A-4AE0-86BB-E948C924A28F}"
EndProject
Project("{8BC9CEB8-8B4A-11D0-8D11-00A0C91BC942}") = "TASK10", "TASK10\TASK10.vcxproj", "{2AA326C7-E4E6-4B82-A6A1-13C1F61B1EDF}"
EndProject
Project("{8BC9CEB8-8B4A-11D0-8D11-00A0C91BC942}") = "TASK11", "TASK11\TASK11.vcxproj", "{6EA30C23-C019-41AF-9025-D7AA6BE17F77}"
EndProject
Project("{8BC9CEB8-8B4A-11D0-8D11-00A0C91BC942}") = "TASK12", "TASK12\TASK12.vcxproj", "{8C381D6C-66A0-42D7-974D-0B00B4D1DD65}"
EndProject
Project("{8BC9CEB8-8B4A-11D0-8D11-00A0C91BC942}") = "TASK13", "TASK13\TASK13.vcxproj", "{EB317318-43D3-49A0-8645-6DCA80B3EAF6}"
EndProject
Project("{8BC9CEB8-8B4A-11D0-8D11-00A0C91BC942}") = "TASK14", "TASK14\TASK14.vcxproj", "{049FED4D-B339-465E-A4BC-24ABF6E58257}"
EndProject
Project("{8BC9CEB8-8B4A-11D0-8D11-00A0C91BC942}") = "TASK15", "TASK15\TASK15.vcxproj", "{E35DE3AD-2083-4DA1-90B8-0E102FB7B7B0}"
EndProject
Project("{8BC9CEB8-8B4A-11D0-8D11-00A0C91BC942}") = "TASK16", "TASK16\TASK16.vcxproj", "{EB934363-7DF9-4A50-AB09-81B6DCD40F9B}"
EndProject
Project("{8BC9CEB8-8B4A-11D0-8D11-00A0C91BC942}") = "TASK17", "TASK17\TASK17.vcxproj", "{842708FB-41B9-45E7-AB13-E929B5319B35}"
EndProject
Project("{8BC9CEB8-8B4A-11D0-8D11-00A0C91BC942}") = "TASK18", "TASK18\TASK18.vcxproj", "{F56DC76D-C885-4BD2-958E-0B8E9CA9A94B}"
EndProject
Project("{8BC9CEB8-8B4A-11D0-8D11-00A0C91BC942}") = "TASK19", "TASK19\TASK19.vcxproj", "{CC0ACB4D-8360-4B6A-A766-E728D2CD9F21}"
EndProject
Project("{8BC9CEB8-8B4A-11D0-8D11-00A0C91BC942}") = "TASK20", "TASK20\TASK20.vcxproj", "{76E3B7D3-8C8D-44D6-B4F5-1F9C0730A6C6}"
EndProject
Project("{8BC9CEB8-8B4A-11D0-8D11-00A0C91BC942}") = "TASK21", "TASK21\TASK21.vcxproj", "{81DD5719-3152-414C-90C7-8A1C1D757A7F}"
EndProject
Project("{8BC9CEB8-8B4A-11D0-8D11-00A0C91BC942}") = "TASK22", "TASK22\TASK22.vcxproj", "{82358C20-93AB-47B0-B14E-566A2ECC92F4}"
EndProject
Project("{8BC9CEB8-8B4A-11D0-8D11-00A0C91BC942}") = "TASK23", "TASK23\TASK23.vcxproj", "{795A8774-F772-41C9-9E07-8FBF58B94A97}"
EndProject
Project("{8BC9CEB8-8B4A-11D0-8D11-00A0C91BC942}") = "TASK24", "TASK24\TASK24.vcxproj", "{2CD2E090-71F3-4123-8F57-7530F6048CDA}"
EndProject
Global
	GlobalSection(SolutionConfigurationPlatforms) = preSolution
		Debug|x64 = Debug|x64
		Debug|x86 = Debug|x86
		Release|x64 = Release|x64
		Release|x86 = Release|x86
	EndGlobalSection
	GlobalSection(ProjectConfigurationPlatforms) = postSolution
		{D87D6CAD-1572-464A-9E82-85D909DA11A8}.Debug|x64.ActiveCfg = Debug|x64
		{D87D6CAD-1572-464A-9E82-85D909DA11A8}.Debug|x64.Build.0 = Debug|x64
		{D87D6CAD-1572-464A-9E82-85D909DA11A8}.Debug|x86.ActiveCfg = Debug|Win32
		{D87D6CAD-1572-464A-9E82-85D909DA11A8}.Debug|x86.Build.0 = Debug|Win32
		{D87D6CAD-1572-464A-9E82-85D909DA11A8}.Release|x64.ActiveCfg = Release|x64
		{D87D6CAD-1572-464A-9E82-85D909DA11A8}.Release|x64.Build.0 = Release|x64
		{D87D6CAD-1572-464A-9E82-85D909DA11A8}.Release|x86.ActiveCfg = Release|Win32
		{D87D6CAD-1572-464A-9E82-85D909DA11A8}.Release|x86.Build.0 = Release|Win32
		{5AE2399C-10C8-4F5C-978B-8299A74DDCCE}.Debug|x64.ActiveCfg = Debug|x64
		{5AE2399C-10C8-4F5C-978B-8299A74DDCCE}.Debug|x64.Build.0 = Debug|x64
		{5AE2399C-10C8-4F5C-978B-8299A74DDCCE}.Debug|x86.ActiveCfg = Debug|Win32
		{5AE2399C-10C8-4F5C-978B-8299A74DDCCE}.Debug|x86.Build.0 = Debug|Win32
		{5AE2399C-10C8-4F5C-978B-8299A74DDCCE}.Release|x64.ActiveCfg = Release|x64
		{5AE2399C-10C8-4F5C-978B-8299A74DDCCE}.Release|x64.Build.0 = Release|x64
		{5AE2399C-10C8-4F5C-978B-8299A74DDCCE}.Release|x86.ActiveCfg = Release|Win32
		{5AE2399C-10C8-4F5C-978B-8299A74DDCCE}.Release|x86.Build.0 = Release|Win32
		{E9E33DFA-8E9E-4E4A-B260-09CDEAE86F90}.Debug|x64.ActiveCfg = Debug|x64
		{E9E33DFA-8E9E-4E4A-B260-09CDEAE86F90}.Debug|x64.Build.0 = Debug|x64
		{E9E33DFA-8E9E-4E4A-B260-09CDEAE86F90}.Debug|x86.ActiveCfg = Debug|Win32
		{E9E33DFA-8E9E-4E4A-B260-09CDEAE86F90}.Debug|x86.Build.0 = Debug|Win32
		{E9E33DFA-8E9E-4E4A-B260-09CDEAE86F90}.Release|x64.ActiveCfg = Release|x64
		{E9E33DFA-8E9E-4E4A-B260-09CDEAE86F90}.Release|x64.Build.0 = Release|x64
		{E9E33DFA-8E9E-4E4A-B260-09CDEAE86F90}.Release|x86.ActiveCfg = Release|Win32
		{E9E33DFA-8E9E-4E4A-B260-09CDEAE86F90}.Release|x86.Build.0 = Release|Win32
		{0367873D-88B2-4EFB-89E8-567C96941DE6}.Debug|x64.ActiveCfg = Debug|x64
		{0367873D-88B2-4EFB-89E8-567C96941DE6}.Debug|x64.Build.0 = Debug|x64
		{0367873D-88B2-4EFB-89E8-567C96941DE6}.Debug|x86.ActiveCfg = Debug|Win32
		{0367873D-88B2-4EFB-89E8-567C96941DE6}.Debug|x86.Build.0 = Debug|Win32
		{0367873D-88B2-4EFB-89E8-567C96941DE6}.Release|x64.ActiveCfg = Release|x64
		{0367873D-88B2-4EFB-89E8-567C96941DE6}.Release|x64.Build.0 = Release|x64
		{0367873D-88B2-4EFB-89E8-567C96941DE6}.Release|x86.ActiveCfg = Release|Win32
		{0367873D-88B2-4EFB-89E8-567C96941DE6}.Release|x86.Build.0 = Release|Win32
		{56F58069-5FAA-4F35-AC99-D992668C6A1C}.Debug|x64.ActiveCfg = Debug|x64
		{56F58069-5FAA-4F35-AC99-D992668C6A1C}.Debug|x64.Build.0 = Debug|x64
		{56F58069-5FAA-4F35-AC99-D992668C6A1C}.Debug|x86.ActiveCfg = Debug|Win32
		{56F58069-5FAA-4F35-AC99-D992668C6A1C}.Debug|x86.Build.0 = Debug|Win32
		{56F58069-5FAA-4F35-AC99-D992668C6A1C}.Release|x64.ActiveCfg = Release|x64
		{56F58069-5FAA-4F35-AC99-D992668C6A1C}.Release|x64.Build.0 = Release|x64
		{56F58069-5FAA-4F35-AC99-D992668C6A1C}.Release|x86.ActiveCfg = Release|Win32
		{56F58069-5FAA-4F35-AC99-D992668C6A1C}.Release|x86.Build.0 = Release|Win32
		{19F4DC8E-C167-4127-BE44-9CD591685951}.Debug|x64.ActiveCfg = Debug|x64
		{19F4DC8E-C167-4127-BE44-9CD591685951}.Debug|x64.Build.0 = Debug|x64
		{19F4DC8E-C167-4127-BE44-9CD591685951}.Debug|x86.ActiveCfg = Debug|Win32
		{19F4DC8E-C167-4127-BE44-9CD591685951}.Debug|x86.Build.0 = Debug|Win32
		{19F4DC8E-C167-4127-BE44-9CD591685951}.Release|x64.ActiveCfg = Release|x64
		{19F4DC8E-C167-4127-BE44-9CD591685951}.Release|x64.Build.0 = Release|x64
		{19F4DC8E-C167-4127-BE44-9CD591685951}.Release|x86.ActiveCfg = Release|Win32
		{19F4DC8E-C167-4127-BE44-9CD591685951}.Release|x86.Build.0 = Release|Win32
		{6B36BFC8-1D95-405D-9B29-18D174DE6D09}.Debug|x64.ActiveCfg = Debug|x64
		{6B36BFC8-1D95-405D-9B29-18D174DE6D09}.Debug|x64.Build.0 = Debug|x64
		{6B36BFC8-1D95-405D-9B29-18D174DE6D09}.Debug|x86.ActiveCfg = Debug|Win32
		{6B36BFC8-1D95-405D-9B29-18D174DE6D09}.Debug|x86.Build.0 = Debug|Win32
		{6B36BFC8-1D95-405D-9B29-18D174DE6D09}.Release|x64.ActiveCfg = Release|x64
		{6B36BFC8-1D95-405D-9B29-18D174DE6D09}.Release|x64.Build.0 = Release|x64
		{6B36BFC8-1D95-405D-9B29-18D174DE6D09}.Release|x86.ActiveCfg = Release|Win32
		{6B36BFC8-1D95-405D-9B29-18D174DE6D09}.Release|x86.Build.0 = Release|Win32
		{7AF91064-8720-4A2C-B821-1D13DFB17F07}.Debug|x64.ActiveCfg = Debug|x64
		{7AF91064-8720-4A2C-B821-1D13DFB17F07}.Debug|x64.Build.0 = Debug|x64
		{7AF91064-8720-4A2C-B821-1D13DFB17F07}.Debug|x86.ActiveCfg = Debug|Win32
		{7AF91064-8720-4A2C-B821-1D13DFB17F07}.Debug|x86.Build.0 = Debug|Win32
		{7AF91064-8720-4A2C-B821-1D13DFB17F07}.Release|x64.ActiveCfg = Release|x64
		{7AF91064-8720-4A2C-B821-1D13DFB17F07}.Release|x64.Build.0 = Release|x64
		{7AF91064-8720-4A2C-B821-1D13DFB17F07}.Release|x86.ActiveCfg = Release|Win32
		{7AF91064-8720-4A2C-B821-1D13DFB17F07}.Release|x86.Build.0 = Release|Win32
		{E27EE407-D90A-4AE0-86BB-E948C924A28F}.Debug|x64.ActiveCfg = Debug|x64
		{E27EE407-D90A-4AE0-86BB-E948C924A28F}.Debug|x64.Build.0 = Debug|x64
		{E27EE407-D90A-4AE0-86BB-E948C924A28F}.Debug|x86.ActiveCfg = Debug|Win32
		{E27EE407-D90A-4AE0-86BB-E948C924A28F}.Debug|x86.Build.0 = Debug|Win32
		{E27EE407-D90A-4AE0-86BB-E948C924A28F}.Release|x64.ActiveCfg = Release|x64
		{E27EE407-D90A-4AE0-86BB-E948C924A28F}.Release|x64.Build.0 = Release|x64
		{E27EE407-D90A-4AE0-86BB-E948C924A28F}.Release|x86.ActiveCfg = Release|Win32
		{E27EE407-D90A-4AE0-86BB-E948C924A28F}.Release|x86.Build.0 = Release|Win32
		{2AA326C7-E4E6-4B82-A6A1-13C1F61B1EDF}.Debug|x64.ActiveCfg = Debug|x64
		{2AA326C7-E4E6-4B82-A6A1-13C1F61B1EDF}.Debug|x64.Build.0 = Debug|x64
		{2AA326C7-E4E6-4B82-A6A1-13C1F61B1EDF}.Debug|x86.ActiveCfg = Debug|Win32
		{2AA326C7-E4E6-4B82-A6A1-13C1F61B1EDF}.Debug|x86.Build.0 = Debug|Win32
		{2AA326C7-E4E6-4B82-A6A1-13C1F61B1EDF}.Release|x64.ActiveCfg = Release|x64
		{2AA326C7-E4E6-4B82-A6A1-13C1F61B1EDF}.Release|x64.Build.0 = Release|x64
		{2AA326C7-E4E6-4B82-A6A1-13C1F61B1EDF}.Release|x86.ActiveCfg = Release|Win32
		{2AA326C7-E4E6-4B82-A6A1-13C1F61B1EDF}.Release|x86.Build.0 = Release|Win32
		{6EA30C23-C019-41AF-9025-D7AA6BE17F77}.Debug|x64.ActiveCfg = Debug|x64
		{6EA30C23-C019-41AF-9025-D7AA6BE17F77}.Debug|x64.Build.0 = Debug|x64
		{6EA30C23-C019-41AF-9025-D7AA6BE17F77}.Debug|x86.ActiveCfg = Debug|Win32
		{6EA30C23-C019-41AF-9025-D7AA6BE17F77}.Debug|x86.Build.0 = Debug|Win32
		{6EA30C23-C019-41AF-9025-D7AA6BE17F77}.Release|x64.ActiveCfg = Release|x64
		{6EA30C23-C019-41AF-9025-D7AA6BE17F77}.Release|x64.Build.0 = Release|x64
		{6EA30C23-C019-41AF-9025-D7AA6BE17F77}.Release|x86.ActiveCfg = Release|Win32
		{6EA30C23-C019-41AF-9025-D7AA6BE17F77}.Release|x86.Build.0 = Release|Win32
		{8C381D6C-66A0-42D7-974D-0B00B4D1DD65}.Debug|x64.ActiveCfg = Debug|x64
		{8C381D6C-66A0-42D7-974D-0B00B4D1DD65}.Debug|x64.Build.0 = Debug|x64
		{8C381D6C-66A0-42D7-974D-0B00B4D1DD65}.Debug|x86.ActiveCfg = Debug|Win32
		{8C381D6C-66A0-42D7-974D-0B00B4D1DD65}.Debug|x86.Build.0 = Debug|Win32
		{8C381D6C-66A0-42D7-974D-0B00B4D1DD65}.Release|x64.ActiveCfg = Release|x64
		{8C381D6C-66A0-42D7-974D-0B00B4D1DD65}.Release|x64.Build.0 = Release|x64
		{8C381D6C-66A0-42D7-974D-0B00B4D1DD65}.Release|x86.ActiveCfg = Release|Win32
		{8C381D6C-66A0-42D7-974D-0B00B4D1DD65}.Release|x86.Build.0 = Release|Win32
		{EB317318-43D3-49A0-8645-6DCA80B3EAF6}.Debug|x64.ActiveCfg = Debug|x64
		{EB317318-43D3-49A0-8645-6DCA80B3EAF6}.Debug|x64.Build.0 = Debug|x64
		{EB317318-43D3-49A0-8645-6DCA80B3EAF6}.Debug|x86.ActiveCfg = Debug|Win32
		{EB317318-43D3-49A0-8645-6DCA80B3EAF6}.Debug|x86.Build.0 = Debug|Win32
		{EB317318-43D3-49A0-8645-6DCA80B3EAF6}.Release|x64.ActiveCfg = Release|x64
		{EB317318-43D3-49A0-8645-6DCA80B3EAF6}.Release|x64.Build.0 = Release|x64
		{EB317318-43D3-49A0-8645-6DCA80B3EAF6}.Release|x86.ActiveCfg = Release|Win32
		{EB317318-43D3-49A0-8645-6DCA80B3EAF6}.Release|x86.Build.0 = Release|Win32
		{049FED4D-B339-465E-A4BC-24ABF6E58257}.Debug|x64.ActiveCfg = Debug|x64
		{049FED4D-B339-465E-A4BC-24ABF6E58257}.Debug|x64.Build.0 = Debug|x64
		{049FED4D-B339-465E-A4BC-24ABF6E58257}.Debug|x86.ActiveCfg = Debug|Win32
		{049FED4D-B339-465E-A4BC-24ABF6E58257}.Debug|x86.Build.0 = Debug|Win32
		{049FED4D-B339-465E-A4BC-24ABF6E58257}.Release|x64.ActiveCfg = Release|x64
		{049FED4D-B339-465E-A4BC-24ABF6E58257}.Release|x64.Build.0 = Release|x64
		{049FED4D-B339-465E-A4BC-24ABF6E58257}.Release|x86.ActiveCfg = Release|Win32
		{049FED4D-B339-465E-A4BC-24ABF6E58257}.Release|x86.Build.0 = Release|Win32
		{E35DE3AD-2083-4DA1-90B8-0E102FB7B7B0}.Debug|x64.ActiveCfg = Debug|x64
		{E35DE3AD-2083-4DA1-90B8-0E102FB7B7B0}.Debug|x64.Build.0 = Debug|x64
		{E35DE3AD-2083-4DA1-90B8-0E102FB7B7B0}.Debug|x86.ActiveCfg = Debug|Win32
		{E35DE3AD-2083-4DA1-90B8-0E102FB7B7B0}.Debug|x86.Build.0 = Debug|Win32
		{E35DE3AD-2083-4DA1-90B8-0E102FB7B7B0}.Release|x64.ActiveCfg = Release|x64
		{E35DE3AD-2083-4DA1-90B8-0E102FB7B7B0}.Release|x64.Build.0 = Release|x64
		{E35DE3AD-2083-4DA1-90B8-0E102FB7B7B0}.Release|x86.ActiveCfg = Release|Win32
		{E35DE3AD-2083-4DA1-90B8-0E102FB7B7B0}.Release|x86.Build.0 = Release|Win32
		{EB934363-7DF9-4A50-AB09-81B6DCD40F9B}.Debug|x64.ActiveCfg = Debug|x64
		{EB934363-7DF9-4A50-AB09-81B6DCD40F9B}.Debug|x64.Build.0 = Debug|x64
		{EB934363-7DF9-4A50-AB09-81B6DCD40F9B}.Debug|x86.ActiveCfg = Debug|Win32
		{EB934363-7DF9-4A50-AB09-81B6DCD40F9B}.Debug|x86.Build.0 = Debug|Win32
		{EB934363-7DF9-4A50-AB09-81B6DCD40F9B}.Release|x64.ActiveCfg = Release|x64
		{EB934363-7DF9-4A50-AB09-81B6DCD40F9B}.Release|x64.Build.0 = Release|x64
		{EB934363-7DF9-4A50-AB09-81B6DCD40F9B}.Release|x86.ActiveCfg = Release|Win32
		{EB934363-7DF9-4A50-AB09-81B6DCD40F9B}.Release|x86.Build.0 = Release|Win32
		{842708FB-41B9-45E7-AB13-E929B5319B35}.Debug|x64.ActiveCfg = Debug|x64
		{842708FB-41B9-45E7-AB13-E929B5319B35}.Debug|x64.Build.0 = Debug|x64
		{842708FB-41B9-45E7-AB13-E929B5319B35}.Debug|x86.ActiveCfg = Debug|Win32
		{842708FB-41B9-45E7-AB13-E929B5319B35}.Debug|x86.Build.0 = Debug|Win32
		{842708FB-41B9-45E7-AB13-E929B5319B35}.Release|x64.ActiveCfg = Release|x64
		{842708FB-41B9-45E7-AB13-E929B5319B35}.Release|x64.Build.0 = Release|x64
		{842708FB-41B9-45E7-AB13-E929B5319B35}.Release|x86.ActiveCfg = Release|Win32
		{842708FB-41B9-45E7-AB13-E929B5319B35}.Release|x86.Build.0 = Release|Win32
		{F56DC76D-C885-4BD2-958E-0B8E9CA9A94B}.Debug|x64.ActiveCfg = Debug|x64
		{F56DC76D-C885-4BD2-958E-0B8E9CA9A94B}.Debug|x64.Build.0 = Debug|x64
		{F56DC76D-C885-4BD2-958E-0B8E9CA9A94B}.Debug|x86.ActiveCfg = Debug|Win32
		{F56DC76D-C885-4BD2-958E-0B8E9CA9A94B}.Debug|x86.Build.0 = Debug|Win32
		{F56DC76D-C885-4BD2-958E-0B8E9CA9A94B}.Release|x64.ActiveCfg = Release|x64
		{F56DC76D-C885-4BD2-958E-0B8E9CA9A94B}.Release|x64.Build.0 = Release|x64
		{F56DC76D-C885-4BD2-958E-0B8E9CA9A94B}.Release|x86.ActiveCfg = Release|Win32
		{F56DC76D-C885-4BD2-958E-0B8E9CA9A94B}.Release|x86.Build.0 = Release|Win32
		{CC0ACB4D-8360-4B6A-A766-E728D2CD9F21}.Debug|x64.ActiveCfg = Debug|x64
		{CC0ACB4D-8360-4B6A-A766-E728D2CD9F21}.Debug|x64.Build.0 = Debug|x64
		{CC0ACB4D-8360-4B6A-A766-E728D2CD9F21}.Debug|x86.ActiveCfg = Debug|Win32
		{CC0ACB4D-8360-4B6A-A766-E728D2CD9F21}.Debug|x86.Build.0 = Debug|Win32
		{CC0ACB4D-8360-4B6A-A766-E728D2CD9F21}.Release|x64.ActiveCfg = Release|x64
		{CC0ACB4D-8360-4B6A-A766-E728D2CD9F21}.Release|x64.Build.0 = Release|x64
		{CC0ACB4D-8360-4B6A-A766-E728D2CD9F21}.Release|x86.ActiveCfg = Release|Win32
		{CC0ACB4D-8360-4B6A-A766-E728D2CD9F21}.Release|x86.Build.0 = Release|Win32
		{76E3B7D3-8C8D-44D6-B4F5-1F9C0730A6C6}.Debug|x64.ActiveCfg = Debug|x64
		{76E3B7D3-8C8D-44D6-B4F5-1F9C0730A6C6}.Debug|x64.Build.0 = Debug|x64
		{76E3B7D3-8C8D-44D6-B4F5-1F9C0730A6C6}.Debug|x86.ActiveCfg = Debug|Win32
		{76E3B7D3-8C8D-44D6-B4F5-1F9C0730A6C6}.Debug|x86.Build.0 = Debug|Win32
		{76E3B7D3-8C8D-44D6-B4F5-1F9C0730A6C6}.Release|x64.ActiveCfg = Release|x64
		{76E3B7D3-8C8D-44D6-B4F5-1F9C0730A6C6}.Release|x64.Build.0 = Release|x64
		{76E3B7D3-8C8D-44D6-B4F5-1F9C0730A6C6}.Release|x86.ActiveCfg = Release|Win32
		{76E3B7D3-8C8D-44D6-B4F5-1F9C0730A6C6}.Release|x86.Build.0 = Release|Win32
		{81DD5719-3152-414C-90C7-8A1C1D757A7F}.Debug|x64.ActiveCfg = Debug|x64
		{81DD5719-3152-414C-90C7-8A1C1D757A7F}.Debug|x64.Build.0 = Debug|x64
		{81DD5719-3152-414C-90C7-8A1C1D757A7F}.Debug|x86.ActiveCfg = Debug|Win32
		{81DD5719-3152-414C-90C7-8A1C1D757A7F}.Debug|x86.Build.0 = Debug|Win32
		{81DD5719-3152-414C-90C7-8A1C1D757A7F}.Release|x64.ActiveCfg = Release|x64
		{81DD5719-3152-414C-90C7-8A1C1D757A7F}.Release|x64.Build.0 = Release|x64
		{81DD5719-3152-414C-90C7-8A1C1D757A7F}.Release|x86.ActiveCfg = Release|Win32
		{81DD5719-3152-414C-90C7-8A1C1D757A7F}.Release|x86.Build.0 = Release|Win32
		{82358C20-93AB-47B0-B14E-566A2ECC92F4}.Debug|x64.ActiveCfg = Debug|x64
		{82358C20-93AB-47B0-B14E-566A2ECC92F4}.Debug|x64.Build.0 = Debug|x64
		{82358C20-93AB-47B0-B14E-566A2ECC92F4}.Debug|x86.ActiveCfg = Debug|Win32
		{82358C20-93AB-47B0-B14E-566A2ECC92F4}.Debug|x86.Build.0 = Debug|Win32
		{82358C20-93AB-47B0-B14E-566A2ECC92F4}.Release|x64.ActiveCfg = Release|x64
		{82358C20-93AB-47B0-B14E-566A2ECC92F4}.Release|x64.Build.0 = Release|x64
		{82358C20-93AB-47B0-B14E-566A2ECC92F4}.Release|x86.ActiveCfg = Release|Win32
		{82358C20-93AB-47B0-B14E-566A2ECC92F4}.Release|x86.Build.0 = Release|Win32
		{795A8774-F772-41C9-9E07-8FBF58B94A97}.Debug|x64.ActiveCfg = Debug|x64
		{795A8774-F772-41C9-9E07-8FBF58B94A97}.Debug|x64.Build.0 = Debug|x64
		{795A8774-F772-41C9-9E07-8FBF58B94A97}.Debug|x86.ActiveCfg = Debug|Win32
		{795A8774-F772-41C9-9E07-8FBF58B94A97}.Debug|x86.Build.0 = Debug|Win32
		{795A8774-F772-41C9-9E07-8FBF58B94A97}.Release|x64.ActiveCfg = Release|x64
		{795A8774-F772-41C9-9E07-8FBF58B94A97}.Release|x64.Build.0 = Release|x64
		{795A8774-F772-41C9-9E07-8FBF58B94A97}.Release|x86.ActiveCfg = Release|Win32
		{795A8774-F772-41C9-9E07-8FBF58B94A97}.Release|x86.Build.0 = Release|Win32
		{2CD2E090-71F3-4123-8F57-7530F6048CDA}.Debug|x64.ActiveCfg = Debug|x64
		{2CD2E090-71F3-4123-8F57-7530F6048CDA}.Debug|x64.Build.0 = Debug|x64
		{2CD2E090-71F3-4123-8F57-7530F6048CDA}.Debug|x86.ActiveCfg = Debug|Win32
		{2CD2E090-71F3-4123-8F57-7530F6048CDA}.Debug|x86.Build.0 = Debug|Win32
		{2CD2E090-71F3-4123-8F57-7530F6048CDA}.Release|x64.ActiveCfg = Release|x64
		{2CD2E090-71F3-4123-8F57-7530F6048CDA}.Release|x64.Build.0 = Release|x64
		{2CD2E090-71F3-4123-8F57-7530F6048CDA}.Release|x86.ActiveCfg = Release|Win32
		{2CD2E090-71F3-4123-8F57-7530F6048CDA}.Release|x86.Build.0 = Release|Win32
	EndGlobalSection
	GlobalSection(SolutionProperties) = preSolution
		HideSolutionNode = FALSE
	EndGlobalSection
	GlobalSection(ExtensibilityGlobals) = postSolution
		SolutionGuid = {70BE902C-8729-4EC2-8F0A-055098699867}
	EndGlobalSection
EndGlobal
