
Microsoft Visual Studio Solution File, Format Version 12.00
# Visual Studio Version 17
VisualStudioVersion = 17.5.33530.505
MinimumVisualStudioVersion = 10.0.40219.1
Project("{8BC9CEB8-8B4A-11D0-8D11-00A0C91BC942}") = "TASK01", "TASK01\TASK01.vcxproj", "{763348A9-29F6-4699-A243-2CE9C24496AE}"
EndProject
Project("{8BC9CEB8-8B4A-11D0-8D11-00A0C91BC942}") = "TASK02", "TASK02\TASK02.vcxproj", "{93194BC6-D0F9-4BDB-9CD6-A1CDE908A20D}"
EndProject
Project("{8BC9CEB8-8B4A-11D0-8D11-00A0C91BC942}") = "TASK03", "TASK03\TASK03.vcxproj", "{B77D673A-7FB1-45E6-BD92-4C37C7820939}"
EndProject
Project("{8BC9CEB8-8B4A-11D0-8D11-00A0C91BC942}") = "TASK04", "TASK04\TASK04.vcxproj", "{464D92AC-35E5-466E-AAC9-27152989D322}"
EndProject
Project("{8BC9CEB8-8B4A-11D0-8D11-00A0C91BC942}") = "TASK05", "TASK05\TASK05.vcxproj", "{F47BAF6C-BC6D-491C-8239-1B8344187A9F}"
EndProject
Project("{8BC9CEB8-8B4A-11D0-8D11-00A0C91BC942}") = "TASK06", "TASK06\TASK06.vcxproj", "{8DD90D89-B5DE-461D-929C-1C1394CCD872}"
EndProject
Project("{8BC9CEB8-8B4A-11D0-8D11-00A0C91BC942}") = "TASK07", "TASK07\TASK07.vcxproj", "{A5ACA533-0F42-48FF-B9C5-2317DE075BE6}"
EndProject
Project("{8BC9CEB8-8B4A-11D0-8D11-00A0C91BC942}") = "TASK08", "TASK08\TASK08.vcxproj", "{59C80349-F000-411E-AA78-2D11BEB1772E}"
EndProject
Project("{8BC9CEB8-8B4A-11D0-8D11-00A0C91BC942}") = "TASK09", "TASK09\TASK09.vcxproj", "{D8AA7DED-0B1F-4E43-BFA5-9A4943FFA639}"
EndProject
Project("{8BC9CEB8-8B4A-11D0-8D11-00A0C91BC942}") = "TASK10", "TASK10\TASK10.vcxproj", "{AA488264-4106-4953-B7D8-86E08669B77C}"
EndProject
Project("{8BC9CEB8-8B4A-11D0-8D11-00A0C91BC942}") = "TASK11", "TASK11\TASK11.vcxproj", "{DD2D8917-19AC-4592-8043-3AD34264BBAD}"
EndProject
Project("{8BC9CEB8-8B4A-11D0-8D11-00A0C91BC942}") = "TASK12", "TASK12\TASK12.vcxproj", "{47544660-30E2-494A-A1A8-05DD773570E5}"
EndProject
Project("{8BC9CEB8-8B4A-11D0-8D11-00A0C91BC942}") = "TASK13", "TASK13\TASK13.vcxproj", "{73E420F9-EBF3-4A05-ADFC-57ED4EE6DB90}"
EndProject
Project("{8BC9CEB8-8B4A-11D0-8D11-00A0C91BC942}") = "TASK14", "TASK14\TASK14.vcxproj", "{43C85E6D-0CBC-4879-A55F-D6F2D34EEC72}"
EndProject
Project("{8BC9CEB8-8B4A-11D0-8D11-00A0C91BC942}") = "TASK15", "TASK15\TASK15.vcxproj", "{EE6C52E8-CFAA-49C9-9724-21B3E0EE921B}"
EndProject
Project("{8BC9CEB8-8B4A-11D0-8D11-00A0C91BC942}") = "TASK16", "TASK16\TASK16.vcxproj", "{87C3731C-4D9D-4513-BC9F-C68390270B81}"
EndProject
Project("{8BC9CEB8-8B4A-11D0-8D11-00A0C91BC942}") = "TASK17", "TASK17\TASK17.vcxproj", "{32C159DD-BE7B-48EE-8F9A-54BC902F1F31}"
EndProject
Global
	GlobalSection(SolutionConfigurationPlatforms) = preSolution
		Debug|x64 = Debug|x64
		Debug|x86 = Debug|x86
		Release|x64 = Release|x64
		Release|x86 = Release|x86
	EndGlobalSection
	GlobalSection(ProjectConfigurationPlatforms) = postSolution
		{763348A9-29F6-4699-A243-2CE9C24496AE}.Debug|x64.ActiveCfg = Debug|x64
		{763348A9-29F6-4699-A243-2CE9C24496AE}.Debug|x64.Build.0 = Debug|x64
		{763348A9-29F6-4699-A243-2CE9C24496AE}.Debug|x86.ActiveCfg = Debug|Win32
		{763348A9-29F6-4699-A243-2CE9C24496AE}.Debug|x86.Build.0 = Debug|Win32
		{763348A9-29F6-4699-A243-2CE9C24496AE}.Release|x64.ActiveCfg = Release|x64
		{763348A9-29F6-4699-A243-2CE9C24496AE}.Release|x64.Build.0 = Release|x64
		{763348A9-29F6-4699-A243-2CE9C24496AE}.Release|x86.ActiveCfg = Release|Win32
		{763348A9-29F6-4699-A243-2CE9C24496AE}.Release|x86.Build.0 = Release|Win32
		{93194BC6-D0F9-4BDB-9CD6-A1CDE908A20D}.Debug|x64.ActiveCfg = Debug|x64
		{93194BC6-D0F9-4BDB-9CD6-A1CDE908A20D}.Debug|x64.Build.0 = Debug|x64
		{93194BC6-D0F9-4BDB-9CD6-A1CDE908A20D}.Debug|x86.ActiveCfg = Debug|Win32
		{93194BC6-D0F9-4BDB-9CD6-A1CDE908A20D}.Debug|x86.Build.0 = Debug|Win32
		{93194BC6-D0F9-4BDB-9CD6-A1CDE908A20D}.Release|x64.ActiveCfg = Release|x64
		{93194BC6-D0F9-4BDB-9CD6-A1CDE908A20D}.Release|x64.Build.0 = Release|x64
		{93194BC6-D0F9-4BDB-9CD6-A1CDE908A20D}.Release|x86.ActiveCfg = Release|Win32
		{93194BC6-D0F9-4BDB-9CD6-A1CDE908A20D}.Release|x86.Build.0 = Release|Win32
		{B77D673A-7FB1-45E6-BD92-4C37C7820939}.Debug|x64.ActiveCfg = Debug|x64
		{B77D673A-7FB1-45E6-BD92-4C37C7820939}.Debug|x64.Build.0 = Debug|x64
		{B77D673A-7FB1-45E6-BD92-4C37C7820939}.Debug|x86.ActiveCfg = Debug|Win32
		{B77D673A-7FB1-45E6-BD92-4C37C7820939}.Debug|x86.Build.0 = Debug|Win32
		{B77D673A-7FB1-45E6-BD92-4C37C7820939}.Release|x64.ActiveCfg = Release|x64
		{B77D673A-7FB1-45E6-BD92-4C37C7820939}.Release|x64.Build.0 = Release|x64
		{B77D673A-7FB1-45E6-BD92-4C37C7820939}.Release|x86.ActiveCfg = Release|Win32
		{B77D673A-7FB1-45E6-BD92-4C37C7820939}.Release|x86.Build.0 = Release|Win32
		{464D92AC-35E5-466E-AAC9-27152989D322}.Debug|x64.ActiveCfg = Debug|x64
		{464D92AC-35E5-466E-AAC9-27152989D322}.Debug|x64.Build.0 = Debug|x64
		{464D92AC-35E5-466E-AAC9-27152989D322}.Debug|x86.ActiveCfg = Debug|Win32
		{464D92AC-35E5-466E-AAC9-27152989D322}.Debug|x86.Build.0 = Debug|Win32
		{464D92AC-35E5-466E-AAC9-27152989D322}.Release|x64.ActiveCfg = Release|x64
		{464D92AC-35E5-466E-AAC9-27152989D322}.Release|x64.Build.0 = Release|x64
		{464D92AC-35E5-466E-AAC9-27152989D322}.Release|x86.ActiveCfg = Release|Win32
		{464D92AC-35E5-466E-AAC9-27152989D322}.Release|x86.Build.0 = Release|Win32
		{F47BAF6C-BC6D-491C-8239-1B8344187A9F}.Debug|x64.ActiveCfg = Debug|x64
		{F47BAF6C-BC6D-491C-8239-1B8344187A9F}.Debug|x64.Build.0 = Debug|x64
		{F47BAF6C-BC6D-491C-8239-1B8344187A9F}.Debug|x86.ActiveCfg = Debug|Win32
		{F47BAF6C-BC6D-491C-8239-1B8344187A9F}.Debug|x86.Build.0 = Debug|Win32
		{F47BAF6C-BC6D-491C-8239-1B8344187A9F}.Release|x64.ActiveCfg = Release|x64
		{F47BAF6C-BC6D-491C-8239-1B8344187A9F}.Release|x64.Build.0 = Release|x64
		{F47BAF6C-BC6D-491C-8239-1B8344187A9F}.Release|x86.ActiveCfg = Release|Win32
		{F47BAF6C-BC6D-491C-8239-1B8344187A9F}.Release|x86.Build.0 = Release|Win32
		{8DD90D89-B5DE-461D-929C-1C1394CCD872}.Debug|x64.ActiveCfg = Debug|x64
		{8DD90D89-B5DE-461D-929C-1C1394CCD872}.Debug|x64.Build.0 = Debug|x64
		{8DD90D89-B5DE-461D-929C-1C1394CCD872}.Debug|x86.ActiveCfg = Debug|Win32
		{8DD90D89-B5DE-461D-929C-1C1394CCD872}.Debug|x86.Build.0 = Debug|Win32
		{8DD90D89-B5DE-461D-929C-1C1394CCD872}.Release|x64.ActiveCfg = Release|x64
		{8DD90D89-B5DE-461D-929C-1C1394CCD872}.Release|x64.Build.0 = Release|x64
		{8DD90D89-B5DE-461D-929C-1C1394CCD872}.Release|x86.ActiveCfg = Release|Win32
		{8DD90D89-B5DE-461D-929C-1C1394CCD872}.Release|x86.Build.0 = Release|Win32
		{A5ACA533-0F42-48FF-B9C5-2317DE075BE6}.Debug|x64.ActiveCfg = Debug|x64
		{A5ACA533-0F42-48FF-B9C5-2317DE075BE6}.Debug|x64.Build.0 = Debug|x64
		{A5ACA533-0F42-48FF-B9C5-2317DE075BE6}.Debug|x86.ActiveCfg = Debug|Win32
		{A5ACA533-0F42-48FF-B9C5-2317DE075BE6}.Debug|x86.Build.0 = Debug|Win32
		{A5ACA533-0F42-48FF-B9C5-2317DE075BE6}.Release|x64.ActiveCfg = Release|x64
		{A5ACA533-0F42-48FF-B9C5-2317DE075BE6}.Release|x64.Build.0 = Release|x64
		{A5ACA533-0F42-48FF-B9C5-2317DE075BE6}.Release|x86.ActiveCfg = Release|Win32
		{A5ACA533-0F42-48FF-B9C5-2317DE075BE6}.Release|x86.Build.0 = Release|Win32
		{59C80349-F000-411E-AA78-2D11BEB1772E}.Debug|x64.ActiveCfg = Debug|x64
		{59C80349-F000-411E-AA78-2D11BEB1772E}.Debug|x64.Build.0 = Debug|x64
		{59C80349-F000-411E-AA78-2D11BEB1772E}.Debug|x86.ActiveCfg = Debug|Win32
		{59C80349-F000-411E-AA78-2D11BEB1772E}.Debug|x86.Build.0 = Debug|Win32
		{59C80349-F000-411E-AA78-2D11BEB1772E}.Release|x64.ActiveCfg = Release|x64
		{59C80349-F000-411E-AA78-2D11BEB1772E}.Release|x64.Build.0 = Release|x64
		{59C80349-F000-411E-AA78-2D11BEB1772E}.Release|x86.ActiveCfg = Release|Win32
		{59C80349-F000-411E-AA78-2D11BEB1772E}.Release|x86.Build.0 = Release|Win32
		{D8AA7DED-0B1F-4E43-BFA5-9A4943FFA639}.Debug|x64.ActiveCfg = Debug|x64
		{D8AA7DED-0B1F-4E43-BFA5-9A4943FFA639}.Debug|x64.Build.0 = Debug|x64
		{D8AA7DED-0B1F-4E43-BFA5-9A4943FFA639}.Debug|x86.ActiveCfg = Debug|Win32
		{D8AA7DED-0B1F-4E43-BFA5-9A4943FFA639}.Debug|x86.Build.0 = Debug|Win32
		{D8AA7DED-0B1F-4E43-BFA5-9A4943FFA639}.Release|x64.ActiveCfg = Release|x64
		{D8AA7DED-0B1F-4E43-BFA5-9A4943FFA639}.Release|x64.Build.0 = Release|x64
		{D8AA7DED-0B1F-4E43-BFA5-9A4943FFA639}.Release|x86.ActiveCfg = Release|Win32
		{D8AA7DED-0B1F-4E43-BFA5-9A4943FFA639}.Release|x86.Build.0 = Release|Win32
		{AA488264-4106-4953-B7D8-86E08669B77C}.Debug|x64.ActiveCfg = Debug|x64
		{AA488264-4106-4953-B7D8-86E08669B77C}.Debug|x64.Build.0 = Debug|x64
		{AA488264-4106-4953-B7D8-86E08669B77C}.Debug|x86.ActiveCfg = Debug|Win32
		{AA488264-4106-4953-B7D8-86E08669B77C}.Debug|x86.Build.0 = Debug|Win32
		{AA488264-4106-4953-B7D8-86E08669B77C}.Release|x64.ActiveCfg = Release|x64
		{AA488264-4106-4953-B7D8-86E08669B77C}.Release|x64.Build.0 = Release|x64
		{AA488264-4106-4953-B7D8-86E08669B77C}.Release|x86.ActiveCfg = Release|Win32
		{AA488264-4106-4953-B7D8-86E08669B77C}.Release|x86.Build.0 = Release|Win32
		{DD2D8917-19AC-4592-8043-3AD34264BBAD}.Debug|x64.ActiveCfg = Debug|x64
		{DD2D8917-19AC-4592-8043-3AD34264BBAD}.Debug|x64.Build.0 = Debug|x64
		{DD2D8917-19AC-4592-8043-3AD34264BBAD}.Debug|x86.ActiveCfg = Debug|Win32
		{DD2D8917-19AC-4592-8043-3AD34264BBAD}.Debug|x86.Build.0 = Debug|Win32
		{DD2D8917-19AC-4592-8043-3AD34264BBAD}.Release|x64.ActiveCfg = Release|x64
		{DD2D8917-19AC-4592-8043-3AD34264BBAD}.Release|x64.Build.0 = Release|x64
		{DD2D8917-19AC-4592-8043-3AD34264BBAD}.Release|x86.ActiveCfg = Release|Win32
		{DD2D8917-19AC-4592-8043-3AD34264BBAD}.Release|x86.Build.0 = Release|Win32
		{47544660-30E2-494A-A1A8-05DD773570E5}.Debug|x64.ActiveCfg = Debug|x64
		{47544660-30E2-494A-A1A8-05DD773570E5}.Debug|x64.Build.0 = Debug|x64
		{47544660-30E2-494A-A1A8-05DD773570E5}.Debug|x86.ActiveCfg = Debug|Win32
		{47544660-30E2-494A-A1A8-05DD773570E5}.Debug|x86.Build.0 = Debug|Win32
		{47544660-30E2-494A-A1A8-05DD773570E5}.Release|x64.ActiveCfg = Release|x64
		{47544660-30E2-494A-A1A8-05DD773570E5}.Release|x64.Build.0 = Release|x64
		{47544660-30E2-494A-A1A8-05DD773570E5}.Release|x86.ActiveCfg = Release|Win32
		{47544660-30E2-494A-A1A8-05DD773570E5}.Release|x86.Build.0 = Release|Win32
		{73E420F9-EBF3-4A05-ADFC-57ED4EE6DB90}.Debug|x64.ActiveCfg = Debug|x64
		{73E420F9-EBF3-4A05-ADFC-57ED4EE6DB90}.Debug|x64.Build.0 = Debug|x64
		{73E420F9-EBF3-4A05-ADFC-57ED4EE6DB90}.Debug|x86.ActiveCfg = Debug|Win32
		{73E420F9-EBF3-4A05-ADFC-57ED4EE6DB90}.Debug|x86.Build.0 = Debug|Win32
		{73E420F9-EBF3-4A05-ADFC-57ED4EE6DB90}.Release|x64.ActiveCfg = Release|x64
		{73E420F9-EBF3-4A05-ADFC-57ED4EE6DB90}.Release|x64.Build.0 = Release|x64
		{73E420F9-EBF3-4A05-ADFC-57ED4EE6DB90}.Release|x86.ActiveCfg = Release|Win32
		{73E420F9-EBF3-4A05-ADFC-57ED4EE6DB90}.Release|x86.Build.0 = Release|Win32
		{43C85E6D-0CBC-4879-A55F-D6F2D34EEC72}.Debug|x64.ActiveCfg = Debug|x64
		{43C85E6D-0CBC-4879-A55F-D6F2D34EEC72}.Debug|x64.Build.0 = Debug|x64
		{43C85E6D-0CBC-4879-A55F-D6F2D34EEC72}.Debug|x86.ActiveCfg = Debug|Win32
		{43C85E6D-0CBC-4879-A55F-D6F2D34EEC72}.Debug|x86.Build.0 = Debug|Win32
		{43C85E6D-0CBC-4879-A55F-D6F2D34EEC72}.Release|x64.ActiveCfg = Release|x64
		{43C85E6D-0CBC-4879-A55F-D6F2D34EEC72}.Release|x64.Build.0 = Release|x64
		{43C85E6D-0CBC-4879-A55F-D6F2D34EEC72}.Release|x86.ActiveCfg = Release|Win32
		{43C85E6D-0CBC-4879-A55F-D6F2D34EEC72}.Release|x86.Build.0 = Release|Win32
		{EE6C52E8-CFAA-49C9-9724-21B3E0EE921B}.Debug|x64.ActiveCfg = Debug|x64
		{EE6C52E8-CFAA-49C9-9724-21B3E0EE921B}.Debug|x64.Build.0 = Debug|x64
		{EE6C52E8-CFAA-49C9-9724-21B3E0EE921B}.Debug|x86.ActiveCfg = Debug|Win32
		{EE6C52E8-CFAA-49C9-9724-21B3E0EE921B}.Debug|x86.Build.0 = Debug|Win32
		{EE6C52E8-CFAA-49C9-9724-21B3E0EE921B}.Release|x64.ActiveCfg = Release|x64
		{EE6C52E8-CFAA-49C9-9724-21B3E0EE921B}.Release|x64.Build.0 = Release|x64
		{EE6C52E8-CFAA-49C9-9724-21B3E0EE921B}.Release|x86.ActiveCfg = Release|Win32
		{EE6C52E8-CFAA-49C9-9724-21B3E0EE921B}.Release|x86.Build.0 = Release|Win32
		{87C3731C-4D9D-4513-BC9F-C68390270B81}.Debug|x64.ActiveCfg = Debug|x64
		{87C3731C-4D9D-4513-BC9F-C68390270B81}.Debug|x64.Build.0 = Debug|x64
		{87C3731C-4D9D-4513-BC9F-C68390270B81}.Debug|x86.ActiveCfg = Debug|Win32
		{87C3731C-4D9D-4513-BC9F-C68390270B81}.Debug|x86.Build.0 = Debug|Win32
		{87C3731C-4D9D-4513-BC9F-C68390270B81}.Release|x64.ActiveCfg = Release|x64
		{87C3731C-4D9D-4513-BC9F-C68390270B81}.Release|x64.Build.0 = Release|x64
		{87C3731C-4D9D-4513-BC9F-C68390270B81}.Release|x86.ActiveCfg = Release|Win32
		{87C3731C-4D9D-4513-BC9F-C68390270B81}.Release|x86.Build.0 = Release|Win32
		{32C159DD-BE7B-48EE-8F9A-54BC902F1F31}.Debug|x64.ActiveCfg = Debug|x64
		{32C159DD-BE7B-48EE-8F9A-54BC902F1F31}.Debug|x64.Build.0 = Debug|x64
		{32C159DD-BE7B-48EE-8F9A-54BC902F1F31}.Debug|x86.ActiveCfg = Debug|Win32
		{32C159DD-BE7B-48EE-8F9A-54BC902F1F31}.Debug|x86.Build.0 = Debug|Win32
		{32C159DD-BE7B-48EE-8F9A-54BC902F1F31}.Release|x64.ActiveCfg = Release|x64
		{32C159DD-BE7B-48EE-8F9A-54BC902F1F31}.Release|x64.Build.0 = Release|x64
		{32C159DD-BE7B-48EE-8F9A-54BC902F1F31}.Release|x86.ActiveCfg = Release|Win32
		{32C159DD-BE7B-48EE-8F9A-54BC902F1F31}.Release|x86.Build.0 = Release|Win32
	EndGlobalSection
	GlobalSection(SolutionProperties) = preSolution
		HideSolutionNode = FALSE
	EndGlobalSection
	GlobalSection(ExtensibilityGlobals) = postSolution
		SolutionGuid = {6AAB2DA1-6236-4CA2-A174-BA96A2B2DDC4}
	EndGlobalSection
EndGlobal
