
Microsoft Visual Studio Solution File, Format Version 12.00
# Visual Studio Version 17
VisualStudioVersion = 17.5.33530.505
MinimumVisualStudioVersion = 10.0.40219.1
Project("{8BC9CEB8-8B4A-11D0-8D11-00A0C91BC942}") = "TASK01", "TASK01\TASK01.vcxproj", "{3D29ADF7-75D1-428E-BA1C-8FE3B5344C66}"
EndProject
Project("{8BC9CEB8-8B4A-11D0-8D11-00A0C91BC942}") = "TASK02", "TASK02\TASK02.vcxproj", "{9E8A5ECD-C05A-49DE-891F-B3216087024E}"
EndProject
Project("{8BC9CEB8-8B4A-11D0-8D11-00A0C91BC942}") = "TASK03", "TASK03\TASK03.vcxproj", "{92D50A1F-4756-4555-A992-E6C1B49E8E74}"
EndProject
Project("{8BC9CEB8-8B4A-11D0-8D11-00A0C91BC942}") = "TASK04", "TASK04\TASK04.vcxproj", "{5274D3C6-CD7B-4F27-8283-5BC31E66DB60}"
EndProject
Project("{8BC9CEB8-8B4A-11D0-8D11-00A0C91BC942}") = "TASK05", "TASK05\TASK05.vcxproj", "{242970D5-FA92-447F-9FEC-94A4B476CEF1}"
EndProject
Project("{8BC9CEB8-8B4A-11D0-8D11-00A0C91BC942}") = "TASK06", "TASK06\TASK06.vcxproj", "{5E2DFA22-F8F1-428A-AD87-99A1B4B76B21}"
EndProject
Project("{8BC9CEB8-8B4A-11D0-8D11-00A0C91BC942}") = "TASK07", "TASK07\TASK07.vcxproj", "{BB632F6B-4380-42F2-A78F-38F65212F713}"
EndProject
Project("{8BC9CEB8-8B4A-11D0-8D11-00A0C91BC942}") = "TASK08", "TASK08\TASK08.vcxproj", "{2F367A0B-887D-4731-B17C-947B18A0A8E4}"
EndProject
Project("{8BC9CEB8-8B4A-11D0-8D11-00A0C91BC942}") = "TASK09", "TASK09\TASK09.vcxproj", "{041D0CC6-53E0-42B4-8B57-8360250FFFBB}"
EndProject
Project("{8BC9CEB8-8B4A-11D0-8D11-00A0C91BC942}") = "TASK10", "TASK10\TASK10.vcxproj", "{1DC8B2E5-1348-41BA-9FC8-C50557E5FBC6}"
EndProject
Project("{8BC9CEB8-8B4A-11D0-8D11-00A0C91BC942}") = "TASK11", "TASK11\TASK11.vcxproj", "{75C9DADB-D128-4099-AAC4-0A876DF9ADF7}"
EndProject
Project("{8BC9CEB8-8B4A-11D0-8D11-00A0C91BC942}") = "TASK12", "TASK12\TASK12.vcxproj", "{F644C101-5312-4015-B872-445830552580}"
EndProject
Project("{8BC9CEB8-8B4A-11D0-8D11-00A0C91BC942}") = "TASK13", "TASK13\TASK13.vcxproj", "{C44ECDB3-016A-4779-B8F5-F3B340C855D4}"
EndProject
Project("{8BC9CEB8-8B4A-11D0-8D11-00A0C91BC942}") = "TASK14", "TASK14\TASK14.vcxproj", "{0873BFC6-6550-4633-BC80-A3DEC6FEAADE}"
EndProject
Project("{8BC9CEB8-8B4A-11D0-8D11-00A0C91BC942}") = "TASK15", "TASK15\TASK15.vcxproj", "{E75D8630-BF04-4C6B-8B34-8CB355EC4EF9}"
EndProject
Project("{8BC9CEB8-8B4A-11D0-8D11-00A0C91BC942}") = "TASK16", "TASK16\TASK16.vcxproj", "{CDA6821B-CDB2-43FB-8985-3DB0FE586EE4}"
EndProject
Project("{8BC9CEB8-8B4A-11D0-8D11-00A0C91BC942}") = "TASK17", "TASK17\TASK17.vcxproj", "{736F00D0-0988-4335-AE79-8E3E61380F8E}"
EndProject
Project("{8BC9CEB8-8B4A-11D0-8D11-00A0C91BC942}") = "TASK18", "TASK18\TASK18.vcxproj", "{BB432A0D-CB61-4001-982C-DFC3DE2D88EC}"
EndProject
Project("{8BC9CEB8-8B4A-11D0-8D11-00A0C91BC942}") = "TASK19", "TASK19\TASK19.vcxproj", "{9F3A18F2-78B7-41A8-8A44-3CED0F28864B}"
EndProject
Project("{8BC9CEB8-8B4A-11D0-8D11-00A0C91BC942}") = "TASK20", "TASK20\TASK20.vcxproj", "{5368EA01-7E60-4356-8CE1-68B31D3192F3}"
EndProject
Global
	GlobalSection(SolutionConfigurationPlatforms) = preSolution
		Debug|x64 = Debug|x64
		Debug|x86 = Debug|x86
		Release|x64 = Release|x64
		Release|x86 = Release|x86
	EndGlobalSection
	GlobalSection(ProjectConfigurationPlatforms) = postSolution
		{3D29ADF7-75D1-428E-BA1C-8FE3B5344C66}.Debug|x64.ActiveCfg = Debug|x64
		{3D29ADF7-75D1-428E-BA1C-8FE3B5344C66}.Debug|x64.Build.0 = Debug|x64
		{3D29ADF7-75D1-428E-BA1C-8FE3B5344C66}.Debug|x86.ActiveCfg = Debug|Win32
		{3D29ADF7-75D1-428E-BA1C-8FE3B5344C66}.Debug|x86.Build.0 = Debug|Win32
		{3D29ADF7-75D1-428E-BA1C-8FE3B5344C66}.Release|x64.ActiveCfg = Release|x64
		{3D29ADF7-75D1-428E-BA1C-8FE3B5344C66}.Release|x64.Build.0 = Release|x64
		{3D29ADF7-75D1-428E-BA1C-8FE3B5344C66}.Release|x86.ActiveCfg = Release|Win32
		{3D29ADF7-75D1-428E-BA1C-8FE3B5344C66}.Release|x86.Build.0 = Release|Win32
		{9E8A5ECD-C05A-49DE-891F-B3216087024E}.Debug|x64.ActiveCfg = Debug|x64
		{9E8A5ECD-C05A-49DE-891F-B3216087024E}.Debug|x64.Build.0 = Debug|x64
		{9E8A5ECD-C05A-49DE-891F-B3216087024E}.Debug|x86.ActiveCfg = Debug|Win32
		{9E8A5ECD-C05A-49DE-891F-B3216087024E}.Debug|x86.Build.0 = Debug|Win32
		{9E8A5ECD-C05A-49DE-891F-B3216087024E}.Release|x64.ActiveCfg = Release|x64
		{9E8A5ECD-C05A-49DE-891F-B3216087024E}.Release|x64.Build.0 = Release|x64
		{9E8A5ECD-C05A-49DE-891F-B3216087024E}.Release|x86.ActiveCfg = Release|Win32
		{9E8A5ECD-C05A-49DE-891F-B3216087024E}.Release|x86.Build.0 = Release|Win32
		{92D50A1F-4756-4555-A992-E6C1B49E8E74}.Debug|x64.ActiveCfg = Debug|x64
		{92D50A1F-4756-4555-A992-E6C1B49E8E74}.Debug|x64.Build.0 = Debug|x64
		{92D50A1F-4756-4555-A992-E6C1B49E8E74}.Debug|x86.ActiveCfg = Debug|Win32
		{92D50A1F-4756-4555-A992-E6C1B49E8E74}.Debug|x86.Build.0 = Debug|Win32
		{92D50A1F-4756-4555-A992-E6C1B49E8E74}.Release|x64.ActiveCfg = Release|x64
		{92D50A1F-4756-4555-A992-E6C1B49E8E74}.Release|x64.Build.0 = Release|x64
		{92D50A1F-4756-4555-A992-E6C1B49E8E74}.Release|x86.ActiveCfg = Release|Win32
		{92D50A1F-4756-4555-A992-E6C1B49E8E74}.Release|x86.Build.0 = Release|Win32
		{5274D3C6-CD7B-4F27-8283-5BC31E66DB60}.Debug|x64.ActiveCfg = Debug|x64
		{5274D3C6-CD7B-4F27-8283-5BC31E66DB60}.Debug|x64.Build.0 = Debug|x64
		{5274D3C6-CD7B-4F27-8283-5BC31E66DB60}.Debug|x86.ActiveCfg = Debug|Win32
		{5274D3C6-CD7B-4F27-8283-5BC31E66DB60}.Debug|x86.Build.0 = Debug|Win32
		{5274D3C6-CD7B-4F27-8283-5BC31E66DB60}.Release|x64.ActiveCfg = Release|x64
		{5274D3C6-CD7B-4F27-8283-5BC31E66DB60}.Release|x64.Build.0 = Release|x64
		{5274D3C6-CD7B-4F27-8283-5BC31E66DB60}.Release|x86.ActiveCfg = Release|Win32
		{5274D3C6-CD7B-4F27-8283-5BC31E66DB60}.Release|x86.Build.0 = Release|Win32
		{242970D5-FA92-447F-9FEC-94A4B476CEF1}.Debug|x64.ActiveCfg = Debug|x64
		{242970D5-FA92-447F-9FEC-94A4B476CEF1}.Debug|x64.Build.0 = Debug|x64
		{242970D5-FA92-447F-9FEC-94A4B476CEF1}.Debug|x86.ActiveCfg = Debug|Win32
		{242970D5-FA92-447F-9FEC-94A4B476CEF1}.Debug|x86.Build.0 = Debug|Win32
		{242970D5-FA92-447F-9FEC-94A4B476CEF1}.Release|x64.ActiveCfg = Release|x64
		{242970D5-FA92-447F-9FEC-94A4B476CEF1}.Release|x64.Build.0 = Release|x64
		{242970D5-FA92-447F-9FEC-94A4B476CEF1}.Release|x86.ActiveCfg = Release|Win32
		{242970D5-FA92-447F-9FEC-94A4B476CEF1}.Release|x86.Build.0 = Release|Win32
		{5E2DFA22-F8F1-428A-AD87-99A1B4B76B21}.Debug|x64.ActiveCfg = Debug|x64
		{5E2DFA22-F8F1-428A-AD87-99A1B4B76B21}.Debug|x64.Build.0 = Debug|x64
		{5E2DFA22-F8F1-428A-AD87-99A1B4B76B21}.Debug|x86.ActiveCfg = Debug|Win32
		{5E2DFA22-F8F1-428A-AD87-99A1B4B76B21}.Debug|x86.Build.0 = Debug|Win32
		{5E2DFA22-F8F1-428A-AD87-99A1B4B76B21}.Release|x64.ActiveCfg = Release|x64
		{5E2DFA22-F8F1-428A-AD87-99A1B4B76B21}.Release|x64.Build.0 = Release|x64
		{5E2DFA22-F8F1-428A-AD87-99A1B4B76B21}.Release|x86.ActiveCfg = Release|Win32
		{5E2DFA22-F8F1-428A-AD87-99A1B4B76B21}.Release|x86.Build.0 = Release|Win32
		{BB632F6B-4380-42F2-A78F-38F65212F713}.Debug|x64.ActiveCfg = Debug|x64
		{BB632F6B-4380-42F2-A78F-38F65212F713}.Debug|x64.Build.0 = Debug|x64
		{BB632F6B-4380-42F2-A78F-38F65212F713}.Debug|x86.ActiveCfg = Debug|Win32
		{BB632F6B-4380-42F2-A78F-38F65212F713}.Debug|x86.Build.0 = Debug|Win32
		{BB632F6B-4380-42F2-A78F-38F65212F713}.Release|x64.ActiveCfg = Release|x64
		{BB632F6B-4380-42F2-A78F-38F65212F713}.Release|x64.Build.0 = Release|x64
		{BB632F6B-4380-42F2-A78F-38F65212F713}.Release|x86.ActiveCfg = Release|Win32
		{BB632F6B-4380-42F2-A78F-38F65212F713}.Release|x86.Build.0 = Release|Win32
		{2F367A0B-887D-4731-B17C-947B18A0A8E4}.Debug|x64.ActiveCfg = Debug|x64
		{2F367A0B-887D-4731-B17C-947B18A0A8E4}.Debug|x64.Build.0 = Debug|x64
		{2F367A0B-887D-4731-B17C-947B18A0A8E4}.Debug|x86.ActiveCfg = Debug|Win32
		{2F367A0B-887D-4731-B17C-947B18A0A8E4}.Debug|x86.Build.0 = Debug|Win32
		{2F367A0B-887D-4731-B17C-947B18A0A8E4}.Release|x64.ActiveCfg = Release|x64
		{2F367A0B-887D-4731-B17C-947B18A0A8E4}.Release|x64.Build.0 = Release|x64
		{2F367A0B-887D-4731-B17C-947B18A0A8E4}.Release|x86.ActiveCfg = Release|Win32
		{2F367A0B-887D-4731-B17C-947B18A0A8E4}.Release|x86.Build.0 = Release|Win32
		{041D0CC6-53E0-42B4-8B57-8360250FFFBB}.Debug|x64.ActiveCfg = Debug|x64
		{041D0CC6-53E0-42B4-8B57-8360250FFFBB}.Debug|x64.Build.0 = Debug|x64
		{041D0CC6-53E0-42B4-8B57-8360250FFFBB}.Debug|x86.ActiveCfg = Debug|Win32
		{041D0CC6-53E0-42B4-8B57-8360250FFFBB}.Debug|x86.Build.0 = Debug|Win32
		{041D0CC6-53E0-42B4-8B57-8360250FFFBB}.Release|x64.ActiveCfg = Release|x64
		{041D0CC6-53E0-42B4-8B57-8360250FFFBB}.Release|x64.Build.0 = Release|x64
		{041D0CC6-53E0-42B4-8B57-8360250FFFBB}.Release|x86.ActiveCfg = Release|Win32
		{041D0CC6-53E0-42B4-8B57-8360250FFFBB}.Release|x86.Build.0 = Release|Win32
		{1DC8B2E5-1348-41BA-9FC8-C50557E5FBC6}.Debug|x64.ActiveCfg = Debug|x64
		{1DC8B2E5-1348-41BA-9FC8-C50557E5FBC6}.Debug|x64.Build.0 = Debug|x64
		{1DC8B2E5-1348-41BA-9FC8-C50557E5FBC6}.Debug|x86.ActiveCfg = Debug|Win32
		{1DC8B2E5-1348-41BA-9FC8-C50557E5FBC6}.Debug|x86.Build.0 = Debug|Win32
		{1DC8B2E5-1348-41BA-9FC8-C50557E5FBC6}.Release|x64.ActiveCfg = Release|x64
		{1DC8B2E5-1348-41BA-9FC8-C50557E5FBC6}.Release|x64.Build.0 = Release|x64
		{1DC8B2E5-1348-41BA-9FC8-C50557E5FBC6}.Release|x86.ActiveCfg = Release|Win32
		{1DC8B2E5-1348-41BA-9FC8-C50557E5FBC6}.Release|x86.Build.0 = Release|Win32
		{75C9DADB-D128-4099-AAC4-0A876DF9ADF7}.Debug|x64.ActiveCfg = Debug|x64
		{75C9DADB-D128-4099-AAC4-0A876DF9ADF7}.Debug|x64.Build.0 = Debug|x64
		{75C9DADB-D128-4099-AAC4-0A876DF9ADF7}.Debug|x86.ActiveCfg = Debug|Win32
		{75C9DADB-D128-4099-AAC4-0A876DF9ADF7}.Debug|x86.Build.0 = Debug|Win32
		{75C9DADB-D128-4099-AAC4-0A876DF9ADF7}.Release|x64.ActiveCfg = Release|x64
		{75C9DADB-D128-4099-AAC4-0A876DF9ADF7}.Release|x64.Build.0 = Release|x64
		{75C9DADB-D128-4099-AAC4-0A876DF9ADF7}.Release|x86.ActiveCfg = Release|Win32
		{75C9DADB-D128-4099-AAC4-0A876DF9ADF7}.Release|x86.Build.0 = Release|Win32
		{F644C101-5312-4015-B872-445830552580}.Debug|x64.ActiveCfg = Debug|x64
		{F644C101-5312-4015-B872-445830552580}.Debug|x64.Build.0 = Debug|x64
		{F644C101-5312-4015-B872-445830552580}.Debug|x86.ActiveCfg = Debug|Win32
		{F644C101-5312-4015-B872-445830552580}.Debug|x86.Build.0 = Debug|Win32
		{F644C101-5312-4015-B872-445830552580}.Release|x64.ActiveCfg = Release|x64
		{F644C101-5312-4015-B872-445830552580}.Release|x64.Build.0 = Release|x64
		{F644C101-5312-4015-B872-445830552580}.Release|x86.ActiveCfg = Release|Win32
		{F644C101-5312-4015-B872-445830552580}.Release|x86.Build.0 = Release|Win32
		{C44ECDB3-016A-4779-B8F5-F3B340C855D4}.Debug|x64.ActiveCfg = Debug|x64
		{C44ECDB3-016A-4779-B8F5-F3B340C855D4}.Debug|x64.Build.0 = Debug|x64
		{C44ECDB3-016A-4779-B8F5-F3B340C855D4}.Debug|x86.ActiveCfg = Debug|Win32
		{C44ECDB3-016A-4779-B8F5-F3B340C855D4}.Debug|x86.Build.0 = Debug|Win32
		{C44ECDB3-016A-4779-B8F5-F3B340C855D4}.Release|x64.ActiveCfg = Release|x64
		{C44ECDB3-016A-4779-B8F5-F3B340C855D4}.Release|x64.Build.0 = Release|x64
		{C44ECDB3-016A-4779-B8F5-F3B340C855D4}.Release|x86.ActiveCfg = Release|Win32
		{C44ECDB3-016A-4779-B8F5-F3B340C855D4}.Release|x86.Build.0 = Release|Win32
		{0873BFC6-6550-4633-BC80-A3DEC6FEAADE}.Debug|x64.ActiveCfg = Debug|x64
		{0873BFC6-6550-4633-BC80-A3DEC6FEAADE}.Debug|x64.Build.0 = Debug|x64
		{0873BFC6-6550-4633-BC80-A3DEC6FEAADE}.Debug|x86.ActiveCfg = Debug|Win32
		{0873BFC6-6550-4633-BC80-A3DEC6FEAADE}.Debug|x86.Build.0 = Debug|Win32
		{0873BFC6-6550-4633-BC80-A3DEC6FEAADE}.Release|x64.ActiveCfg = Release|x64
		{0873BFC6-6550-4633-BC80-A3DEC6FEAADE}.Release|x64.Build.0 = Release|x64
		{0873BFC6-6550-4633-BC80-A3DEC6FEAADE}.Release|x86.ActiveCfg = Release|Win32
		{0873BFC6-6550-4633-BC80-A3DEC6FEAADE}.Release|x86.Build.0 = Release|Win32
		{E75D8630-BF04-4C6B-8B34-8CB355EC4EF9}.Debug|x64.ActiveCfg = Debug|x64
		{E75D8630-BF04-4C6B-8B34-8CB355EC4EF9}.Debug|x64.Build.0 = Debug|x64
		{E75D8630-BF04-4C6B-8B34-8CB355EC4EF9}.Debug|x86.ActiveCfg = Debug|Win32
		{E75D8630-BF04-4C6B-8B34-8CB355EC4EF9}.Debug|x86.Build.0 = Debug|Win32
		{E75D8630-BF04-4C6B-8B34-8CB355EC4EF9}.Release|x64.ActiveCfg = Release|x64
		{E75D8630-BF04-4C6B-8B34-8CB355EC4EF9}.Release|x64.Build.0 = Release|x64
		{E75D8630-BF04-4C6B-8B34-8CB355EC4EF9}.Release|x86.ActiveCfg = Release|Win32
		{E75D8630-BF04-4C6B-8B34-8CB355EC4EF9}.Release|x86.Build.0 = Release|Win32
		{CDA6821B-CDB2-43FB-8985-3DB0FE586EE4}.Debug|x64.ActiveCfg = Debug|x64
		{CDA6821B-CDB2-43FB-8985-3DB0FE586EE4}.Debug|x64.Build.0 = Debug|x64
		{CDA6821B-CDB2-43FB-8985-3DB0FE586EE4}.Debug|x86.ActiveCfg = Debug|Win32
		{CDA6821B-CDB2-43FB-8985-3DB0FE586EE4}.Debug|x86.Build.0 = Debug|Win32
		{CDA6821B-CDB2-43FB-8985-3DB0FE586EE4}.Release|x64.ActiveCfg = Release|x64
		{CDA6821B-CDB2-43FB-8985-3DB0FE586EE4}.Release|x64.Build.0 = Release|x64
		{CDA6821B-CDB2-43FB-8985-3DB0FE586EE4}.Release|x86.ActiveCfg = Release|Win32
		{CDA6821B-CDB2-43FB-8985-3DB0FE586EE4}.Release|x86.Build.0 = Release|Win32
		{736F00D0-0988-4335-AE79-8E3E61380F8E}.Debug|x64.ActiveCfg = Debug|x64
		{736F00D0-0988-4335-AE79-8E3E61380F8E}.Debug|x64.Build.0 = Debug|x64
		{736F00D0-0988-4335-AE79-8E3E61380F8E}.Debug|x86.ActiveCfg = Debug|Win32
		{736F00D0-0988-4335-AE79-8E3E61380F8E}.Debug|x86.Build.0 = Debug|Win32
		{736F00D0-0988-4335-AE79-8E3E61380F8E}.Release|x64.ActiveCfg = Release|x64
		{736F00D0-0988-4335-AE79-8E3E61380F8E}.Release|x64.Build.0 = Release|x64
		{736F00D0-0988-4335-AE79-8E3E61380F8E}.Release|x86.ActiveCfg = Release|Win32
		{736F00D0-0988-4335-AE79-8E3E61380F8E}.Release|x86.Build.0 = Release|Win32
		{BB432A0D-CB61-4001-982C-DFC3DE2D88EC}.Debug|x64.ActiveCfg = Debug|x64
		{BB432A0D-CB61-4001-982C-DFC3DE2D88EC}.Debug|x64.Build.0 = Debug|x64
		{BB432A0D-CB61-4001-982C-DFC3DE2D88EC}.Debug|x86.ActiveCfg = Debug|Win32
		{BB432A0D-CB61-4001-982C-DFC3DE2D88EC}.Debug|x86.Build.0 = Debug|Win32
		{BB432A0D-CB61-4001-982C-DFC3DE2D88EC}.Release|x64.ActiveCfg = Release|x64
		{BB432A0D-CB61-4001-982C-DFC3DE2D88EC}.Release|x64.Build.0 = Release|x64
		{BB432A0D-CB61-4001-982C-DFC3DE2D88EC}.Release|x86.ActiveCfg = Release|Win32
		{BB432A0D-CB61-4001-982C-DFC3DE2D88EC}.Release|x86.Build.0 = Release|Win32
		{9F3A18F2-78B7-41A8-8A44-3CED0F28864B}.Debug|x64.ActiveCfg = Debug|x64
		{9F3A18F2-78B7-41A8-8A44-3CED0F28864B}.Debug|x64.Build.0 = Debug|x64
		{9F3A18F2-78B7-41A8-8A44-3CED0F28864B}.Debug|x86.ActiveCfg = Debug|Win32
		{9F3A18F2-78B7-41A8-8A44-3CED0F28864B}.Debug|x86.Build.0 = Debug|Win32
		{9F3A18F2-78B7-41A8-8A44-3CED0F28864B}.Release|x64.ActiveCfg = Release|x64
		{9F3A18F2-78B7-41A8-8A44-3CED0F28864B}.Release|x64.Build.0 = Release|x64
		{9F3A18F2-78B7-41A8-8A44-3CED0F28864B}.Release|x86.ActiveCfg = Release|Win32
		{9F3A18F2-78B7-41A8-8A44-3CED0F28864B}.Release|x86.Build.0 = Release|Win32
		{5368EA01-7E60-4356-8CE1-68B31D3192F3}.Debug|x64.ActiveCfg = Debug|x64
		{5368EA01-7E60-4356-8CE1-68B31D3192F3}.Debug|x64.Build.0 = Debug|x64
		{5368EA01-7E60-4356-8CE1-68B31D3192F3}.Debug|x86.ActiveCfg = Debug|Win32
		{5368EA01-7E60-4356-8CE1-68B31D3192F3}.Debug|x86.Build.0 = Debug|Win32
		{5368EA01-7E60-4356-8CE1-68B31D3192F3}.Release|x64.ActiveCfg = Release|x64
		{5368EA01-7E60-4356-8CE1-68B31D3192F3}.Release|x64.Build.0 = Release|x64
		{5368EA01-7E60-4356-8CE1-68B31D3192F3}.Release|x86.ActiveCfg = Release|Win32
		{5368EA01-7E60-4356-8CE1-68B31D3192F3}.Release|x86.Build.0 = Release|Win32
	EndGlobalSection
	GlobalSection(SolutionProperties) = preSolution
		HideSolutionNode = FALSE
	EndGlobalSection
	GlobalSection(ExtensibilityGlobals) = postSolution
		SolutionGuid = {AF216BC5-B150-4958-9899-B892D173C118}
	EndGlobalSection
EndGlobal
