
Microsoft Visual Studio Solution File, Format Version 12.00
# Visual Studio Version 17
VisualStudioVersion = 17.5.33530.505
MinimumVisualStudioVersion = 10.0.40219.1
Project("{8BC9CEB8-8B4A-11D0-8D11-00A0C91BC942}") = "TASK01", "TASK01\TASK01.vcxproj", "{BF01408B-EBAE-4623-8476-1E6C8FFCAB05}"
EndProject
Project("{8BC9CEB8-8B4A-11D0-8D11-00A0C91BC942}") = "TASK02", "TASK02\TASK02.vcxproj", "{EAE97560-1469-4705-A8B7-3508A270B059}"
EndProject
Global
	GlobalSection(SolutionConfigurationPlatforms) = preSolution
		Debug|x64 = Debug|x64
		Debug|x86 = Debug|x86
		Release|x64 = Release|x64
		Release|x86 = Release|x86
	EndGlobalSection
	GlobalSection(ProjectConfigurationPlatforms) = postSolution
		{BF01408B-EBAE-4623-8476-1E6C8FFCAB05}.Debug|x64.ActiveCfg = Debug|x64
		{BF01408B-EBAE-4623-8476-1E6C8FFCAB05}.Debug|x64.Build.0 = Debug|x64
		{BF01408B-EBAE-4623-8476-1E6C8FFCAB05}.Debug|x86.ActiveCfg = Debug|Win32
		{BF01408B-EBAE-4623-8476-1E6C8FFCAB05}.Debug|x86.Build.0 = Debug|Win32
		{BF01408B-EBAE-4623-8476-1E6C8FFCAB05}.Release|x64.ActiveCfg = Release|x64
		{BF01408B-EBAE-4623-8476-1E6C8FFCAB05}.Release|x64.Build.0 = Release|x64
		{BF01408B-EBAE-4623-8476-1E6C8FFCAB05}.Release|x86.ActiveCfg = Release|Win32
		{BF01408B-EBAE-4623-8476-1E6C8FFCAB05}.Release|x86.Build.0 = Release|Win32
		{EAE97560-1469-4705-A8B7-3508A270B059}.Debug|x64.ActiveCfg = Debug|x64
		{EAE97560-1469-4705-A8B7-3508A270B059}.Debug|x64.Build.0 = Debug|x64
		{EAE97560-1469-4705-A8B7-3508A270B059}.Debug|x86.ActiveCfg = Debug|Win32
		{EAE97560-1469-4705-A8B7-3508A270B059}.Debug|x86.Build.0 = Debug|Win32
		{EAE97560-1469-4705-A8B7-3508A270B059}.Release|x64.ActiveCfg = Release|x64
		{EAE97560-1469-4705-A8B7-3508A270B059}.Release|x64.Build.0 = Release|x64
		{EAE97560-1469-4705-A8B7-3508A270B059}.Release|x86.ActiveCfg = Release|Win32
		{EAE97560-1469-4705-A8B7-3508A270B059}.Release|x86.Build.0 = Release|Win32
	EndGlobalSection
	GlobalSection(SolutionProperties) = preSolution
		HideSolutionNode = FALSE
	EndGlobalSection
	GlobalSection(ExtensibilityGlobals) = postSolution
		SolutionGuid = {5D8BCDE6-A74F-43A1-A695-E583E300347F}
	EndGlobalSection
EndGlobal
