
Microsoft Visual Studio Solution File, Format Version 12.00
# Visual Studio Version 17
VisualStudioVersion = 17.5.33530.505
MinimumVisualStudioVersion = 10.0.40219.1
Project("{8BC9CEB8-8B4A-11D0-8D11-00A0C91BC942}") = "TASK01", "TASK01\TASK01.vcxproj", "{A35C31A9-AA24-49B7-A3C9-A27FBF618AE0}"
EndProject
Project("{8BC9CEB8-8B4A-11D0-8D11-00A0C91BC942}") = "TASK02", "TASK02\TASK02.vcxproj", "{D7F56D56-18CC-4405-8083-E1398FC7C301}"
EndProject
Project("{8BC9CEB8-8B4A-11D0-8D11-00A0C91BC942}") = "TASK03", "TASK03\TASK03.vcxproj", "{0FAC2E08-E0BC-4334-BEF7-F60E6EB912D2}"
EndProject
Project("{8BC9CEB8-8B4A-11D0-8D11-00A0C91BC942}") = "TASK04", "TASK04\TASK04.vcxproj", "{062D56FB-D1B5-4566-878E-87209952912A}"
EndProject
Project("{8BC9CEB8-8B4A-11D0-8D11-00A0C91BC942}") = "TASK05", "TASK05\TASK05.vcxproj", "{6A657B84-8B7C-4604-BEAE-7DC8C337757A}"
EndProject
Project("{8BC9CEB8-8B4A-11D0-8D11-00A0C91BC942}") = "TASK06", "TASK06\TASK06.vcxproj", "{9928CDD5-31E7-44A9-8820-837B5E726C6C}"
EndProject
Project("{8BC9CEB8-8B4A-11D0-8D11-00A0C91BC942}") = "TASK07", "TASK07\TASK07.vcxproj", "{45AF3C22-F94C-47C7-AB94-48C15A21D9F7}"
EndProject
Project("{8BC9CEB8-8B4A-11D0-8D11-00A0C91BC942}") = "TASK08", "TASK08\TASK08.vcxproj", "{F439688E-27C6-4F73-BFF4-55DAA0816CB2}"
EndProject
Global
	GlobalSection(SolutionConfigurationPlatforms) = preSolution
		Debug|x64 = Debug|x64
		Debug|x86 = Debug|x86
		Release|x64 = Release|x64
		Release|x86 = Release|x86
	EndGlobalSection
	GlobalSection(ProjectConfigurationPlatforms) = postSolution
		{A35C31A9-AA24-49B7-A3C9-A27FBF618AE0}.Debug|x64.ActiveCfg = Debug|x64
		{A35C31A9-AA24-49B7-A3C9-A27FBF618AE0}.Debug|x64.Build.0 = Debug|x64
		{A35C31A9-AA24-49B7-A3C9-A27FBF618AE0}.Debug|x86.ActiveCfg = Debug|Win32
		{A35C31A9-AA24-49B7-A3C9-A27FBF618AE0}.Debug|x86.Build.0 = Debug|Win32
		{A35C31A9-AA24-49B7-A3C9-A27FBF618AE0}.Release|x64.ActiveCfg = Release|x64
		{A35C31A9-AA24-49B7-A3C9-A27FBF618AE0}.Release|x64.Build.0 = Release|x64
		{A35C31A9-AA24-49B7-A3C9-A27FBF618AE0}.Release|x86.ActiveCfg = Release|Win32
		{A35C31A9-AA24-49B7-A3C9-A27FBF618AE0}.Release|x86.Build.0 = Release|Win32
		{D7F56D56-18CC-4405-8083-E1398FC7C301}.Debug|x64.ActiveCfg = Debug|x64
		{D7F56D56-18CC-4405-8083-E1398FC7C301}.Debug|x64.Build.0 = Debug|x64
		{D7F56D56-18CC-4405-8083-E1398FC7C301}.Debug|x86.ActiveCfg = Debug|Win32
		{D7F56D56-18CC-4405-8083-E1398FC7C301}.Debug|x86.Build.0 = Debug|Win32
		{D7F56D56-18CC-4405-8083-E1398FC7C301}.Release|x64.ActiveCfg = Release|x64
		{D7F56D56-18CC-4405-8083-E1398FC7C301}.Release|x64.Build.0 = Release|x64
		{D7F56D56-18CC-4405-8083-E1398FC7C301}.Release|x86.ActiveCfg = Release|Win32
		{D7F56D56-18CC-4405-8083-E1398FC7C301}.Release|x86.Build.0 = Release|Win32
		{0FAC2E08-E0BC-4334-BEF7-F60E6EB912D2}.Debug|x64.ActiveCfg = Debug|x64
		{0FAC2E08-E0BC-4334-BEF7-F60E6EB912D2}.Debug|x64.Build.0 = Debug|x64
		{0FAC2E08-E0BC-4334-BEF7-F60E6EB912D2}.Debug|x86.ActiveCfg = Debug|Win32
		{0FAC2E08-E0BC-4334-BEF7-F60E6EB912D2}.Debug|x86.Build.0 = Debug|Win32
		{0FAC2E08-E0BC-4334-BEF7-F60E6EB912D2}.Release|x64.ActiveCfg = Release|x64
		{0FAC2E08-E0BC-4334-BEF7-F60E6EB912D2}.Release|x64.Build.0 = Release|x64
		{0FAC2E08-E0BC-4334-BEF7-F60E6EB912D2}.Release|x86.ActiveCfg = Release|Win32
		{0FAC2E08-E0BC-4334-BEF7-F60E6EB912D2}.Release|x86.Build.0 = Release|Win32
		{062D56FB-D1B5-4566-878E-87209952912A}.Debug|x64.ActiveCfg = Debug|x64
		{062D56FB-D1B5-4566-878E-87209952912A}.Debug|x64.Build.0 = Debug|x64
		{062D56FB-D1B5-4566-878E-87209952912A}.Debug|x86.ActiveCfg = Debug|Win32
		{062D56FB-D1B5-4566-878E-87209952912A}.Debug|x86.Build.0 = Debug|Win32
		{062D56FB-D1B5-4566-878E-87209952912A}.Release|x64.ActiveCfg = Release|x64
		{062D56FB-D1B5-4566-878E-87209952912A}.Release|x64.Build.0 = Release|x64
		{062D56FB-D1B5-4566-878E-87209952912A}.Release|x86.ActiveCfg = Release|Win32
		{062D56FB-D1B5-4566-878E-87209952912A}.Release|x86.Build.0 = Release|Win32
		{6A657B84-8B7C-4604-BEAE-7DC8C337757A}.Debug|x64.ActiveCfg = Debug|x64
		{6A657B84-8B7C-4604-BEAE-7DC8C337757A}.Debug|x64.Build.0 = Debug|x64
		{6A657B84-8B7C-4604-BEAE-7DC8C337757A}.Debug|x86.ActiveCfg = Debug|Win32
		{6A657B84-8B7C-4604-BEAE-7DC8C337757A}.Debug|x86.Build.0 = Debug|Win32
		{6A657B84-8B7C-4604-BEAE-7DC8C337757A}.Release|x64.ActiveCfg = Release|x64
		{6A657B84-8B7C-4604-BEAE-7DC8C337757A}.Release|x64.Build.0 = Release|x64
		{6A657B84-8B7C-4604-BEAE-7DC8C337757A}.Release|x86.ActiveCfg = Release|Win32
		{6A657B84-8B7C-4604-BEAE-7DC8C337757A}.Release|x86.Build.0 = Release|Win32
		{9928CDD5-31E7-44A9-8820-837B5E726C6C}.Debug|x64.ActiveCfg = Debug|x64
		{9928CDD5-31E7-44A9-8820-837B5E726C6C}.Debug|x64.Build.0 = Debug|x64
		{9928CDD5-31E7-44A9-8820-837B5E726C6C}.Debug|x86.ActiveCfg = Debug|Win32
		{9928CDD5-31E7-44A9-8820-837B5E726C6C}.Debug|x86.Build.0 = Debug|Win32
		{9928CDD5-31E7-44A9-8820-837B5E726C6C}.Release|x64.ActiveCfg = Release|x64
		{9928CDD5-31E7-44A9-8820-837B5E726C6C}.Release|x64.Build.0 = Release|x64
		{9928CDD5-31E7-44A9-8820-837B5E726C6C}.Release|x86.ActiveCfg = Release|Win32
		{9928CDD5-31E7-44A9-8820-837B5E726C6C}.Release|x86.Build.0 = Release|Win32
		{45AF3C22-F94C-47C7-AB94-48C15A21D9F7}.Debug|x64.ActiveCfg = Debug|x64
		{45AF3C22-F94C-47C7-AB94-48C15A21D9F7}.Debug|x64.Build.0 = Debug|x64
		{45AF3C22-F94C-47C7-AB94-48C15A21D9F7}.Debug|x86.ActiveCfg = Debug|Win32
		{45AF3C22-F94C-47C7-AB94-48C15A21D9F7}.Debug|x86.Build.0 = Debug|Win32
		{45AF3C22-F94C-47C7-AB94-48C15A21D9F7}.Release|x64.ActiveCfg = Release|x64
		{45AF3C22-F94C-47C7-AB94-48C15A21D9F7}.Release|x64.Build.0 = Release|x64
		{45AF3C22-F94C-47C7-AB94-48C15A21D9F7}.Release|x86.ActiveCfg = Release|Win32
		{45AF3C22-F94C-47C7-AB94-48C15A21D9F7}.Release|x86.Build.0 = Release|Win32
		{F439688E-27C6-4F73-BFF4-55DAA0816CB2}.Debug|x64.ActiveCfg = Debug|x64
		{F439688E-27C6-4F73-BFF4-55DAA0816CB2}.Debug|x64.Build.0 = Debug|x64
		{F439688E-27C6-4F73-BFF4-55DAA0816CB2}.Debug|x86.ActiveCfg = Debug|Win32
		{F439688E-27C6-4F73-BFF4-55DAA0816CB2}.Debug|x86.Build.0 = Debug|Win32
		{F439688E-27C6-4F73-BFF4-55DAA0816CB2}.Release|x64.ActiveCfg = Release|x64
		{F439688E-27C6-4F73-BFF4-55DAA0816CB2}.Release|x64.Build.0 = Release|x64
		{F439688E-27C6-4F73-BFF4-55DAA0816CB2}.Release|x86.ActiveCfg = Release|Win32
		{F439688E-27C6-4F73-BFF4-55DAA0816CB2}.Release|x86.Build.0 = Release|Win32
	EndGlobalSection
	GlobalSection(SolutionProperties) = preSolution
		HideSolutionNode = FALSE
	EndGlobalSection
	GlobalSection(ExtensibilityGlobals) = postSolution
		SolutionGuid = {05D4E1AC-5C33-4C41-8542-43E659292A4C}
	EndGlobalSection
EndGlobal
