
Microsoft Visual Studio Solution File, Format Version 12.00
# Visual Studio Version 17
VisualStudioVersion = 17.5.33530.505
MinimumVisualStudioVersion = 10.0.40219.1
Project("{8BC9CEB8-8B4A-11D0-8D11-00A0C91BC942}") = "TASK01", "TASK01\TASK01.vcxproj", "{5B73C8FC-FAF2-46B8-A287-7C804488EE32}"
EndProject
Project("{8BC9CEB8-8B4A-11D0-8D11-00A0C91BC942}") = "TASK02", "TASK02\TASK02.vcxproj", "{46E48E65-B5E8-488B-B4DD-A3F47E4C9C27}"
EndProject
Project("{8BC9CEB8-8B4A-11D0-8D11-00A0C91BC942}") = "TASK03", "TASK03\TASK03.vcxproj", "{E0A731CE-217F-4A2A-90F7-80FC1876CC50}"
EndProject
Project("{8BC9CEB8-8B4A-11D0-8D11-00A0C91BC942}") = "TASK04", "TASK04\TASK04.vcxproj", "{F3324D48-766C-4161-A2F7-5B7489E647E0}"
EndProject
Project("{8BC9CEB8-8B4A-11D0-8D11-00A0C91BC942}") = "TASK05", "TASK05\TASK05.vcxproj", "{950DE496-31E7-4EF9-849E-F19314F34BEF}"
EndProject
Project("{8BC9CEB8-8B4A-11D0-8D11-00A0C91BC942}") = "TASK06", "TASK06\TASK06.vcxproj", "{EF47B0A7-8409-42A4-960A-DC9FCF81B02D}"
EndProject
Global
	GlobalSection(SolutionConfigurationPlatforms) = preSolution
		Debug|x64 = Debug|x64
		Debug|x86 = Debug|x86
		Release|x64 = Release|x64
		Release|x86 = Release|x86
	EndGlobalSection
	GlobalSection(ProjectConfigurationPlatforms) = postSolution
		{5B73C8FC-FAF2-46B8-A287-7C804488EE32}.Debug|x64.ActiveCfg = Debug|x64
		{5B73C8FC-FAF2-46B8-A287-7C804488EE32}.Debug|x64.Build.0 = Debug|x64
		{5B73C8FC-FAF2-46B8-A287-7C804488EE32}.Debug|x86.ActiveCfg = Debug|Win32
		{5B73C8FC-FAF2-46B8-A287-7C804488EE32}.Debug|x86.Build.0 = Debug|Win32
		{5B73C8FC-FAF2-46B8-A287-7C804488EE32}.Release|x64.ActiveCfg = Release|x64
		{5B73C8FC-FAF2-46B8-A287-7C804488EE32}.Release|x64.Build.0 = Release|x64
		{5B73C8FC-FAF2-46B8-A287-7C804488EE32}.Release|x86.ActiveCfg = Release|Win32
		{5B73C8FC-FAF2-46B8-A287-7C804488EE32}.Release|x86.Build.0 = Release|Win32
		{46E48E65-B5E8-488B-B4DD-A3F47E4C9C27}.Debug|x64.ActiveCfg = Debug|x64
		{46E48E65-B5E8-488B-B4DD-A3F47E4C9C27}.Debug|x64.Build.0 = Debug|x64
		{46E48E65-B5E8-488B-B4DD-A3F47E4C9C27}.Debug|x86.ActiveCfg = Debug|Win32
		{46E48E65-B5E8-488B-B4DD-A3F47E4C9C27}.Debug|x86.Build.0 = Debug|Win32
		{46E48E65-B5E8-488B-B4DD-A3F47E4C9C27}.Release|x64.ActiveCfg = Release|x64
		{46E48E65-B5E8-488B-B4DD-A3F47E4C9C27}.Release|x64.Build.0 = Release|x64
		{46E48E65-B5E8-488B-B4DD-A3F47E4C9C27}.Release|x86.ActiveCfg = Release|Win32
		{46E48E65-B5E8-488B-B4DD-A3F47E4C9C27}.Release|x86.Build.0 = Release|Win32
		{E0A731CE-217F-4A2A-90F7-80FC1876CC50}.Debug|x64.ActiveCfg = Debug|x64
		{E0A731CE-217F-4A2A-90F7-80FC1876CC50}.Debug|x64.Build.0 = Debug|x64
		{E0A731CE-217F-4A2A-90F7-80FC1876CC50}.Debug|x86.ActiveCfg = Debug|Win32
		{E0A731CE-217F-4A2A-90F7-80FC1876CC50}.Debug|x86.Build.0 = Debug|Win32
		{E0A731CE-217F-4A2A-90F7-80FC1876CC50}.Release|x64.ActiveCfg = Release|x64
		{E0A731CE-217F-4A2A-90F7-80FC1876CC50}.Release|x64.Build.0 = Release|x64
		{E0A731CE-217F-4A2A-90F7-80FC1876CC50}.Release|x86.ActiveCfg = Release|Win32
		{E0A731CE-217F-4A2A-90F7-80FC1876CC50}.Release|x86.Build.0 = Release|Win32
		{F3324D48-766C-4161-A2F7-5B7489E647E0}.Debug|x64.ActiveCfg = Debug|x64
		{F3324D48-766C-4161-A2F7-5B7489E647E0}.Debug|x64.Build.0 = Debug|x64
		{F3324D48-766C-4161-A2F7-5B7489E647E0}.Debug|x86.ActiveCfg = Debug|Win32
		{F3324D48-766C-4161-A2F7-5B7489E647E0}.Debug|x86.Build.0 = Debug|Win32
		{F3324D48-766C-4161-A2F7-5B7489E647E0}.Release|x64.ActiveCfg = Release|x64
		{F3324D48-766C-4161-A2F7-5B7489E647E0}.Release|x64.Build.0 = Release|x64
		{F3324D48-766C-4161-A2F7-5B7489E647E0}.Release|x86.ActiveCfg = Release|Win32
		{F3324D48-766C-4161-A2F7-5B7489E647E0}.Release|x86.Build.0 = Release|Win32
		{950DE496-31E7-4EF9-849E-F19314F34BEF}.Debug|x64.ActiveCfg = Debug|x64
		{950DE496-31E7-4EF9-849E-F19314F34BEF}.Debug|x64.Build.0 = Debug|x64
		{950DE496-31E7-4EF9-849E-F19314F34BEF}.Debug|x86.ActiveCfg = Debug|Win32
		{950DE496-31E7-4EF9-849E-F19314F34BEF}.Debug|x86.Build.0 = Debug|Win32
		{950DE496-31E7-4EF9-849E-F19314F34BEF}.Release|x64.ActiveCfg = Release|x64
		{950DE496-31E7-4EF9-849E-F19314F34BEF}.Release|x64.Build.0 = Release|x64
		{950DE496-31E7-4EF9-849E-F19314F34BEF}.Release|x86.ActiveCfg = Release|Win32
		{950DE496-31E7-4EF9-849E-F19314F34BEF}.Release|x86.Build.0 = Release|Win32
		{EF47B0A7-8409-42A4-960A-DC9FCF81B02D}.Debug|x64.ActiveCfg = Debug|x64
		{EF47B0A7-8409-42A4-960A-DC9FCF81B02D}.Debug|x64.Build.0 = Debug|x64
		{EF47B0A7-8409-42A4-960A-DC9FCF81B02D}.Debug|x86.ActiveCfg = Debug|Win32
		{EF47B0A7-8409-42A4-960A-DC9FCF81B02D}.Debug|x86.Build.0 = Debug|Win32
		{EF47B0A7-8409-42A4-960A-DC9FCF81B02D}.Release|x64.ActiveCfg = Release|x64
		{EF47B0A7-8409-42A4-960A-DC9FCF81B02D}.Release|x64.Build.0 = Release|x64
		{EF47B0A7-8409-42A4-960A-DC9FCF81B02D}.Release|x86.ActiveCfg = Release|Win32
		{EF47B0A7-8409-42A4-960A-DC9FCF81B02D}.Release|x86.Build.0 = Release|Win32
	EndGlobalSection
	GlobalSection(SolutionProperties) = preSolution
		HideSolutionNode = FALSE
	EndGlobalSection
	GlobalSection(ExtensibilityGlobals) = postSolution
		SolutionGuid = {31436C43-C634-4B74-B064-2699FA668F54}
	EndGlobalSection
EndGlobal
