
Microsoft Visual Studio Solution File, Format Version 12.00
# Visual Studio Version 17
VisualStudioVersion = 17.5.33530.505
MinimumVisualStudioVersion = 10.0.40219.1
Project("{8BC9CEB8-8B4A-11D0-8D11-00A0C91BC942}") = "TASK01", "TASK01\TASK01.vcxproj", "{C4174C64-18A2-4A93-995F-D014D8D7533A}"
EndProject
Project("{8BC9CEB8-8B4A-11D0-8D11-00A0C91BC942}") = "TASK02", "TASK02\TASK02.vcxproj", "{76754765-65E6-4E6C-A2FC-5F5DB7503931}"
EndProject
Project("{8BC9CEB8-8B4A-11D0-8D11-00A0C91BC942}") = "TASK03", "TASK03\TASK03.vcxproj", "{B6CD358C-BF93-4D2C-A08C-5C14964A3443}"
EndProject
Project("{8BC9CEB8-8B4A-11D0-8D11-00A0C91BC942}") = "TASK04", "TASK04\TASK04.vcxproj", "{63FEF6F3-90BD-47B8-914F-8342228C52E3}"
EndProject
Project("{8BC9CEB8-8B4A-11D0-8D11-00A0C91BC942}") = "TASK05", "TASK05\TASK05.vcxproj", "{F1B323AA-66DD-439D-836B-9E69C228293F}"
EndProject
Project("{8BC9CEB8-8B4A-11D0-8D11-00A0C91BC942}") = "TASK06", "TASK06\TASK06.vcxproj", "{181C53FE-295C-4C93-8516-76F2F920C55A}"
EndProject
Project("{8BC9CEB8-8B4A-11D0-8D11-00A0C91BC942}") = "TASK07", "TASK07\TASK07.vcxproj", "{C4ABDDA5-C63B-4A62-A607-85F4EC8A970A}"
EndProject
Global
	GlobalSection(SolutionConfigurationPlatforms) = preSolution
		Debug|x64 = Debug|x64
		Debug|x86 = Debug|x86
		Release|x64 = Release|x64
		Release|x86 = Release|x86
	EndGlobalSection
	GlobalSection(ProjectConfigurationPlatforms) = postSolution
		{C4174C64-18A2-4A93-995F-D014D8D7533A}.Debug|x64.ActiveCfg = Debug|x64
		{C4174C64-18A2-4A93-995F-D014D8D7533A}.Debug|x64.Build.0 = Debug|x64
		{C4174C64-18A2-4A93-995F-D014D8D7533A}.Debug|x86.ActiveCfg = Debug|Win32
		{C4174C64-18A2-4A93-995F-D014D8D7533A}.Debug|x86.Build.0 = Debug|Win32
		{C4174C64-18A2-4A93-995F-D014D8D7533A}.Release|x64.ActiveCfg = Release|x64
		{C4174C64-18A2-4A93-995F-D014D8D7533A}.Release|x64.Build.0 = Release|x64
		{C4174C64-18A2-4A93-995F-D014D8D7533A}.Release|x86.ActiveCfg = Release|Win32
		{C4174C64-18A2-4A93-995F-D014D8D7533A}.Release|x86.Build.0 = Release|Win32
		{76754765-65E6-4E6C-A2FC-5F5DB7503931}.Debug|x64.ActiveCfg = Debug|x64
		{76754765-65E6-4E6C-A2FC-5F5DB7503931}.Debug|x64.Build.0 = Debug|x64
		{76754765-65E6-4E6C-A2FC-5F5DB7503931}.Debug|x86.ActiveCfg = Debug|Win32
		{76754765-65E6-4E6C-A2FC-5F5DB7503931}.Debug|x86.Build.0 = Debug|Win32
		{76754765-65E6-4E6C-A2FC-5F5DB7503931}.Release|x64.ActiveCfg = Release|x64
		{76754765-65E6-4E6C-A2FC-5F5DB7503931}.Release|x64.Build.0 = Release|x64
		{76754765-65E6-4E6C-A2FC-5F5DB7503931}.Release|x86.ActiveCfg = Release|Win32
		{76754765-65E6-4E6C-A2FC-5F5DB7503931}.Release|x86.Build.0 = Release|Win32
		{B6CD358C-BF93-4D2C-A08C-5C14964A3443}.Debug|x64.ActiveCfg = Debug|x64
		{B6CD358C-BF93-4D2C-A08C-5C14964A3443}.Debug|x64.Build.0 = Debug|x64
		{B6CD358C-BF93-4D2C-A08C-5C14964A3443}.Debug|x86.ActiveCfg = Debug|Win32
		{B6CD358C-BF93-4D2C-A08C-5C14964A3443}.Debug|x86.Build.0 = Debug|Win32
		{B6CD358C-BF93-4D2C-A08C-5C14964A3443}.Release|x64.ActiveCfg = Release|x64
		{B6CD358C-BF93-4D2C-A08C-5C14964A3443}.Release|x64.Build.0 = Release|x64
		{B6CD358C-BF93-4D2C-A08C-5C14964A3443}.Release|x86.ActiveCfg = Release|Win32
		{B6CD358C-BF93-4D2C-A08C-5C14964A3443}.Release|x86.Build.0 = Release|Win32
		{63FEF6F3-90BD-47B8-914F-8342228C52E3}.Debug|x64.ActiveCfg = Debug|x64
		{63FEF6F3-90BD-47B8-914F-8342228C52E3}.Debug|x64.Build.0 = Debug|x64
		{63FEF6F3-90BD-47B8-914F-8342228C52E3}.Debug|x86.ActiveCfg = Debug|Win32
		{63FEF6F3-90BD-47B8-914F-8342228C52E3}.Debug|x86.Build.0 = Debug|Win32
		{63FEF6F3-90BD-47B8-914F-8342228C52E3}.Release|x64.ActiveCfg = Release|x64
		{63FEF6F3-90BD-47B8-914F-8342228C52E3}.Release|x64.Build.0 = Release|x64
		{63FEF6F3-90BD-47B8-914F-8342228C52E3}.Release|x86.ActiveCfg = Release|Win32
		{63FEF6F3-90BD-47B8-914F-8342228C52E3}.Release|x86.Build.0 = Release|Win32
		{F1B323AA-66DD-439D-836B-9E69C228293F}.Debug|x64.ActiveCfg = Debug|x64
		{F1B323AA-66DD-439D-836B-9E69C228293F}.Debug|x64.Build.0 = Debug|x64
		{F1B323AA-66DD-439D-836B-9E69C228293F}.Debug|x86.ActiveCfg = Debug|Win32
		{F1B323AA-66DD-439D-836B-9E69C228293F}.Debug|x86.Build.0 = Debug|Win32
		{F1B323AA-66DD-439D-836B-9E69C228293F}.Release|x64.ActiveCfg = Release|x64
		{F1B323AA-66DD-439D-836B-9E69C228293F}.Release|x64.Build.0 = Release|x64
		{F1B323AA-66DD-439D-836B-9E69C228293F}.Release|x86.ActiveCfg = Release|Win32
		{F1B323AA-66DD-439D-836B-9E69C228293F}.Release|x86.Build.0 = Release|Win32
		{181C53FE-295C-4C93-8516-76F2F920C55A}.Debug|x64.ActiveCfg = Debug|x64
		{181C53FE-295C-4C93-8516-76F2F920C55A}.Debug|x64.Build.0 = Debug|x64
		{181C53FE-295C-4C93-8516-76F2F920C55A}.Debug|x86.ActiveCfg = Debug|Win32
		{181C53FE-295C-4C93-8516-76F2F920C55A}.Debug|x86.Build.0 = Debug|Win32
		{181C53FE-295C-4C93-8516-76F2F920C55A}.Release|x64.ActiveCfg = Release|x64
		{181C53FE-295C-4C93-8516-76F2F920C55A}.Release|x64.Build.0 = Release|x64
		{181C53FE-295C-4C93-8516-76F2F920C55A}.Release|x86.ActiveCfg = Release|Win32
		{181C53FE-295C-4C93-8516-76F2F920C55A}.Release|x86.Build.0 = Release|Win32
		{C4ABDDA5-C63B-4A62-A607-85F4EC8A970A}.Debug|x64.ActiveCfg = Debug|x64
		{C4ABDDA5-C63B-4A62-A607-85F4EC8A970A}.Debug|x64.Build.0 = Debug|x64
		{C4ABDDA5-C63B-4A62-A607-85F4EC8A970A}.Debug|x86.ActiveCfg = Debug|Win32
		{C4ABDDA5-C63B-4A62-A607-85F4EC8A970A}.Debug|x86.Build.0 = Debug|Win32
		{C4ABDDA5-C63B-4A62-A607-85F4EC8A970A}.Release|x64.ActiveCfg = Release|x64
		{C4ABDDA5-C63B-4A62-A607-85F4EC8A970A}.Release|x64.Build.0 = Release|x64
		{C4ABDDA5-C63B-4A62-A607-85F4EC8A970A}.Release|x86.ActiveCfg = Release|Win32
		{C4ABDDA5-C63B-4A62-A607-85F4EC8A970A}.Release|x86.Build.0 = Release|Win32
	EndGlobalSection
	GlobalSection(SolutionProperties) = preSolution
		HideSolutionNode = FALSE
	EndGlobalSection
	GlobalSection(ExtensibilityGlobals) = postSolution
		SolutionGuid = {47FE5D88-066F-420E-BC83-1A0E9BEE9975}
	EndGlobalSection
EndGlobal
