
Microsoft Visual Studio Solution File, Format Version 12.00
# Visual Studio Version 17
VisualStudioVersion = 17.5.33530.505
MinimumVisualStudioVersion = 10.0.40219.1
Project("{8BC9CEB8-8B4A-11D0-8D11-00A0C91BC942}") = "TASK01", "TASK01\TASK01.vcxproj", "{B8CD9131-0465-4124-A3A7-8665960A0F6A}"
EndProject
Project("{8BC9CEB8-8B4A-11D0-8D11-00A0C91BC942}") = "TASK02", "TASK02\TASK02.vcxproj", "{1E3FE89F-3D26-4F62-9026-BD0C6A9E0CBC}"
EndProject
Project("{8BC9CEB8-8B4A-11D0-8D11-00A0C91BC942}") = "TASK03", "TASK03\TASK03.vcxproj", "{B329C642-1159-4C87-97F9-CB914C58C1FF}"
EndProject
Project("{8BC9CEB8-8B4A-11D0-8D11-00A0C91BC942}") = "TASK04", "TASK04\TASK04.vcxproj", "{5DA60FFE-50CD-410D-8D9F-59B67C2482B9}"
EndProject
Project("{8BC9CEB8-8B4A-11D0-8D11-00A0C91BC942}") = "TASK05", "TASK05\TASK05.vcxproj", "{1A1A31CE-7FE1-4F98-A297-9FDF9DEEBD44}"
EndProject
Project("{8BC9CEB8-8B4A-11D0-8D11-00A0C91BC942}") = "TASK06", "TASK06\TASK06.vcxproj", "{E81E1CEA-3315-48DA-8063-895C0F2FF451}"
EndProject
Project("{8BC9CEB8-8B4A-11D0-8D11-00A0C91BC942}") = "TASK07", "TASK07\TASK07.vcxproj", "{F8FC751A-F795-4BDB-8469-8F19328887C0}"
EndProject
Project("{8BC9CEB8-8B4A-11D0-8D11-00A0C91BC942}") = "TASK08", "TASK08\TASK08.vcxproj", "{EDC71B28-45D3-4F88-A68B-B0E6FD7274BD}"
EndProject
Project("{8BC9CEB8-8B4A-11D0-8D11-00A0C91BC942}") = "TASK09", "TASK09\TASK09.vcxproj", "{61D2EF59-1860-44C5-942F-7FF55F1F5AEF}"
EndProject
Project("{8BC9CEB8-8B4A-11D0-8D11-00A0C91BC942}") = "TASK10", "TASK10\TASK10.vcxproj", "{A2AFF263-03CC-4FB4-BD3F-F2ABE90CCBAC}"
EndProject
Project("{8BC9CEB8-8B4A-11D0-8D11-00A0C91BC942}") = "TASK11", "TASK11\TASK11.vcxproj", "{2810B091-0EF2-4837-849C-4ACC3FB3D02F}"
EndProject
Project("{8BC9CEB8-8B4A-11D0-8D11-00A0C91BC942}") = "TASK12", "TASK12\TASK12.vcxproj", "{F35B842D-97C8-4806-8AD4-61A057017D67}"
EndProject
Project("{8BC9CEB8-8B4A-11D0-8D11-00A0C91BC942}") = "TASK13", "TASK13\TASK13.vcxproj", "{8D524DBF-ADDD-435D-AD25-24B3C6994E9F}"
EndProject
Project("{8BC9CEB8-8B4A-11D0-8D11-00A0C91BC942}") = "TASK14", "TASK14\TASK14.vcxproj", "{DB37AD61-D017-4909-BB9E-D443B544F9B9}"
EndProject
Project("{8BC9CEB8-8B4A-11D0-8D11-00A0C91BC942}") = "TASK15", "TASK15\TASK15.vcxproj", "{4AF8CAFB-A14C-426C-B166-10099D3AF7C7}"
EndProject
Project("{8BC9CEB8-8B4A-11D0-8D11-00A0C91BC942}") = "TASK16", "TASK16\TASK16.vcxproj", "{08A537FB-7325-4121-8360-1127EA59547F}"
EndProject
Project("{8BC9CEB8-8B4A-11D0-8D11-00A0C91BC942}") = "TASK17", "TASK17\TASK17.vcxproj", "{CAD6AF26-E4DE-44B4-9C12-7743C0E78CF7}"
EndProject
Project("{8BC9CEB8-8B4A-11D0-8D11-00A0C91BC942}") = "TASK18", "TASK18\TASK18.vcxproj", "{78C72A42-ACD8-458C-91BE-902ED2905847}"
EndProject
Project("{8BC9CEB8-8B4A-11D0-8D11-00A0C91BC942}") = "TASK19", "TASK19\TASK19.vcxproj", "{8442CC4A-9476-44D9-82BE-67A3F9A997EF}"
EndProject
Project("{8BC9CEB8-8B4A-11D0-8D11-00A0C91BC942}") = "TASK20", "TASK20\TASK20.vcxproj", "{8375487F-E8A7-48A7-8E84-8C51BD1E96FD}"
EndProject
Project("{8BC9CEB8-8B4A-11D0-8D11-00A0C91BC942}") = "TASK21", "TASK21\TASK21.vcxproj", "{D2015A4B-7F56-4354-8A4B-69960A544E2A}"
EndProject
Project("{8BC9CEB8-8B4A-11D0-8D11-00A0C91BC942}") = "TASK22", "TASK22\TASK22.vcxproj", "{879002C2-A0EC-49FF-9826-25B28E1C8400}"
EndProject
Project("{8BC9CEB8-8B4A-11D0-8D11-00A0C91BC942}") = "TASK23", "TASK23\TASK23.vcxproj", "{3A05AC42-CAF2-4544-AE2B-1495583C624D}"
EndProject
Project("{8BC9CEB8-8B4A-11D0-8D11-00A0C91BC942}") = "TASK24", "TASK24\TASK24.vcxproj", "{DF8D30FA-843F-4B8E-9135-59C704B95E6D}"
EndProject
Project("{8BC9CEB8-8B4A-11D0-8D11-00A0C91BC942}") = "TASK25", "TASK25\TASK25.vcxproj", "{F67828F8-6743-4F88-A98C-8AA192E20CE0}"
EndProject
Project("{8BC9CEB8-8B4A-11D0-8D11-00A0C91BC942}") = "TASK26", "TASK26\TASK26.vcxproj", "{E0276CCF-CA9A-45BC-9FEC-720DA59DDBEE}"
EndProject
Project("{8BC9CEB8-8B4A-11D0-8D11-00A0C91BC942}") = "TASK27", "TASK27\TASK27.vcxproj", "{7735DB8B-BC3F-4A1A-B223-D133785302B3}"
EndProject
Global
	GlobalSection(SolutionConfigurationPlatforms) = preSolution
		Debug|x64 = Debug|x64
		Debug|x86 = Debug|x86
		Release|x64 = Release|x64
		Release|x86 = Release|x86
	EndGlobalSection
	GlobalSection(ProjectConfigurationPlatforms) = postSolution
		{B8CD9131-0465-4124-A3A7-8665960A0F6A}.Debug|x64.ActiveCfg = Debug|x64
		{B8CD9131-0465-4124-A3A7-8665960A0F6A}.Debug|x64.Build.0 = Debug|x64
		{B8CD9131-0465-4124-A3A7-8665960A0F6A}.Debug|x86.ActiveCfg = Debug|Win32
		{B8CD9131-0465-4124-A3A7-8665960A0F6A}.Debug|x86.Build.0 = Debug|Win32
		{B8CD9131-0465-4124-A3A7-8665960A0F6A}.Release|x64.ActiveCfg = Release|x64
		{B8CD9131-0465-4124-A3A7-8665960A0F6A}.Release|x64.Build.0 = Release|x64
		{B8CD9131-0465-4124-A3A7-8665960A0F6A}.Release|x86.ActiveCfg = Release|Win32
		{B8CD9131-0465-4124-A3A7-8665960A0F6A}.Release|x86.Build.0 = Release|Win32
		{1E3FE89F-3D26-4F62-9026-BD0C6A9E0CBC}.Debug|x64.ActiveCfg = Debug|x64
		{1E3FE89F-3D26-4F62-9026-BD0C6A9E0CBC}.Debug|x64.Build.0 = Debug|x64
		{1E3FE89F-3D26-4F62-9026-BD0C6A9E0CBC}.Debug|x86.ActiveCfg = Debug|Win32
		{1E3FE89F-3D26-4F62-9026-BD0C6A9E0CBC}.Debug|x86.Build.0 = Debug|Win32
		{1E3FE89F-3D26-4F62-9026-BD0C6A9E0CBC}.Release|x64.ActiveCfg = Release|x64
		{1E3FE89F-3D26-4F62-9026-BD0C6A9E0CBC}.Release|x64.Build.0 = Release|x64
		{1E3FE89F-3D26-4F62-9026-BD0C6A9E0CBC}.Release|x86.ActiveCfg = Release|Win32
		{1E3FE89F-3D26-4F62-9026-BD0C6A9E0CBC}.Release|x86.Build.0 = Release|Win32
		{B329C642-1159-4C87-97F9-CB914C58C1FF}.Debug|x64.ActiveCfg = Debug|x64
		{B329C642-1159-4C87-97F9-CB914C58C1FF}.Debug|x64.Build.0 = Debug|x64
		{B329C642-1159-4C87-97F9-CB914C58C1FF}.Debug|x86.ActiveCfg = Debug|Win32
		{B329C642-1159-4C87-97F9-CB914C58C1FF}.Debug|x86.Build.0 = Debug|Win32
		{B329C642-1159-4C87-97F9-CB914C58C1FF}.Release|x64.ActiveCfg = Release|x64
		{B329C642-1159-4C87-97F9-CB914C58C1FF}.Release|x64.Build.0 = Release|x64
		{B329C642-1159-4C87-97F9-CB914C58C1FF}.Release|x86.ActiveCfg = Release|Win32
		{B329C642-1159-4C87-97F9-CB914C58C1FF}.Release|x86.Build.0 = Release|Win32
		{5DA60FFE-50CD-410D-8D9F-59B67C2482B9}.Debug|x64.ActiveCfg = Debug|x64
		{5DA60FFE-50CD-410D-8D9F-59B67C2482B9}.Debug|x64.Build.0 = Debug|x64
		{5DA60FFE-50CD-410D-8D9F-59B67C2482B9}.Debug|x86.ActiveCfg = Debug|Win32
		{5DA60FFE-50CD-410D-8D9F-59B67C2482B9}.Debug|x86.Build.0 = Debug|Win32
		{5DA60FFE-50CD-410D-8D9F-59B67C2482B9}.Release|x64.ActiveCfg = Release|x64
		{5DA60FFE-50CD-410D-8D9F-59B67C2482B9}.Release|x64.Build.0 = Release|x64
		{5DA60FFE-50CD-410D-8D9F-59B67C2482B9}.Release|x86.ActiveCfg = Release|Win32
		{5DA60FFE-50CD-410D-8D9F-59B67C2482B9}.Release|x86.Build.0 = Release|Win32
		{1A1A31CE-7FE1-4F98-A297-9FDF9DEEBD44}.Debug|x64.ActiveCfg = Debug|x64
		{1A1A31CE-7FE1-4F98-A297-9FDF9DEEBD44}.Debug|x64.Build.0 = Debug|x64
		{1A1A31CE-7FE1-4F98-A297-9FDF9DEEBD44}.Debug|x86.ActiveCfg = Debug|Win32
		{1A1A31CE-7FE1-4F98-A297-9FDF9DEEBD44}.Debug|x86.Build.0 = Debug|Win32
		{1A1A31CE-7FE1-4F98-A297-9FDF9DEEBD44}.Release|x64.ActiveCfg = Release|x64
		{1A1A31CE-7FE1-4F98-A297-9FDF9DEEBD44}.Release|x64.Build.0 = Release|x64
		{1A1A31CE-7FE1-4F98-A297-9FDF9DEEBD44}.Release|x86.ActiveCfg = Release|Win32
		{1A1A31CE-7FE1-4F98-A297-9FDF9DEEBD44}.Release|x86.Build.0 = Release|Win32
		{E81E1CEA-3315-48DA-8063-895C0F2FF451}.Debug|x64.ActiveCfg = Debug|x64
		{E81E1CEA-3315-48DA-8063-895C0F2FF451}.Debug|x64.Build.0 = Debug|x64
		{E81E1CEA-3315-48DA-8063-895C0F2FF451}.Debug|x86.ActiveCfg = Debug|Win32
		{E81E1CEA-3315-48DA-8063-895C0F2FF451}.Debug|x86.Build.0 = Debug|Win32
		{E81E1CEA-3315-48DA-8063-895C0F2FF451}.Release|x64.ActiveCfg = Release|x64
		{E81E1CEA-3315-48DA-8063-895C0F2FF451}.Release|x64.Build.0 = Release|x64
		{E81E1CEA-3315-48DA-8063-895C0F2FF451}.Release|x86.ActiveCfg = Release|Win32
		{E81E1CEA-3315-48DA-8063-895C0F2FF451}.Release|x86.Build.0 = Release|Win32
		{F8FC751A-F795-4BDB-8469-8F19328887C0}.Debug|x64.ActiveCfg = Debug|x64
		{F8FC751A-F795-4BDB-8469-8F19328887C0}.Debug|x64.Build.0 = Debug|x64
		{F8FC751A-F795-4BDB-8469-8F19328887C0}.Debug|x86.ActiveCfg = Debug|Win32
		{F8FC751A-F795-4BDB-8469-8F19328887C0}.Debug|x86.Build.0 = Debug|Win32
		{F8FC751A-F795-4BDB-8469-8F19328887C0}.Release|x64.ActiveCfg = Release|x64
		{F8FC751A-F795-4BDB-8469-8F19328887C0}.Release|x64.Build.0 = Release|x64
		{F8FC751A-F795-4BDB-8469-8F19328887C0}.Release|x86.ActiveCfg = Release|Win32
		{F8FC751A-F795-4BDB-8469-8F19328887C0}.Release|x86.Build.0 = Release|Win32
		{EDC71B28-45D3-4F88-A68B-B0E6FD7274BD}.Debug|x64.ActiveCfg = Debug|x64
		{EDC71B28-45D3-4F88-A68B-B0E6FD7274BD}.Debug|x64.Build.0 = Debug|x64
		{EDC71B28-45D3-4F88-A68B-B0E6FD7274BD}.Debug|x86.ActiveCfg = Debug|Win32
		{EDC71B28-45D3-4F88-A68B-B0E6FD7274BD}.Debug|x86.Build.0 = Debug|Win32
		{EDC71B28-45D3-4F88-A68B-B0E6FD7274BD}.Release|x64.ActiveCfg = Release|x64
		{EDC71B28-45D3-4F88-A68B-B0E6FD7274BD}.Release|x64.Build.0 = Release|x64
		{EDC71B28-45D3-4F88-A68B-B0E6FD7274BD}.Release|x86.ActiveCfg = Release|Win32
		{EDC71B28-45D3-4F88-A68B-B0E6FD7274BD}.Release|x86.Build.0 = Release|Win32
		{61D2EF59-1860-44C5-942F-7FF55F1F5AEF}.Debug|x64.ActiveCfg = Debug|x64
		{61D2EF59-1860-44C5-942F-7FF55F1F5AEF}.Debug|x64.Build.0 = Debug|x64
		{61D2EF59-1860-44C5-942F-7FF55F1F5AEF}.Debug|x86.ActiveCfg = Debug|Win32
		{61D2EF59-1860-44C5-942F-7FF55F1F5AEF}.Debug|x86.Build.0 = Debug|Win32
		{61D2EF59-1860-44C5-942F-7FF55F1F5AEF}.Release|x64.ActiveCfg = Release|x64
		{61D2EF59-1860-44C5-942F-7FF55F1F5AEF}.Release|x64.Build.0 = Release|x64
		{61D2EF59-1860-44C5-942F-7FF55F1F5AEF}.Release|x86.ActiveCfg = Release|Win32
		{61D2EF59-1860-44C5-942F-7FF55F1F5AEF}.Release|x86.Build.0 = Release|Win32
		{A2AFF263-03CC-4FB4-BD3F-F2ABE90CCBAC}.Debug|x64.ActiveCfg = Debug|x64
		{A2AFF263-03CC-4FB4-BD3F-F2ABE90CCBAC}.Debug|x64.Build.0 = Debug|x64
		{A2AFF263-03CC-4FB4-BD3F-F2ABE90CCBAC}.Debug|x86.ActiveCfg = Debug|Win32
		{A2AFF263-03CC-4FB4-BD3F-F2ABE90CCBAC}.Debug|x86.Build.0 = Debug|Win32
		{A2AFF263-03CC-4FB4-BD3F-F2ABE90CCBAC}.Release|x64.ActiveCfg = Release|x64
		{A2AFF263-03CC-4FB4-BD3F-F2ABE90CCBAC}.Release|x64.Build.0 = Release|x64
		{A2AFF263-03CC-4FB4-BD3F-F2ABE90CCBAC}.Release|x86.ActiveCfg = Release|Win32
		{A2AFF263-03CC-4FB4-BD3F-F2ABE90CCBAC}.Release|x86.Build.0 = Release|Win32
		{2810B091-0EF2-4837-849C-4ACC3FB3D02F}.Debug|x64.ActiveCfg = Debug|x64
		{2810B091-0EF2-4837-849C-4ACC3FB3D02F}.Debug|x64.Build.0 = Debug|x64
		{2810B091-0EF2-4837-849C-4ACC3FB3D02F}.Debug|x86.ActiveCfg = Debug|Win32
		{2810B091-0EF2-4837-849C-4ACC3FB3D02F}.Debug|x86.Build.0 = Debug|Win32
		{2810B091-0EF2-4837-849C-4ACC3FB3D02F}.Release|x64.ActiveCfg = Release|x64
		{2810B091-0EF2-4837-849C-4ACC3FB3D02F}.Release|x64.Build.0 = Release|x64
		{2810B091-0EF2-4837-849C-4ACC3FB3D02F}.Release|x86.ActiveCfg = Release|Win32
		{2810B091-0EF2-4837-849C-4ACC3FB3D02F}.Release|x86.Build.0 = Release|Win32
		{F35B842D-97C8-4806-8AD4-61A057017D67}.Debug|x64.ActiveCfg = Debug|x64
		{F35B842D-97C8-4806-8AD4-61A057017D67}.Debug|x64.Build.0 = Debug|x64
		{F35B842D-97C8-4806-8AD4-61A057017D67}.Debug|x86.ActiveCfg = Debug|Win32
		{F35B842D-97C8-4806-8AD4-61A057017D67}.Debug|x86.Build.0 = Debug|Win32
		{F35B842D-97C8-4806-8AD4-61A057017D67}.Release|x64.ActiveCfg = Release|x64
		{F35B842D-97C8-4806-8AD4-61A057017D67}.Release|x64.Build.0 = Release|x64
		{F35B842D-97C8-4806-8AD4-61A057017D67}.Release|x86.ActiveCfg = Release|Win32
		{F35B842D-97C8-4806-8AD4-61A057017D67}.Release|x86.Build.0 = Release|Win32
		{8D524DBF-ADDD-435D-AD25-24B3C6994E9F}.Debug|x64.ActiveCfg = Debug|x64
		{8D524DBF-ADDD-435D-AD25-24B3C6994E9F}.Debug|x64.Build.0 = Debug|x64
		{8D524DBF-ADDD-435D-AD25-24B3C6994E9F}.Debug|x86.ActiveCfg = Debug|Win32
		{8D524DBF-ADDD-435D-AD25-24B3C6994E9F}.Debug|x86.Build.0 = Debug|Win32
		{8D524DBF-ADDD-435D-AD25-24B3C6994E9F}.Release|x64.ActiveCfg = Release|x64
		{8D524DBF-ADDD-435D-AD25-24B3C6994E9F}.Release|x64.Build.0 = Release|x64
		{8D524DBF-ADDD-435D-AD25-24B3C6994E9F}.Release|x86.ActiveCfg = Release|Win32
		{8D524DBF-ADDD-435D-AD25-24B3C6994E9F}.Release|x86.Build.0 = Release|Win32
		{DB37AD61-D017-4909-BB9E-D443B544F9B9}.Debug|x64.ActiveCfg = Debug|x64
		{DB37AD61-D017-4909-BB9E-D443B544F9B9}.Debug|x64.Build.0 = Debug|x64
		{DB37AD61-D017-4909-BB9E-D443B544F9B9}.Debug|x86.ActiveCfg = Debug|Win32
		{DB37AD61-D017-4909-BB9E-D443B544F9B9}.Debug|x86.Build.0 = Debug|Win32
		{DB37AD61-D017-4909-BB9E-D443B544F9B9}.Release|x64.ActiveCfg = Release|x64
		{DB37AD61-D017-4909-BB9E-D443B544F9B9}.Release|x64.Build.0 = Release|x64
		{DB37AD61-D017-4909-BB9E-D443B544F9B9}.Release|x86.ActiveCfg = Release|Win32
		{DB37AD61-D017-4909-BB9E-D443B544F9B9}.Release|x86.Build.0 = Release|Win32
		{4AF8CAFB-A14C-426C-B166-10099D3AF7C7}.Debug|x64.ActiveCfg = Debug|x64
		{4AF8CAFB-A14C-426C-B166-10099D3AF7C7}.Debug|x64.Build.0 = Debug|x64
		{4AF8CAFB-A14C-426C-B166-10099D3AF7C7}.Debug|x86.ActiveCfg = Debug|Win32
		{4AF8CAFB-A14C-426C-B166-10099D3AF7C7}.Debug|x86.Build.0 = Debug|Win32
		{4AF8CAFB-A14C-426C-B166-10099D3AF7C7}.Release|x64.ActiveCfg = Release|x64
		{4AF8CAFB-A14C-426C-B166-10099D3AF7C7}.Release|x64.Build.0 = Release|x64
		{4AF8CAFB-A14C-426C-B166-10099D3AF7C7}.Release|x86.ActiveCfg = Release|Win32
		{4AF8CAFB-A14C-426C-B166-10099D3AF7C7}.Release|x86.Build.0 = Release|Win32
		{08A537FB-7325-4121-8360-1127EA59547F}.Debug|x64.ActiveCfg = Debug|x64
		{08A537FB-7325-4121-8360-1127EA59547F}.Debug|x64.Build.0 = Debug|x64
		{08A537FB-7325-4121-8360-1127EA59547F}.Debug|x86.ActiveCfg = Debug|Win32
		{08A537FB-7325-4121-8360-1127EA59547F}.Debug|x86.Build.0 = Debug|Win32
		{08A537FB-7325-4121-8360-1127EA59547F}.Release|x64.ActiveCfg = Release|x64
		{08A537FB-7325-4121-8360-1127EA59547F}.Release|x64.Build.0 = Release|x64
		{08A537FB-7325-4121-8360-1127EA59547F}.Release|x86.ActiveCfg = Release|Win32
		{08A537FB-7325-4121-8360-1127EA59547F}.Release|x86.Build.0 = Release|Win32
		{CAD6AF26-E4DE-44B4-9C12-7743C0E78CF7}.Debug|x64.ActiveCfg = Debug|x64
		{CAD6AF26-E4DE-44B4-9C12-7743C0E78CF7}.Debug|x64.Build.0 = Debug|x64
		{CAD6AF26-E4DE-44B4-9C12-7743C0E78CF7}.Debug|x86.ActiveCfg = Debug|Win32
		{CAD6AF26-E4DE-44B4-9C12-7743C0E78CF7}.Debug|x86.Build.0 = Debug|Win32
		{CAD6AF26-E4DE-44B4-9C12-7743C0E78CF7}.Release|x64.ActiveCfg = Release|x64
		{CAD6AF26-E4DE-44B4-9C12-7743C0E78CF7}.Release|x64.Build.0 = Release|x64
		{CAD6AF26-E4DE-44B4-9C12-7743C0E78CF7}.Release|x86.ActiveCfg = Release|Win32
		{CAD6AF26-E4DE-44B4-9C12-7743C0E78CF7}.Release|x86.Build.0 = Release|Win32
		{78C72A42-ACD8-458C-91BE-902ED2905847}.Debug|x64.ActiveCfg = Debug|x64
		{78C72A42-ACD8-458C-91BE-902ED2905847}.Debug|x64.Build.0 = Debug|x64
		{78C72A42-ACD8-458C-91BE-902ED2905847}.Debug|x86.ActiveCfg = Debug|Win32
		{78C72A42-ACD8-458C-91BE-902ED2905847}.Debug|x86.Build.0 = Debug|Win32
		{78C72A42-ACD8-458C-91BE-902ED2905847}.Release|x64.ActiveCfg = Release|x64
		{78C72A42-ACD8-458C-91BE-902ED2905847}.Release|x64.Build.0 = Release|x64
		{78C72A42-ACD8-458C-91BE-902ED2905847}.Release|x86.ActiveCfg = Release|Win32
		{78C72A42-ACD8-458C-91BE-902ED2905847}.Release|x86.Build.0 = Release|Win32
		{8442CC4A-9476-44D9-82BE-67A3F9A997EF}.Debug|x64.ActiveCfg = Debug|x64
		{8442CC4A-9476-44D9-82BE-67A3F9A997EF}.Debug|x64.Build.0 = Debug|x64
		{8442CC4A-9476-44D9-82BE-67A3F9A997EF}.Debug|x86.ActiveCfg = Debug|Win32
		{8442CC4A-9476-44D9-82BE-67A3F9A997EF}.Debug|x86.Build.0 = Debug|Win32
		{8442CC4A-9476-44D9-82BE-67A3F9A997EF}.Release|x64.ActiveCfg = Release|x64
		{8442CC4A-9476-44D9-82BE-67A3F9A997EF}.Release|x64.Build.0 = Release|x64
		{8442CC4A-9476-44D9-82BE-67A3F9A997EF}.Release|x86.ActiveCfg = Release|Win32
		{8442CC4A-9476-44D9-82BE-67A3F9A997EF}.Release|x86.Build.0 = Release|Win32
		{8375487F-E8A7-48A7-8E84-8C51BD1E96FD}.Debug|x64.ActiveCfg = Debug|x64
		{8375487F-E8A7-48A7-8E84-8C51BD1E96FD}.Debug|x64.Build.0 = Debug|x64
		{8375487F-E8A7-48A7-8E84-8C51BD1E96FD}.Debug|x86.ActiveCfg = Debug|Win32
		{8375487F-E8A7-48A7-8E84-8C51BD1E96FD}.Debug|x86.Build.0 = Debug|Win32
		{8375487F-E8A7-48A7-8E84-8C51BD1E96FD}.Release|x64.ActiveCfg = Release|x64
		{8375487F-E8A7-48A7-8E84-8C51BD1E96FD}.Release|x64.Build.0 = Release|x64
		{8375487F-E8A7-48A7-8E84-8C51BD1E96FD}.Release|x86.ActiveCfg = Release|Win32
		{8375487F-E8A7-48A7-8E84-8C51BD1E96FD}.Release|x86.Build.0 = Release|Win32
		{D2015A4B-7F56-4354-8A4B-69960A544E2A}.Debug|x64.ActiveCfg = Debug|x64
		{D2015A4B-7F56-4354-8A4B-69960A544E2A}.Debug|x64.Build.0 = Debug|x64
		{D2015A4B-7F56-4354-8A4B-69960A544E2A}.Debug|x86.ActiveCfg = Debug|Win32
		{D2015A4B-7F56-4354-8A4B-69960A544E2A}.Debug|x86.Build.0 = Debug|Win32
		{D2015A4B-7F56-4354-8A4B-69960A544E2A}.Release|x64.ActiveCfg = Release|x64
		{D2015A4B-7F56-4354-8A4B-69960A544E2A}.Release|x64.Build.0 = Release|x64
		{D2015A4B-7F56-4354-8A4B-69960A544E2A}.Release|x86.ActiveCfg = Release|Win32
		{D2015A4B-7F56-4354-8A4B-69960A544E2A}.Release|x86.Build.0 = Release|Win32
		{879002C2-A0EC-49FF-9826-25B28E1C8400}.Debug|x64.ActiveCfg = Debug|x64
		{879002C2-A0EC-49FF-9826-25B28E1C8400}.Debug|x64.Build.0 = Debug|x64
		{879002C2-A0EC-49FF-9826-25B28E1C8400}.Debug|x86.ActiveCfg = Debug|Win32
		{879002C2-A0EC-49FF-9826-25B28E1C8400}.Debug|x86.Build.0 = Debug|Win32
		{879002C2-A0EC-49FF-9826-25B28E1C8400}.Release|x64.ActiveCfg = Release|x64
		{879002C2-A0EC-49FF-9826-25B28E1C8400}.Release|x64.Build.0 = Release|x64
		{879002C2-A0EC-49FF-9826-25B28E1C8400}.Release|x86.ActiveCfg = Release|Win32
		{879002C2-A0EC-49FF-9826-25B28E1C8400}.Release|x86.Build.0 = Release|Win32
		{3A05AC42-CAF2-4544-AE2B-1495583C624D}.Debug|x64.ActiveCfg = Debug|x64
		{3A05AC42-CAF2-4544-AE2B-1495583C624D}.Debug|x64.Build.0 = Debug|x64
		{3A05AC42-CAF2-4544-AE2B-1495583C624D}.Debug|x86.ActiveCfg = Debug|Win32
		{3A05AC42-CAF2-4544-AE2B-1495583C624D}.Debug|x86.Build.0 = Debug|Win32
		{3A05AC42-CAF2-4544-AE2B-1495583C624D}.Release|x64.ActiveCfg = Release|x64
		{3A05AC42-CAF2-4544-AE2B-1495583C624D}.Release|x64.Build.0 = Release|x64
		{3A05AC42-CAF2-4544-AE2B-1495583C624D}.Release|x86.ActiveCfg = Release|Win32
		{3A05AC42-CAF2-4544-AE2B-1495583C624D}.Release|x86.Build.0 = Release|Win32
		{DF8D30FA-843F-4B8E-9135-59C704B95E6D}.Debug|x64.ActiveCfg = Debug|x64
		{DF8D30FA-843F-4B8E-9135-59C704B95E6D}.Debug|x64.Build.0 = Debug|x64
		{DF8D30FA-843F-4B8E-9135-59C704B95E6D}.Debug|x86.ActiveCfg = Debug|Win32
		{DF8D30FA-843F-4B8E-9135-59C704B95E6D}.Debug|x86.Build.0 = Debug|Win32
		{DF8D30FA-843F-4B8E-9135-59C704B95E6D}.Release|x64.ActiveCfg = Release|x64
		{DF8D30FA-843F-4B8E-9135-59C704B95E6D}.Release|x64.Build.0 = Release|x64
		{DF8D30FA-843F-4B8E-9135-59C704B95E6D}.Release|x86.ActiveCfg = Release|Win32
		{DF8D30FA-843F-4B8E-9135-59C704B95E6D}.Release|x86.Build.0 = Release|Win32
		{F67828F8-6743-4F88-A98C-8AA192E20CE0}.Debug|x64.ActiveCfg = Debug|x64
		{F67828F8-6743-4F88-A98C-8AA192E20CE0}.Debug|x64.Build.0 = Debug|x64
		{F67828F8-6743-4F88-A98C-8AA192E20CE0}.Debug|x86.ActiveCfg = Debug|Win32
		{F67828F8-6743-4F88-A98C-8AA192E20CE0}.Debug|x86.Build.0 = Debug|Win32
		{F67828F8-6743-4F88-A98C-8AA192E20CE0}.Release|x64.ActiveCfg = Release|x64
		{F67828F8-6743-4F88-A98C-8AA192E20CE0}.Release|x64.Build.0 = Release|x64
		{F67828F8-6743-4F88-A98C-8AA192E20CE0}.Release|x86.ActiveCfg = Release|Win32
		{F67828F8-6743-4F88-A98C-8AA192E20CE0}.Release|x86.Build.0 = Release|Win32
		{E0276CCF-CA9A-45BC-9FEC-720DA59DDBEE}.Debug|x64.ActiveCfg = Debug|x64
		{E0276CCF-CA9A-45BC-9FEC-720DA59DDBEE}.Debug|x64.Build.0 = Debug|x64
		{E0276CCF-CA9A-45BC-9FEC-720DA59DDBEE}.Debug|x86.ActiveCfg = Debug|Win32
		{E0276CCF-CA9A-45BC-9FEC-720DA59DDBEE}.Debug|x86.Build.0 = Debug|Win32
		{E0276CCF-CA9A-45BC-9FEC-720DA59DDBEE}.Release|x64.ActiveCfg = Release|x64
		{E0276CCF-CA9A-45BC-9FEC-720DA59DDBEE}.Release|x64.Build.0 = Release|x64
		{E0276CCF-CA9A-45BC-9FEC-720DA59DDBEE}.Release|x86.ActiveCfg = Release|Win32
		{E0276CCF-CA9A-45BC-9FEC-720DA59DDBEE}.Release|x86.Build.0 = Release|Win32
		{7735DB8B-BC3F-4A1A-B223-D133785302B3}.Debug|x64.ActiveCfg = Debug|x64
		{7735DB8B-BC3F-4A1A-B223-D133785302B3}.Debug|x64.Build.0 = Debug|x64
		{7735DB8B-BC3F-4A1A-B223-D133785302B3}.Debug|x86.ActiveCfg = Debug|Win32
		{7735DB8B-BC3F-4A1A-B223-D133785302B3}.Debug|x86.Build.0 = Debug|Win32
		{7735DB8B-BC3F-4A1A-B223-D133785302B3}.Release|x64.ActiveCfg = Release|x64
		{7735DB8B-BC3F-4A1A-B223-D133785302B3}.Release|x64.Build.0 = Release|x64
		{7735DB8B-BC3F-4A1A-B223-D133785302B3}.Release|x86.ActiveCfg = Release|Win32
		{7735DB8B-BC3F-4A1A-B223-D133785302B3}.Release|x86.Build.0 = Release|Win32
	EndGlobalSection
	GlobalSection(SolutionProperties) = preSolution
		HideSolutionNode = FALSE
	EndGlobalSection
	GlobalSection(ExtensibilityGlobals) = postSolution
		SolutionGuid = {B0F2AFBC-E150-4B83-91DC-A940D7E09D95}
	EndGlobalSection
EndGlobal
